// !$*UTF8*$!
{
	archiveVersion = 1;
	classes = {
	};
	objectVersion = 46;
	objects = {

/* Begin PBXBuildFile section */
		087D7F8D163C105500A392DE /* Splashscreen-568h@2x.png in Resources */ = {isa = PBXBuildFile; fileRef = 087D7F8C163C105500A392DE /* Splashscreen-568h@2x.png */; };
		49EB2B2B15430EF400BE61F1 /* UIKit.framework in Frameworks */ = {isa = PBXBuildFile; fileRef = 49EB2B2A15430EF400BE61F1 /* UIKit.framework */; };
		49EB2B2D15430EF400BE61F1 /* Foundation.framework in Frameworks */ = {isa = PBXBuildFile; fileRef = 49EB2B2C15430EF400BE61F1 /* Foundation.framework */; };
		49EB2B2F15430EF400BE61F1 /* CoreGraphics.framework in Frameworks */ = {isa = PBXBuildFile; fileRef = 49EB2B2E15430EF400BE61F1 /* CoreGraphics.framework */; };
		49EB2B3515430EF400BE61F1 /* InfoPlist.strings in Resources */ = {isa = PBXBuildFile; fileRef = 49EB2B3315430EF400BE61F1 /* InfoPlist.strings */; };
		49EB2B3715430EF400BE61F1 /* main.m in Sources */ = {isa = PBXBuildFile; fileRef = 49EB2B3615430EF400BE61F1 /* main.m */; };
		49EB2B3B15430EF400BE61F1 /* AppDelegate.m in Sources */ = {isa = PBXBuildFile; fileRef = 49EB2B3A15430EF400BE61F1 /* AppDelegate.m */; };
		49EB2B3E15430EF400BE61F1 /* MainStoryboard.storyboard in Resources */ = {isa = PBXBuildFile; fileRef = 49EB2B3C15430EF400BE61F1 /* MainStoryboard.storyboard */; };
		49EB2B4115430EF400BE61F1 /* ViewController.m in Sources */ = {isa = PBXBuildFile; fileRef = 49EB2B4015430EF400BE61F1 /* ViewController.m */; };
/* End PBXBuildFile section */

/* Begin PBXFileReference section */
		087D7F8C163C105500A392DE /* Splashscreen-568h@2x.png */ = {isa = PBXFileReference; lastKnownFileType = image.png; name = "Splashscreen-568h@2x.png"; path = "../../../Splashscreen-568h@2x.png"; sourceTree = "<group>"; };
		49EB2B2615430EF400BE61F1 /* socialiPhoneApp.app */ = {isa = PBXFileReference; explicitFileType = wrapper.application; includeInIndex = 0; path = socialiPhoneApp.app; sourceTree = BUILT_PRODUCTS_DIR; };
		49EB2B2A15430EF400BE61F1 /* UIKit.framework */ = {isa = PBXFileReference; lastKnownFileType = wrapper.framework; name = UIKit.framework; path = System/Library/Frameworks/UIKit.framework; sourceTree = SDKROOT; };
		49EB2B2C15430EF400BE61F1 /* Foundation.framework */ = {isa = PBXFileReference; lastKnownFileType = wrapper.framework; name = Foundation.framework; path = System/Library/Frameworks/Foundation.framework; sourceTree = SDKROOT; };
		49EB2B2E15430EF400BE61F1 /* CoreGraphics.framework */ = {isa = PBXFileReference; lastKnownFileType = wrapper.framework; name = CoreGraphics.framework; path = System/Library/Frameworks/CoreGraphics.framework; sourceTree = SDKROOT; };
		49EB2B3215430EF400BE61F1 /* socialiPhoneApp-Info.plist */ = {isa = PBXFileReference; lastKnownFileType = text.plist.xml; path = "socialiPhoneApp-Info.plist"; sourceTree = "<group>"; };
		49EB2B3415430EF400BE61F1 /* en */ = {isa = PBXFileReference; lastKnownFileType = text.plist.strings; name = en; path = en.lproj/InfoPlist.strings; sourceTree = "<group>"; };
		49EB2B3615430EF400BE61F1 /* main.m */ = {isa = PBXFileReference; lastKnownFileType = sourcecode.c.objc; path = main.m; sourceTree = "<group>"; };
		49EB2B3815430EF400BE61F1 /* socialiPhoneApp-Prefix.pch */ = {isa = PBXFileReference; lastKnownFileType = sourcecode.c.h; path = "socialiPhoneApp-Prefix.pch"; sourceTree = "<group>"; };
		49EB2B3915430EF400BE61F1 /* AppDelegate.h */ = {isa = PBXFileReference; lastKnownFileType = sourcecode.c.h; path = AppDelegate.h; sourceTree = "<group>"; };
		49EB2B3A15430EF400BE61F1 /* AppDelegate.m */ = {isa = PBXFileReference; lastKnownFileType = sourcecode.c.objc; path = AppDelegate.m; sourceTree = "<group>"; };
		49EB2B3D15430EF400BE61F1 /* en */ = {isa = PBXFileReference; lastKnownFileType = file.storyboard; name = en; path = en.lproj/MainStoryboard.storyboard; sourceTree = "<group>"; };
		49EB2B3F15430EF400BE61F1 /* ViewController.h */ = {isa = PBXFileReference; lastKnownFileType = sourcecode.c.h; path = ViewController.h; sourceTree = "<group>"; };
		49EB2B4015430EF400BE61F1 /* ViewController.m */ = {isa = PBXFileReference; lastKnownFileType = sourcecode.c.objc; path = ViewController.m; sourceTree = "<group>"; };
/* End PBXFileReference section */

/* Begin PBXFrameworksBuildPhase section */
		49EB2B2315430EF400BE61F1 /* Frameworks */ = {
			isa = PBXFrameworksBuildPhase;
			buildActionMask = 2147483647;
			files = (
				49EB2B2B15430EF400BE61F1 /* UIKit.framework in Frameworks */,
				49EB2B2D15430EF400BE61F1 /* Foundation.framework in Frameworks */,
				49EB2B2F15430EF400BE61F1 /* CoreGraphics.framework in Frameworks */,
			);
			runOnlyForDeploymentPostprocessing = 0;
		};
/* End PBXFrameworksBuildPhase section */

/* Begin PBXGroup section */
		087D7F85163C0E5700A392DE /* Ressources */ = {
			isa = PBXGroup;
			children = (
				087D7F86163C0E5700A392DE /* Images */,
			);
			path = Ressources;
			sourceTree = "<group>";
		};
		087D7F86163C0E5700A392DE /* Images */ = {
			isa = PBXGroup;
			children = (
				087D7F8C163C105500A392DE /* Splashscreen-568h@2x.png */,
			);
			path = Images;
			sourceTree = "<group>";
		};
		49EB2B1B15430EF400BE61F1 = {
			isa = PBXGroup;
			children = (
				49EB2B3015430EF400BE61F1 /* socialiPhoneApp */,
				49EB2B2915430EF400BE61F1 /* Frameworks */,
				49EB2B2715430EF400BE61F1 /* Products */,
			);
			sourceTree = "<group>";
		};
		49EB2B2715430EF400BE61F1 /* Products */ = {
			isa = PBXGroup;
			children = (
				49EB2B2615430EF400BE61F1 /* socialiPhoneApp.app */,
			);
			name = Products;
			sourceTree = "<group>";
		};
		49EB2B2915430EF400BE61F1 /* Frameworks */ = {
			isa = PBXGroup;
			children = (
				49EB2B2A15430EF400BE61F1 /* UIKit.framework */,
				49EB2B2C15430EF400BE61F1 /* Foundation.framework */,
				49EB2B2E15430EF400BE61F1 /* CoreGraphics.framework */,
			);
			name = Frameworks;
			sourceTree = "<group>";
		};
		49EB2B3015430EF400BE61F1 /* socialiPhoneApp */ = {
			isa = PBXGroup;
			children = (
				49EB2B3915430EF400BE61F1 /* AppDelegate.h */,
				49EB2B3A15430EF400BE61F1 /* AppDelegate.m */,
				49EB2B3C15430EF400BE61F1 /* MainStoryboard.storyboard */,
				49EB2B3F15430EF400BE61F1 /* ViewController.h */,
				49EB2B4015430EF400BE61F1 /* ViewController.m */,
				087D7F85163C0E5700A392DE /* Ressources */,
				49EB2B3115430EF400BE61F1 /* Supporting Files */,
			);
			path = socialiPhoneApp;
			sourceTree = "<group>";
		};
		49EB2B3115430EF400BE61F1 /* Supporting Files */ = {
			isa = PBXGroup;
			children = (
				49EB2B3215430EF400BE61F1 /* socialiPhoneApp-Info.plist */,
				49EB2B3315430EF400BE61F1 /* InfoPlist.strings */,
				49EB2B3615430EF400BE61F1 /* main.m */,
				49EB2B3815430EF400BE61F1 /* socialiPhoneApp-Prefix.pch */,
			);
			name = "Supporting Files";
			sourceTree = "<group>";
		};
/* End PBXGroup section */

/* Begin PBXNativeTarget section */
		49EB2B2515430EF400BE61F1 /* socialiPhoneApp */ = {
			isa = PBXNativeTarget;
			buildConfigurationList = 49EB2B4415430EF400BE61F1 /* Build configuration list for PBXNativeTarget "socialiPhoneApp" */;
			buildPhases = (
				49EB2B2215430EF400BE61F1 /* Sources */,
				49EB2B2315430EF400BE61F1 /* Frameworks */,
				49EB2B2415430EF400BE61F1 /* Resources */,
			);
			buildRules = (
			);
			dependencies = (
			);
			name = socialiPhoneApp;
			productName = socialiPhoneApp;
			productReference = 49EB2B2615430EF400BE61F1 /* socialiPhoneApp.app */;
			productType = "com.apple.product-type.application";
		};
/* End PBXNativeTarget section */

/* Begin PBXProject section */
		49EB2B1D15430EF400BE61F1 /* Project object */ = {
			isa = PBXProject;
			attributes = {
				LastUpgradeCheck = 0430;
				ORGANIZATIONNAME = "greenbytes GmbH";
			};
			buildConfigurationList = 49EB2B2015430EF400BE61F1 /* Build configuration list for PBXProject "socialiPhoneApp" */;
			compatibilityVersion = "Xcode 3.2";
			developmentRegion = English;
			hasScannedForEncodings = 0;
			knownRegions = (
				en,
			);
			mainGroup = 49EB2B1B15430EF400BE61F1;
			productRefGroup = 49EB2B2715430EF400BE61F1 /* Products */;
			projectDirPath = "";
			projectRoot = "";
			targets = (
				49EB2B2515430EF400BE61F1 /* socialiPhoneApp */,
			);
		};
/* End PBXProject section */

/* Begin PBXResourcesBuildPhase section */
		49EB2B2415430EF400BE61F1 /* Resources */ = {
			isa = PBXResourcesBuildPhase;
			buildActionMask = 2147483647;
			files = (
				49EB2B3515430EF400BE61F1 /* InfoPlist.strings in Resources */,
				49EB2B3E15430EF400BE61F1 /* MainStoryboard.storyboard in Resources */,
				087D7F8D163C105500A392DE /* Splashscreen-568h@2x.png in Resources */,
			);
			runOnlyForDeploymentPostprocessing = 0;
		};
/* End PBXResourcesBuildPhase section */

/* Begin PBXSourcesBuildPhase section */
		49EB2B2215430EF400BE61F1 /* Sources */ = {
			isa = PBXSourcesBuildPhase;
			buildActionMask = 2147483647;
			files = (
				49EB2B3715430EF400BE61F1 /* main.m in Sources */,
				49EB2B3B15430EF400BE61F1 /* AppDelegate.m in Sources */,
				49EB2B4115430EF400BE61F1 /* ViewController.m in Sources */,
			);
			runOnlyForDeploymentPostprocessing = 0;
		};
/* End PBXSourcesBuildPhase section */

/* Begin PBXVariantGroup section */
		49EB2B3315430EF400BE61F1 /* InfoPlist.strings */ = {
			isa = PBXVariantGroup;
			children = (
				49EB2B3415430EF400BE61F1 /* en */,
			);
			name = InfoPlist.strings;
			sourceTree = "<group>";
		};
		49EB2B3C15430EF400BE61F1 /* MainStoryboard.storyboard */ = {
			isa = PBXVariantGroup;
			children = (
				49EB2B3D15430EF400BE61F1 /* en */,
			);
			name = MainStoryboard.storyboard;
			sourceTree = "<group>";
		};
/* End PBXVariantGroup section */

/* Begin XCBuildConfiguration section */
		49EB2B4215430EF400BE61F1 /* Debug */ = {
			isa = XCBuildConfiguration;
			buildSettings = {
				ALWAYS_SEARCH_USER_PATHS = NO;
				ARCHS = "$(ARCHS_STANDARD_32_BIT)";
				CLANG_ENABLE_OBJC_ARC = YES;
				"CODE_SIGN_IDENTITY[sdk=iphoneos*]" = "iPhone Developer";
				COPY_PHASE_STRIP = NO;
				GCC_C_LANGUAGE_STANDARD = gnu99;
				GCC_DYNAMIC_NO_PIC = NO;
				GCC_OPTIMIZATION_LEVEL = 0;
				GCC_PREPROCESSOR_DEFINITIONS = (
					"DEBUG=1",
					"$(inherited)",
				);
				GCC_SYMBOLS_PRIVATE_EXTERN = NO;
				GCC_VERSION = com.apple.compilers.llvm.clang.1_0;
				GCC_WARN_ABOUT_RETURN_TYPE = YES;
				GCC_WARN_UNINITIALIZED_AUTOS = YES;
				GCC_WARN_UNUSED_VARIABLE = YES;
				IPHONEOS_DEPLOYMENT_TARGET = 5.1;
				SDKROOT = iphoneos;
			};
			name = Debug;
		};
		49EB2B4315430EF400BE61F1 /* Release */ = {
			isa = XCBuildConfiguration;
			buildSettings = {
				ALWAYS_SEARCH_USER_PATHS = NO;
				ARCHS = "$(ARCHS_STANDARD_32_BIT)";
				CLANG_ENABLE_OBJC_ARC = YES;
				"CODE_SIGN_IDENTITY[sdk=iphoneos*]" = "iPhone Developer";
				COPY_PHASE_STRIP = YES;
				GCC_C_LANGUAGE_STANDARD = gnu99;
				GCC_VERSION = com.apple.compilers.llvm.clang.1_0;
				GCC_WARN_ABOUT_RETURN_TYPE = YES;
				GCC_WARN_UNINITIALIZED_AUTOS = YES;
				GCC_WARN_UNUSED_VARIABLE = YES;
				IPHONEOS_DEPLOYMENT_TARGET = 5.1;
				OTHER_CFLAGS = "-DNS_BLOCK_ASSERTIONS=1";
				SDKROOT = iphoneos;
				VALIDATE_PRODUCT = YES;
			};
			name = Release;
		};
		49EB2B4515430EF400BE61F1 /* Debug */ = {
			isa = XCBuildConfiguration;
			buildSettings = {
				GCC_PRECOMPILE_PREFIX_HEADER = YES;
				GCC_PREFIX_HEADER = "socialiPhoneApp/socialiPhoneApp-Prefix.pch";
				INFOPLIST_FILE = "socialiPhoneApp/socialiPhoneApp-Info.plist";
				IPHONEOS_DEPLOYMENT_TARGET = 6.0;
				PRODUCT_NAME = "$(TARGET_NAME)";
				TARGETED_DEVICE_FAMILY = "1,2";
				WRAPPER_EXTENSION = app;
			};
			name = Debug;
		};
		49EB2B4615430EF400BE61F1 /* Release */ = {
			isa = XCBuildConfiguration;
			buildSettings = {
				GCC_PRECOMPILE_PREFIX_HEADER = YES;
				GCC_PREFIX_HEADER = "socialiPhoneApp/socialiPhoneApp-Prefix.pch";
				INFOPLIST_FILE = "socialiPhoneApp/socialiPhoneApp-Info.plist";
				IPHONEOS_DEPLOYMENT_TARGET = 6.0;
				PRODUCT_NAME = "$(TARGET_NAME)";
				TARGETED_DEVICE_FAMILY = "1,2";
				WRAPPER_EXTENSION = app;
			};
			name = Release;
		};
/* End XCBuildConfiguration section */

/* Begin XCConfigurationList section */
		49EB2B2015430EF400BE61F1 /* Build configuration list for PBXProject "socialiPhoneApp" */ = {
			isa = XCConfigurationList;
			buildConfigurations = (
				49EB2B4215430EF400BE61F1 /* Debug */,
				49EB2B4315430EF400BE61F1 /* Release */,
			);
			defaultConfigurationIsVisible = 0;
			defaultConfigurationName = Release;
		};
		49EB2B4415430EF400BE61F1 /* Build configuration list for PBXNativeTarget "socialiPhoneApp" */ = {
			isa = XCConfigurationList;
			buildConfigurations = (
				49EB2B4515430EF400BE61F1 /* Debug */,
				49EB2B4615430EF400BE61F1 /* Release */,
			);
			defaultConfigurationIsVisible = 0;
			defaultConfigurationName = Release;
		};
/* End XCConfigurationList section */
	};
	rootObject = 49EB2B1D15430EF400BE61F1 /* Project object */;
}
