// !$*UTF8*$!
{
	archiveVersion = 1;
	classes = {
	};
	objectVersion = 46;
	objects = {

/* Begin PBXAggregateTarget section */
		49D604C616D4281D0006BB95 /* Documentation */ = {
			isa = PBXAggregateTarget;
			buildConfigurationList = 49D604C916D4281D0006BB95 /* Build configuration list for PBXAggregateTarget "Documentation" */;
			buildPhases = (
				49D604CA16D428270006BB95 /* ShellScript */,
			);
			dependencies = (
			);
			name = Documentation;
			productName = Documentation;
		};
/* End PBXAggregateTarget section */

/* Begin PBXBuildFile section */
		08110B7616D3A7B3003676D2 /* ILCommentComposeViewController.m in Sources */ = {isa = PBXBuildFile; fileRef = 083B9C4616D38D93000BA05E /* ILCommentComposeViewController.m */; };
		08110B7716D3A7B3003676D2 /* ILCommentBodyCell.m in Sources */ = {isa = PBXBuildFile; fileRef = 083B9C4416D38D93000BA05E /* ILCommentBodyCell.m */; };
		0831082916B547A600FDC40A /* XMPPCoreDataStorage.m in Sources */ = {isa = PBXBuildFile; fileRef = 0831082716B547A600FDC40A /* XMPPCoreDataStorage.m */; settings = {COMPILER_FLAGS = "-w"; }; };
		0831082D16B5483900FDC40A /* XMPPElement+Delay.m in Sources */ = {isa = PBXBuildFile; fileRef = 0831082C16B5483900FDC40A /* XMPPElement+Delay.m */; };
		0831083316B5486A00FDC40A /* NSDate+XMPPDateTimeProfiles.m in Sources */ = {isa = PBXBuildFile; fileRef = 0831083016B5486A00FDC40A /* NSDate+XMPPDateTimeProfiles.m */; };
		0831083416B5486A00FDC40A /* XMPPDateTimeProfiles.m in Sources */ = {isa = PBXBuildFile; fileRef = 0831083216B5486A00FDC40A /* XMPPDateTimeProfiles.m */; };
		0831083716B54CB300FDC40A /* CoreData.framework in Frameworks */ = {isa = PBXBuildFile; fileRef = 0831083616B54CB300FDC40A /* CoreData.framework */; };
		083B9C3116D2D523000BA05E /* PLEvent.m in Sources */ = {isa = PBXBuildFile; fileRef = 083B9C3016D2D522000BA05E /* PLEvent.m */; };
		083B9C4916D38DC7000BA05E /* ILCommentEventCell.m in Sources */ = {isa = PBXBuildFile; fileRef = 083B9C4816D38DC6000BA05E /* ILCommentEventCell.m */; };
		083B9C5116D39786000BA05E /* ILTimelineViewController.m in Sources */ = {isa = PBXBuildFile; fileRef = 083B9C5016D39786000BA05E /* ILTimelineViewController.m */; };
		083B9C5516D397D0000BA05E /* ILRosterViewController.m in Sources */ = {isa = PBXBuildFile; fileRef = 083B9C5416D397D0000BA05E /* ILRosterViewController.m */; };
		083B9C6916D39C79000BA05E /* MLCommentCoreDataStorageObject.m in Sources */ = {isa = PBXBuildFile; fileRef = 083B9C5C16D39C79000BA05E /* MLCommentCoreDataStorageObject.m */; };
		083B9C6A16D39C79000BA05E /* MLEvent.xcdatamodeld in Sources */ = {isa = PBXBuildFile; fileRef = 083B9C5D16D39C79000BA05E /* MLEvent.xcdatamodeld */; };
		083B9C6B16D39C79000BA05E /* MLEventCoreDataStorage.m in Sources */ = {isa = PBXBuildFile; fileRef = 083B9C6016D39C79000BA05E /* MLEventCoreDataStorage.m */; };
		083B9C6C16D39C79000BA05E /* MLEventCoreDataStorageObject.m in Sources */ = {isa = PBXBuildFile; fileRef = 083B9C6216D39C79000BA05E /* MLEventCoreDataStorageObject.m */; };
		083B9C6D16D39C79000BA05E /* MLImageCoreDataStorageObject.m in Sources */ = {isa = PBXBuildFile; fileRef = 083B9C6416D39C79000BA05E /* MLImageCoreDataStorageObject.m */; };
		083B9C6E16D39C79000BA05E /* MLModuleDataCoreDataStorageObject.m in Sources */ = {isa = PBXBuildFile; fileRef = 083B9C6616D39C79000BA05E /* MLModuleDataCoreDataStorageObject.m */; };
		083B9C6F16D39C79000BA05E /* MLUserCoreDataStorageObject.m in Sources */ = {isa = PBXBuildFile; fileRef = 083B9C6816D39C79000BA05E /* MLUserCoreDataStorageObject.m */; };
		083B9C7216D39E51000BA05E /* ILRecipientsViewController.m in Sources */ = {isa = PBXBuildFile; fileRef = 083B9C7116D39E51000BA05E /* ILRecipientsViewController.m */; };
		083B9C7616D3A379000BA05E /* CLRosterController.m in Sources */ = {isa = PBXBuildFile; fileRef = 083B9C7516D3A379000BA05E /* CLRosterController.m */; };
		086B2E8516A604FA003EDEE7 /* Default-568h@2x.png in Resources */ = {isa = PBXBuildFile; fileRef = 086B2E8216A604FA003EDEE7 /* Default-568h@2x.png */; };
		086B2E8616A604FA003EDEE7 /* Default.png in Resources */ = {isa = PBXBuildFile; fileRef = 086B2E8316A604FA003EDEE7 /* Default.png */; };
		086B2E8716A604FA003EDEE7 /* Default@2x.png in Resources */ = {isa = PBXBuildFile; fileRef = 086B2E8416A604FA003EDEE7 /* Default@2x.png */; };
		086B2E8916A6064F003EDEE7 /* libresolv.dylib in Frameworks */ = {isa = PBXBuildFile; fileRef = 086B2E8816A6064F003EDEE7 /* libresolv.dylib */; };
		086B2E8B16A60656003EDEE7 /* Security.framework in Frameworks */ = {isa = PBXBuildFile; fileRef = 086B2E8A16A60656003EDEE7 /* Security.framework */; };
		086B2E8D16A60660003EDEE7 /* CFNetwork.framework in Frameworks */ = {isa = PBXBuildFile; fileRef = 086B2E8C16A60660003EDEE7 /* CFNetwork.framework */; };
		086B2E9116A606F8003EDEE7 /* GCDAsyncSocket.m in Sources */ = {isa = PBXBuildFile; fileRef = 086B2E9016A606F8003EDEE7 /* GCDAsyncSocket.m */; settings = {COMPILER_FLAGS = "-w"; }; };
		086B2EA316A6073D003EDEE7 /* DDAbstractDatabaseLogger.m in Sources */ = {isa = PBXBuildFile; fileRef = 086B2E9416A6073D003EDEE7 /* DDAbstractDatabaseLogger.m */; settings = {COMPILER_FLAGS = "-w"; }; };
		086B2EA416A6073D003EDEE7 /* DDASLLogger.m in Sources */ = {isa = PBXBuildFile; fileRef = 086B2E9616A6073D003EDEE7 /* DDASLLogger.m */; settings = {COMPILER_FLAGS = "-w"; }; };
		086B2EA516A6073D003EDEE7 /* DDFileLogger.m in Sources */ = {isa = PBXBuildFile; fileRef = 086B2E9816A6073D003EDEE7 /* DDFileLogger.m */; settings = {COMPILER_FLAGS = "-w"; }; };
		086B2EA616A6073D003EDEE7 /* DDLog.m in Sources */ = {isa = PBXBuildFile; fileRef = 086B2E9A16A6073D003EDEE7 /* DDLog.m */; settings = {COMPILER_FLAGS = "-w"; }; };
		086B2EA716A6073D003EDEE7 /* DDTTYLogger.m in Sources */ = {isa = PBXBuildFile; fileRef = 086B2E9C16A6073D003EDEE7 /* DDTTYLogger.m */; settings = {COMPILER_FLAGS = "-w"; }; };
		086B2EA816A6073D003EDEE7 /* ContextFilterLogFormatter.m in Sources */ = {isa = PBXBuildFile; fileRef = 086B2E9F16A6073D003EDEE7 /* ContextFilterLogFormatter.m */; };
		086B2EA916A6073D003EDEE7 /* DispatchQueueLogFormatter.m in Sources */ = {isa = PBXBuildFile; fileRef = 086B2EA116A6073D003EDEE7 /* DispatchQueueLogFormatter.m */; };
		086B2EB816A60770003EDEE7 /* NSString+DDXML.m in Sources */ = {isa = PBXBuildFile; fileRef = 086B2EAE16A60770003EDEE7 /* NSString+DDXML.m */; };
		086B2EB916A60770003EDEE7 /* DDXMLDocument.m in Sources */ = {isa = PBXBuildFile; fileRef = 086B2EB116A60770003EDEE7 /* DDXMLDocument.m */; };
		086B2EBA16A60770003EDEE7 /* DDXMLElement.m in Sources */ = {isa = PBXBuildFile; fileRef = 086B2EB316A60770003EDEE7 /* DDXMLElement.m */; };
		086B2EBB16A60770003EDEE7 /* DDXMLNode.m in Sources */ = {isa = PBXBuildFile; fileRef = 086B2EB516A60770003EDEE7 /* DDXMLNode.m */; };
		086B2EC416A6088B003EDEE7 /* libidn.a in Frameworks */ = {isa = PBXBuildFile; fileRef = 086B2EC116A6088B003EDEE7 /* libidn.a */; };
		086B2F0216A608CE003EDEE7 /* XMPPAnonymousAuthentication.m in Sources */ = {isa = PBXBuildFile; fileRef = 086B2EC916A608CE003EDEE7 /* XMPPAnonymousAuthentication.m */; settings = {COMPILER_FLAGS = "-w"; }; };
		086B2F0316A608CE003EDEE7 /* XMPPDeprecatedDigestAuthentication.m in Sources */ = {isa = PBXBuildFile; fileRef = 086B2ECC16A608CE003EDEE7 /* XMPPDeprecatedDigestAuthentication.m */; settings = {COMPILER_FLAGS = "-w"; }; };
		086B2F0416A608CE003EDEE7 /* XMPPDeprecatedPlainAuthentication.m in Sources */ = {isa = PBXBuildFile; fileRef = 086B2ECF16A608CE003EDEE7 /* XMPPDeprecatedPlainAuthentication.m */; settings = {COMPILER_FLAGS = "-w"; }; };
		086B2F0516A608CE003EDEE7 /* XMPPDigestMD5Authentication.m in Sources */ = {isa = PBXBuildFile; fileRef = 086B2ED216A608CE003EDEE7 /* XMPPDigestMD5Authentication.m */; };
		086B2F0616A608CE003EDEE7 /* XMPPPlainAuthentication.m in Sources */ = {isa = PBXBuildFile; fileRef = 086B2ED516A608CE003EDEE7 /* XMPPPlainAuthentication.m */; };
		086B2F0716A608CE003EDEE7 /* XMPPXFacebookPlatformAuthentication.m in Sources */ = {isa = PBXBuildFile; fileRef = 086B2ED816A608CE003EDEE7 /* XMPPXFacebookPlatformAuthentication.m */; settings = {COMPILER_FLAGS = "-w"; }; };
		086B2F0816A608CE003EDEE7 /* NSData+XMPP.m in Sources */ = {isa = PBXBuildFile; fileRef = 086B2EDC16A608CE003EDEE7 /* NSData+XMPP.m */; };
		086B2F0916A608CE003EDEE7 /* NSNumber+XMPP.m in Sources */ = {isa = PBXBuildFile; fileRef = 086B2EDE16A608CE003EDEE7 /* NSNumber+XMPP.m */; };
		086B2F0A16A608CE003EDEE7 /* NSXMLElement+XMPP.m in Sources */ = {isa = PBXBuildFile; fileRef = 086B2EE016A608CE003EDEE7 /* NSXMLElement+XMPP.m */; };
		086B2F0B16A608CE003EDEE7 /* XMPPElement.m in Sources */ = {isa = PBXBuildFile; fileRef = 086B2EE416A608CE003EDEE7 /* XMPPElement.m */; };
		086B2F0C16A608CE003EDEE7 /* XMPPIQ.m in Sources */ = {isa = PBXBuildFile; fileRef = 086B2EE716A608CE003EDEE7 /* XMPPIQ.m */; };
		086B2F0D16A608CE003EDEE7 /* XMPPJID.m in Sources */ = {isa = PBXBuildFile; fileRef = 086B2EE916A608CE003EDEE7 /* XMPPJID.m */; };
		086B2F0E16A608CE003EDEE7 /* XMPPMessage.m in Sources */ = {isa = PBXBuildFile; fileRef = 086B2EEC16A608CE003EDEE7 /* XMPPMessage.m */; };
		086B2F0F16A608CE003EDEE7 /* XMPPModule.m in Sources */ = {isa = PBXBuildFile; fileRef = 086B2EEE16A608CE003EDEE7 /* XMPPModule.m */; settings = {COMPILER_FLAGS = "-w"; }; };
		086B2F1016A608CE003EDEE7 /* XMPPParser.m in Sources */ = {isa = PBXBuildFile; fileRef = 086B2EF016A608CE003EDEE7 /* XMPPParser.m */; settings = {COMPILER_FLAGS = "-w"; }; };
		086B2F1116A608CE003EDEE7 /* XMPPPresence.m in Sources */ = {isa = PBXBuildFile; fileRef = 086B2EF216A608CE003EDEE7 /* XMPPPresence.m */; };
		086B2F1216A608CE003EDEE7 /* XMPPStream.m in Sources */ = {isa = PBXBuildFile; fileRef = 086B2EF416A608CE003EDEE7 /* XMPPStream.m */; settings = {COMPILER_FLAGS = "-w"; }; };
		086B2F1316A608CE003EDEE7 /* DDList.m in Sources */ = {isa = PBXBuildFile; fileRef = 086B2EF716A608CE003EDEE7 /* DDList.m */; };
		086B2F1416A608CE003EDEE7 /* GCDMulticastDelegate.m in Sources */ = {isa = PBXBuildFile; fileRef = 086B2EF916A608CE003EDEE7 /* GCDMulticastDelegate.m */; };
		086B2F1516A608CE003EDEE7 /* LibIDN.m in Sources */ = {isa = PBXBuildFile; fileRef = 086B2EFB16A608CE003EDEE7 /* LibIDN.m */; };
		086B2F1616A608CE003EDEE7 /* RFImageToDataTransformer.m in Sources */ = {isa = PBXBuildFile; fileRef = 086B2EFD16A608CE003EDEE7 /* RFImageToDataTransformer.m */; };
		086B2F1716A608CE003EDEE7 /* XMPPIDTracker.m in Sources */ = {isa = PBXBuildFile; fileRef = 086B2EFF16A608CE003EDEE7 /* XMPPIDTracker.m */; settings = {COMPILER_FLAGS = "-w"; }; };
		086B2F1816A608CE003EDEE7 /* XMPPSRVResolver.m in Sources */ = {isa = PBXBuildFile; fileRef = 086B2F0116A608CE003EDEE7 /* XMPPSRVResolver.m */; settings = {COMPILER_FLAGS = "-w"; }; };
		08797BB116A74C40002E5173 /* XMPPReconnect.m in Sources */ = {isa = PBXBuildFile; fileRef = 08797BB016A74C40002E5173 /* XMPPReconnect.m */; settings = {COMPILER_FLAGS = "-w"; }; };
		08797BB416A7510D002E5173 /* SystemConfiguration.framework in Frameworks */ = {isa = PBXBuildFile; fileRef = 08797BB316A7510D002E5173 /* SystemConfiguration.framework */; };
		087F616516D3B22B001EEFDB /* ILAddRecipientsViewController.m in Sources */ = {isa = PBXBuildFile; fileRef = 087F616416D3B22B001EEFDB /* ILAddRecipientsViewController.m */; };
		087F616916D3BF74001EEFDB /* PLComment.m in Sources */ = {isa = PBXBuildFile; fileRef = 087F616816D3BF74001EEFDB /* PLComment.m */; };
		08D5524316C1B9AA00A62F6F /* CLXMPPController.m in Sources */ = {isa = PBXBuildFile; fileRef = 08D5520816C1B9AA00A62F6F /* CLXMPPController.m */; };
		08D5524416C1B9AA00A62F6F /* KeychainItemWrapper.m in Sources */ = {isa = PBXBuildFile; fileRef = 08D5520B16C1B9AA00A62F6F /* KeychainItemWrapper.m */; };
		08D5524516C1B9AA00A62F6F /* PreferencesController.m in Sources */ = {isa = PBXBuildFile; fileRef = 08D5520D16C1B9AA00A62F6F /* PreferencesController.m */; };
		08D5524616C1B9AA00A62F6F /* ILSettingsViewController.m in Sources */ = {isa = PBXBuildFile; fileRef = 08D5521016C1B9AA00A62F6F /* ILSettingsViewController.m */; };
		08D5524716C1B9AA00A62F6F /* MainStoryboard.storyboard in Resources */ = {isa = PBXBuildFile; fileRef = 08D5521116C1B9AA00A62F6F /* MainStoryboard.storyboard */; };
		08D5524816C1B9AA00A62F6F /* InfoPlist.strings in Resources */ = {isa = PBXBuildFile; fileRef = 08D5521316C1B9AA00A62F6F /* InfoPlist.strings */; };
		08D5524916C1B9AA00A62F6F /* Localizable.strings in Resources */ = {isa = PBXBuildFile; fileRef = 08D5521516C1B9AA00A62F6F /* Localizable.strings */; };
		08D5524A16C1B9AA00A62F6F /* MainStoryboard.strings in Resources */ = {isa = PBXBuildFile; fileRef = 08D5521716C1B9AA00A62F6F /* MainStoryboard.strings */; };
		08D5524D16C1B9AA00A62F6F /* XMPPGroupCoreDataStorageObject.m in Sources */ = {isa = PBXBuildFile; fileRef = 08D5522516C1B9AA00A62F6F /* XMPPGroupCoreDataStorageObject.m */; };
		08D5524E16C1B9AA00A62F6F /* XMPPResourceCoreDataStorageObject.m in Sources */ = {isa = PBXBuildFile; fileRef = 08D5522716C1B9AA00A62F6F /* XMPPResourceCoreDataStorageObject.m */; };
		08D5524F16C1B9AA00A62F6F /* XMPPRoster.xcdatamodel in Sources */ = {isa = PBXBuildFile; fileRef = 08D5522816C1B9AA00A62F6F /* XMPPRoster.xcdatamodel */; };
		08D5525016C1B9AA00A62F6F /* XMPPRosterCoreDataStorage.m in Sources */ = {isa = PBXBuildFile; fileRef = 08D5522A16C1B9AA00A62F6F /* XMPPRosterCoreDataStorage.m */; settings = {COMPILER_FLAGS = "-w"; }; };
		08D5525116C1B9AA00A62F6F /* XMPPUserCoreDataStorageObject.m in Sources */ = {isa = PBXBuildFile; fileRef = 08D5522C16C1B9AA00A62F6F /* XMPPUserCoreDataStorageObject.m */; };
		08D5525216C1B9AA00A62F6F /* XMPPResourceMemoryStorageObject.m in Sources */ = {isa = PBXBuildFile; fileRef = 08D5522F16C1B9AA00A62F6F /* XMPPResourceMemoryStorageObject.m */; };
		08D5525316C1B9AA00A62F6F /* XMPPRosterMemoryStorage.m in Sources */ = {isa = PBXBuildFile; fileRef = 08D5523116C1B9AA00A62F6F /* XMPPRosterMemoryStorage.m */; settings = {COMPILER_FLAGS = "-w"; }; };
		08D5525416C1B9AA00A62F6F /* XMPPUserMemoryStorageObject.m in Sources */ = {isa = PBXBuildFile; fileRef = 08D5523416C1B9AA00A62F6F /* XMPPUserMemoryStorageObject.m */; };
		08D5525516C1B9AA00A62F6F /* XMPPRoster.m in Sources */ = {isa = PBXBuildFile; fileRef = 08D5523716C1B9AA00A62F6F /* XMPPRoster.m */; settings = {COMPILER_FLAGS = "-w"; }; };
		08D5525616C1B9AA00A62F6F /* AppDelegate.m in Sources */ = {isa = PBXBuildFile; fileRef = 08D5523C16C1B9AA00A62F6F /* AppDelegate.m */; };
		08D5525716C1B9AA00A62F6F /* main.m in Sources */ = {isa = PBXBuildFile; fileRef = 08D5523D16C1B9AA00A62F6F /* main.m */; };
		08D5529216C28AD100A62F6F /* XMPPMessage+MLEvent.m in Sources */ = {isa = PBXBuildFile; fileRef = 08D5529116C28AD000A62F6F /* XMPPMessage+MLEvent.m */; };
		08D5529516C2974A00A62F6F /* CLModuleController.m in Sources */ = {isa = PBXBuildFile; fileRef = 08D5529416C2974A00A62F6F /* CLModuleController.m */; };
		49EB2B2B15430EF400BE61F1 /* UIKit.framework in Frameworks */ = {isa = PBXBuildFile; fileRef = 49EB2B2A15430EF400BE61F1 /* UIKit.framework */; };
		49EB2B2D15430EF400BE61F1 /* Foundation.framework in Frameworks */ = {isa = PBXBuildFile; fileRef = 49EB2B2C15430EF400BE61F1 /* Foundation.framework */; };
		49EB2B2F15430EF400BE61F1 /* CoreGraphics.framework in Frameworks */ = {isa = PBXBuildFile; fileRef = 49EB2B2E15430EF400BE61F1 /* CoreGraphics.framework */; };
/* End PBXBuildFile section */

/* Begin PBXFileReference section */
		0831082616B547A600FDC40A /* XMPPCoreDataStorage.h */ = {isa = PBXFileReference; fileEncoding = 4; lastKnownFileType = sourcecode.c.h; path = XMPPCoreDataStorage.h; sourceTree = "<group>"; };
		0831082716B547A600FDC40A /* XMPPCoreDataStorage.m */ = {isa = PBXFileReference; fileEncoding = 4; lastKnownFileType = sourcecode.c.objc; path = XMPPCoreDataStorage.m; sourceTree = "<group>"; };
		0831082816B547A600FDC40A /* XMPPCoreDataStorageProtected.h */ = {isa = PBXFileReference; fileEncoding = 4; lastKnownFileType = sourcecode.c.h; path = XMPPCoreDataStorageProtected.h; sourceTree = "<group>"; };
		0831082B16B5483900FDC40A /* XMPPElement+Delay.h */ = {isa = PBXFileReference; fileEncoding = 4; lastKnownFileType = sourcecode.c.h; path = "XMPPElement+Delay.h"; sourceTree = "<group>"; };
		0831082C16B5483900FDC40A /* XMPPElement+Delay.m */ = {isa = PBXFileReference; fileEncoding = 4; lastKnownFileType = sourcecode.c.objc; path = "XMPPElement+Delay.m"; sourceTree = "<group>"; };
		0831082F16B5486A00FDC40A /* NSDate+XMPPDateTimeProfiles.h */ = {isa = PBXFileReference; fileEncoding = 4; lastKnownFileType = sourcecode.c.h; path = "NSDate+XMPPDateTimeProfiles.h"; sourceTree = "<group>"; };
		0831083016B5486A00FDC40A /* NSDate+XMPPDateTimeProfiles.m */ = {isa = PBXFileReference; fileEncoding = 4; lastKnownFileType = sourcecode.c.objc; path = "NSDate+XMPPDateTimeProfiles.m"; sourceTree = "<group>"; };
		0831083116B5486A00FDC40A /* XMPPDateTimeProfiles.h */ = {isa = PBXFileReference; fileEncoding = 4; lastKnownFileType = sourcecode.c.h; path = XMPPDateTimeProfiles.h; sourceTree = "<group>"; };
		0831083216B5486A00FDC40A /* XMPPDateTimeProfiles.m */ = {isa = PBXFileReference; fileEncoding = 4; lastKnownFileType = sourcecode.c.objc; path = XMPPDateTimeProfiles.m; sourceTree = "<group>"; };
		0831083616B54CB300FDC40A /* CoreData.framework */ = {isa = PBXFileReference; lastKnownFileType = wrapper.framework; name = CoreData.framework; path = System/Library/Frameworks/CoreData.framework; sourceTree = SDKROOT; };
		083B9C2F16D2D521000BA05E /* PLEvent.h */ = {isa = PBXFileReference; fileEncoding = 4; lastKnownFileType = sourcecode.c.h; path = PLEvent.h; sourceTree = "<group>"; };
		083B9C3016D2D522000BA05E /* PLEvent.m */ = {isa = PBXFileReference; fileEncoding = 4; lastKnownFileType = sourcecode.c.objc; path = PLEvent.m; sourceTree = "<group>"; };
		083B9C4316D38D93000BA05E /* ILCommentBodyCell.h */ = {isa = PBXFileReference; lastKnownFileType = sourcecode.c.h; path = ILCommentBodyCell.h; sourceTree = "<group>"; };
		083B9C4416D38D93000BA05E /* ILCommentBodyCell.m */ = {isa = PBXFileReference; lastKnownFileType = sourcecode.c.objc; path = ILCommentBodyCell.m; sourceTree = "<group>"; };
		083B9C4516D38D93000BA05E /* ILCommentComposeViewController.h */ = {isa = PBXFileReference; lastKnownFileType = sourcecode.c.h; path = ILCommentComposeViewController.h; sourceTree = "<group>"; };
		083B9C4616D38D93000BA05E /* ILCommentComposeViewController.m */ = {isa = PBXFileReference; lastKnownFileType = sourcecode.c.objc; path = ILCommentComposeViewController.m; sourceTree = "<group>"; };
		083B9C4716D38DC6000BA05E /* ILCommentEventCell.h */ = {isa = PBXFileReference; fileEncoding = 4; lastKnownFileType = sourcecode.c.h; path = ILCommentEventCell.h; sourceTree = "<group>"; };
		083B9C4816D38DC6000BA05E /* ILCommentEventCell.m */ = {isa = PBXFileReference; fileEncoding = 4; lastKnownFileType = sourcecode.c.objc; path = ILCommentEventCell.m; sourceTree = "<group>"; };
		083B9C4F16D39786000BA05E /* ILTimelineViewController.h */ = {isa = PBXFileReference; fileEncoding = 4; lastKnownFileType = sourcecode.c.h; path = ILTimelineViewController.h; sourceTree = "<group>"; };
		083B9C5016D39786000BA05E /* ILTimelineViewController.m */ = {isa = PBXFileReference; fileEncoding = 4; lastKnownFileType = sourcecode.c.objc; path = ILTimelineViewController.m; sourceTree = "<group>"; };
		083B9C5316D397D0000BA05E /* ILRosterViewController.h */ = {isa = PBXFileReference; fileEncoding = 4; lastKnownFileType = sourcecode.c.h; path = ILRosterViewController.h; sourceTree = "<group>"; };
		083B9C5416D397D0000BA05E /* ILRosterViewController.m */ = {isa = PBXFileReference; fileEncoding = 4; lastKnownFileType = sourcecode.c.objc; path = ILRosterViewController.m; sourceTree = "<group>"; };
		083B9C5B16D39C79000BA05E /* MLCommentCoreDataStorageObject.h */ = {isa = PBXFileReference; fileEncoding = 4; lastKnownFileType = sourcecode.c.h; path = MLCommentCoreDataStorageObject.h; sourceTree = "<group>"; };
		083B9C5C16D39C79000BA05E /* MLCommentCoreDataStorageObject.m */ = {isa = PBXFileReference; fileEncoding = 4; lastKnownFileType = sourcecode.c.objc; path = MLCommentCoreDataStorageObject.m; sourceTree = "<group>"; };
		083B9C5E16D39C79000BA05E /* MLEvent.xcdatamodel */ = {isa = PBXFileReference; lastKnownFileType = wrapper.xcdatamodel; path = MLEvent.xcdatamodel; sourceTree = "<group>"; };
		083B9C5F16D39C79000BA05E /* MLEventCoreDataStorage.h */ = {isa = PBXFileReference; fileEncoding = 4; lastKnownFileType = sourcecode.c.h; path = MLEventCoreDataStorage.h; sourceTree = "<group>"; };
		083B9C6016D39C79000BA05E /* MLEventCoreDataStorage.m */ = {isa = PBXFileReference; fileEncoding = 4; lastKnownFileType = sourcecode.c.objc; path = MLEventCoreDataStorage.m; sourceTree = "<group>"; };
		083B9C6116D39C79000BA05E /* MLEventCoreDataStorageObject.h */ = {isa = PBXFileReference; fileEncoding = 4; lastKnownFileType = sourcecode.c.h; path = MLEventCoreDataStorageObject.h; sourceTree = "<group>"; };
		083B9C6216D39C79000BA05E /* MLEventCoreDataStorageObject.m */ = {isa = PBXFileReference; fileEncoding = 4; lastKnownFileType = sourcecode.c.objc; path = MLEventCoreDataStorageObject.m; sourceTree = "<group>"; };
		083B9C6316D39C79000BA05E /* MLImageCoreDataStorageObject.h */ = {isa = PBXFileReference; fileEncoding = 4; lastKnownFileType = sourcecode.c.h; path = MLImageCoreDataStorageObject.h; sourceTree = "<group>"; };
		083B9C6416D39C79000BA05E /* MLImageCoreDataStorageObject.m */ = {isa = PBXFileReference; fileEncoding = 4; lastKnownFileType = sourcecode.c.objc; path = MLImageCoreDataStorageObject.m; sourceTree = "<group>"; };
		083B9C6516D39C79000BA05E /* MLModuleDataCoreDataStorageObject.h */ = {isa = PBXFileReference; fileEncoding = 4; lastKnownFileType = sourcecode.c.h; path = MLModuleDataCoreDataStorageObject.h; sourceTree = "<group>"; };
		083B9C6616D39C79000BA05E /* MLModuleDataCoreDataStorageObject.m */ = {isa = PBXFileReference; fileEncoding = 4; lastKnownFileType = sourcecode.c.objc; path = MLModuleDataCoreDataStorageObject.m; sourceTree = "<group>"; };
		083B9C6716D39C79000BA05E /* MLUserCoreDataStorageObject.h */ = {isa = PBXFileReference; fileEncoding = 4; lastKnownFileType = sourcecode.c.h; path = MLUserCoreDataStorageObject.h; sourceTree = "<group>"; };
		083B9C6816D39C79000BA05E /* MLUserCoreDataStorageObject.m */ = {isa = PBXFileReference; fileEncoding = 4; lastKnownFileType = sourcecode.c.objc; path = MLUserCoreDataStorageObject.m; sourceTree = "<group>"; };
		083B9C7016D39E51000BA05E /* ILRecipientsViewController.h */ = {isa = PBXFileReference; fileEncoding = 4; lastKnownFileType = sourcecode.c.h; path = ILRecipientsViewController.h; sourceTree = "<group>"; };
		083B9C7116D39E51000BA05E /* ILRecipientsViewController.m */ = {isa = PBXFileReference; fileEncoding = 4; lastKnownFileType = sourcecode.c.objc; path = ILRecipientsViewController.m; sourceTree = "<group>"; };
		083B9C7416D3A379000BA05E /* CLRosterController.h */ = {isa = PBXFileReference; fileEncoding = 4; lastKnownFileType = sourcecode.c.h; path = CLRosterController.h; sourceTree = "<group>"; };
		083B9C7516D3A379000BA05E /* CLRosterController.m */ = {isa = PBXFileReference; fileEncoding = 4; lastKnownFileType = sourcecode.c.objc; path = CLRosterController.m; sourceTree = "<group>"; };
		086B2E8216A604FA003EDEE7 /* Default-568h@2x.png */ = {isa = PBXFileReference; lastKnownFileType = image.png; path = "Default-568h@2x.png"; sourceTree = "<group>"; };
		086B2E8316A604FA003EDEE7 /* Default.png */ = {isa = PBXFileReference; lastKnownFileType = image.png; path = Default.png; sourceTree = "<group>"; };
		086B2E8416A604FA003EDEE7 /* Default@2x.png */ = {isa = PBXFileReference; lastKnownFileType = image.png; path = "Default@2x.png"; sourceTree = "<group>"; };
		086B2E8816A6064F003EDEE7 /* libresolv.dylib */ = {isa = PBXFileReference; lastKnownFileType = "compiled.mach-o.dylib"; name = libresolv.dylib; path = usr/lib/libresolv.dylib; sourceTree = SDKROOT; };
		086B2E8A16A60656003EDEE7 /* Security.framework */ = {isa = PBXFileReference; lastKnownFileType = wrapper.framework; name = Security.framework; path = System/Library/Frameworks/Security.framework; sourceTree = SDKROOT; };
		086B2E8C16A60660003EDEE7 /* CFNetwork.framework */ = {isa = PBXFileReference; lastKnownFileType = wrapper.framework; name = CFNetwork.framework; path = System/Library/Frameworks/CFNetwork.framework; sourceTree = SDKROOT; };
		086B2E8F16A606F8003EDEE7 /* GCDAsyncSocket.h */ = {isa = PBXFileReference; fileEncoding = 4; lastKnownFileType = sourcecode.c.h; path = GCDAsyncSocket.h; sourceTree = "<group>"; };
		086B2E9016A606F8003EDEE7 /* GCDAsyncSocket.m */ = {isa = PBXFileReference; fileEncoding = 4; lastKnownFileType = sourcecode.c.objc; path = GCDAsyncSocket.m; sourceTree = "<group>"; };
		086B2E9316A6073D003EDEE7 /* DDAbstractDatabaseLogger.h */ = {isa = PBXFileReference; fileEncoding = 4; lastKnownFileType = sourcecode.c.h; path = DDAbstractDatabaseLogger.h; sourceTree = "<group>"; };
		086B2E9416A6073D003EDEE7 /* DDAbstractDatabaseLogger.m */ = {isa = PBXFileReference; fileEncoding = 4; lastKnownFileType = sourcecode.c.objc; path = DDAbstractDatabaseLogger.m; sourceTree = "<group>"; };
		086B2E9516A6073D003EDEE7 /* DDASLLogger.h */ = {isa = PBXFileReference; fileEncoding = 4; lastKnownFileType = sourcecode.c.h; path = DDASLLogger.h; sourceTree = "<group>"; };
		086B2E9616A6073D003EDEE7 /* DDASLLogger.m */ = {isa = PBXFileReference; fileEncoding = 4; lastKnownFileType = sourcecode.c.objc; path = DDASLLogger.m; sourceTree = "<group>"; };
		086B2E9716A6073D003EDEE7 /* DDFileLogger.h */ = {isa = PBXFileReference; fileEncoding = 4; lastKnownFileType = sourcecode.c.h; path = DDFileLogger.h; sourceTree = "<group>"; };
		086B2E9816A6073D003EDEE7 /* DDFileLogger.m */ = {isa = PBXFileReference; fileEncoding = 4; lastKnownFileType = sourcecode.c.objc; path = DDFileLogger.m; sourceTree = "<group>"; };
		086B2E9916A6073D003EDEE7 /* DDLog.h */ = {isa = PBXFileReference; fileEncoding = 4; lastKnownFileType = sourcecode.c.h; path = DDLog.h; sourceTree = "<group>"; };
		086B2E9A16A6073D003EDEE7 /* DDLog.m */ = {isa = PBXFileReference; fileEncoding = 4; lastKnownFileType = sourcecode.c.objc; path = DDLog.m; sourceTree = "<group>"; };
		086B2E9B16A6073D003EDEE7 /* DDTTYLogger.h */ = {isa = PBXFileReference; fileEncoding = 4; lastKnownFileType = sourcecode.c.h; path = DDTTYLogger.h; sourceTree = "<group>"; };
		086B2E9C16A6073D003EDEE7 /* DDTTYLogger.m */ = {isa = PBXFileReference; fileEncoding = 4; lastKnownFileType = sourcecode.c.objc; path = DDTTYLogger.m; sourceTree = "<group>"; };
		086B2E9E16A6073D003EDEE7 /* ContextFilterLogFormatter.h */ = {isa = PBXFileReference; fileEncoding = 4; lastKnownFileType = sourcecode.c.h; path = ContextFilterLogFormatter.h; sourceTree = "<group>"; };
		086B2E9F16A6073D003EDEE7 /* ContextFilterLogFormatter.m */ = {isa = PBXFileReference; fileEncoding = 4; lastKnownFileType = sourcecode.c.objc; path = ContextFilterLogFormatter.m; sourceTree = "<group>"; };
		086B2EA016A6073D003EDEE7 /* DispatchQueueLogFormatter.h */ = {isa = PBXFileReference; fileEncoding = 4; lastKnownFileType = sourcecode.c.h; path = DispatchQueueLogFormatter.h; sourceTree = "<group>"; };
		086B2EA116A6073D003EDEE7 /* DispatchQueueLogFormatter.m */ = {isa = PBXFileReference; fileEncoding = 4; lastKnownFileType = sourcecode.c.objc; path = DispatchQueueLogFormatter.m; sourceTree = "<group>"; };
		086B2EA216A6073D003EDEE7 /* README.txt */ = {isa = PBXFileReference; fileEncoding = 4; lastKnownFileType = text; path = README.txt; sourceTree = "<group>"; };
		086B2EAD16A60770003EDEE7 /* NSString+DDXML.h */ = {isa = PBXFileReference; fileEncoding = 4; lastKnownFileType = sourcecode.c.h; path = "NSString+DDXML.h"; sourceTree = "<group>"; };
		086B2EAE16A60770003EDEE7 /* NSString+DDXML.m */ = {isa = PBXFileReference; fileEncoding = 4; lastKnownFileType = sourcecode.c.objc; path = "NSString+DDXML.m"; sourceTree = "<group>"; };
		086B2EAF16A60770003EDEE7 /* DDXML.h */ = {isa = PBXFileReference; fileEncoding = 4; lastKnownFileType = sourcecode.c.h; path = DDXML.h; sourceTree = "<group>"; };
		086B2EB016A60770003EDEE7 /* DDXMLDocument.h */ = {isa = PBXFileReference; fileEncoding = 4; lastKnownFileType = sourcecode.c.h; path = DDXMLDocument.h; sourceTree = "<group>"; };
		086B2EB116A60770003EDEE7 /* DDXMLDocument.m */ = {isa = PBXFileReference; fileEncoding = 4; lastKnownFileType = sourcecode.c.objc; path = DDXMLDocument.m; sourceTree = "<group>"; };
		086B2EB216A60770003EDEE7 /* DDXMLElement.h */ = {isa = PBXFileReference; fileEncoding = 4; lastKnownFileType = sourcecode.c.h; path = DDXMLElement.h; sourceTree = "<group>"; };
		086B2EB316A60770003EDEE7 /* DDXMLElement.m */ = {isa = PBXFileReference; fileEncoding = 4; lastKnownFileType = sourcecode.c.objc; path = DDXMLElement.m; sourceTree = "<group>"; };
		086B2EB416A60770003EDEE7 /* DDXMLNode.h */ = {isa = PBXFileReference; fileEncoding = 4; lastKnownFileType = sourcecode.c.h; path = DDXMLNode.h; sourceTree = "<group>"; };
		086B2EB516A60770003EDEE7 /* DDXMLNode.m */ = {isa = PBXFileReference; fileEncoding = 4; lastKnownFileType = sourcecode.c.objc; path = DDXMLNode.m; sourceTree = "<group>"; };
		086B2EB716A60770003EDEE7 /* DDXMLPrivate.h */ = {isa = PBXFileReference; fileEncoding = 4; lastKnownFileType = sourcecode.c.h; path = DDXMLPrivate.h; sourceTree = "<group>"; };
		086B2EC016A6088B003EDEE7 /* idn-int.h */ = {isa = PBXFileReference; fileEncoding = 4; lastKnownFileType = sourcecode.c.h; path = "idn-int.h"; sourceTree = "<group>"; };
		086B2EC116A6088B003EDEE7 /* libidn.a */ = {isa = PBXFileReference; lastKnownFileType = archive.ar; path = libidn.a; sourceTree = "<group>"; };
		086B2EC216A6088B003EDEE7 /* stringprep.h */ = {isa = PBXFileReference; fileEncoding = 4; lastKnownFileType = sourcecode.c.h; path = stringprep.h; sourceTree = "<group>"; };
		086B2EC816A608CE003EDEE7 /* XMPPAnonymousAuthentication.h */ = {isa = PBXFileReference; fileEncoding = 4; lastKnownFileType = sourcecode.c.h; path = XMPPAnonymousAuthentication.h; sourceTree = "<group>"; };
		086B2EC916A608CE003EDEE7 /* XMPPAnonymousAuthentication.m */ = {isa = PBXFileReference; fileEncoding = 4; lastKnownFileType = sourcecode.c.objc; path = XMPPAnonymousAuthentication.m; sourceTree = "<group>"; };
		086B2ECB16A608CE003EDEE7 /* XMPPDeprecatedDigestAuthentication.h */ = {isa = PBXFileReference; fileEncoding = 4; lastKnownFileType = sourcecode.c.h; path = XMPPDeprecatedDigestAuthentication.h; sourceTree = "<group>"; };
		086B2ECC16A608CE003EDEE7 /* XMPPDeprecatedDigestAuthentication.m */ = {isa = PBXFileReference; fileEncoding = 4; lastKnownFileType = sourcecode.c.objc; path = XMPPDeprecatedDigestAuthentication.m; sourceTree = "<group>"; };
		086B2ECE16A608CE003EDEE7 /* XMPPDeprecatedPlainAuthentication.h */ = {isa = PBXFileReference; fileEncoding = 4; lastKnownFileType = sourcecode.c.h; path = XMPPDeprecatedPlainAuthentication.h; sourceTree = "<group>"; };
		086B2ECF16A608CE003EDEE7 /* XMPPDeprecatedPlainAuthentication.m */ = {isa = PBXFileReference; fileEncoding = 4; lastKnownFileType = sourcecode.c.objc; path = XMPPDeprecatedPlainAuthentication.m; sourceTree = "<group>"; };
		086B2ED116A608CE003EDEE7 /* XMPPDigestMD5Authentication.h */ = {isa = PBXFileReference; fileEncoding = 4; lastKnownFileType = sourcecode.c.h; path = XMPPDigestMD5Authentication.h; sourceTree = "<group>"; };
		086B2ED216A608CE003EDEE7 /* XMPPDigestMD5Authentication.m */ = {isa = PBXFileReference; fileEncoding = 4; lastKnownFileType = sourcecode.c.objc; path = XMPPDigestMD5Authentication.m; sourceTree = "<group>"; };
		086B2ED416A608CE003EDEE7 /* XMPPPlainAuthentication.h */ = {isa = PBXFileReference; fileEncoding = 4; lastKnownFileType = sourcecode.c.h; path = XMPPPlainAuthentication.h; sourceTree = "<group>"; };
		086B2ED516A608CE003EDEE7 /* XMPPPlainAuthentication.m */ = {isa = PBXFileReference; fileEncoding = 4; lastKnownFileType = sourcecode.c.objc; path = XMPPPlainAuthentication.m; sourceTree = "<group>"; };
		086B2ED716A608CE003EDEE7 /* XMPPXFacebookPlatformAuthentication.h */ = {isa = PBXFileReference; fileEncoding = 4; lastKnownFileType = sourcecode.c.h; path = XMPPXFacebookPlatformAuthentication.h; sourceTree = "<group>"; };
		086B2ED816A608CE003EDEE7 /* XMPPXFacebookPlatformAuthentication.m */ = {isa = PBXFileReference; fileEncoding = 4; lastKnownFileType = sourcecode.c.objc; path = XMPPXFacebookPlatformAuthentication.m; sourceTree = "<group>"; };
		086B2ED916A608CE003EDEE7 /* XMPPSASLAuthentication.h */ = {isa = PBXFileReference; fileEncoding = 4; lastKnownFileType = sourcecode.c.h; path = XMPPSASLAuthentication.h; sourceTree = "<group>"; };
		086B2EDB16A608CE003EDEE7 /* NSData+XMPP.h */ = {isa = PBXFileReference; fileEncoding = 4; lastKnownFileType = sourcecode.c.h; path = "NSData+XMPP.h"; sourceTree = "<group>"; };
		086B2EDC16A608CE003EDEE7 /* NSData+XMPP.m */ = {isa = PBXFileReference; fileEncoding = 4; lastKnownFileType = sourcecode.c.objc; path = "NSData+XMPP.m"; sourceTree = "<group>"; };
		086B2EDD16A608CE003EDEE7 /* NSNumber+XMPP.h */ = {isa = PBXFileReference; fileEncoding = 4; lastKnownFileType = sourcecode.c.h; path = "NSNumber+XMPP.h"; sourceTree = "<group>"; };
		086B2EDE16A608CE003EDEE7 /* NSNumber+XMPP.m */ = {isa = PBXFileReference; fileEncoding = 4; lastKnownFileType = sourcecode.c.objc; path = "NSNumber+XMPP.m"; sourceTree = "<group>"; };
		086B2EDF16A608CE003EDEE7 /* NSXMLElement+XMPP.h */ = {isa = PBXFileReference; fileEncoding = 4; lastKnownFileType = sourcecode.c.h; path = "NSXMLElement+XMPP.h"; sourceTree = "<group>"; };
		086B2EE016A608CE003EDEE7 /* NSXMLElement+XMPP.m */ = {isa = PBXFileReference; fileEncoding = 4; lastKnownFileType = sourcecode.c.objc; path = "NSXMLElement+XMPP.m"; sourceTree = "<group>"; };
		086B2EE216A608CE003EDEE7 /* XMPP.h */ = {isa = PBXFileReference; fileEncoding = 4; lastKnownFileType = sourcecode.c.h; path = XMPP.h; sourceTree = "<group>"; };
		086B2EE316A608CE003EDEE7 /* XMPPElement.h */ = {isa = PBXFileReference; fileEncoding = 4; lastKnownFileType = sourcecode.c.h; path = XMPPElement.h; sourceTree = "<group>"; };
		086B2EE416A608CE003EDEE7 /* XMPPElement.m */ = {isa = PBXFileReference; fileEncoding = 4; lastKnownFileType = sourcecode.c.objc; path = XMPPElement.m; sourceTree = "<group>"; };
		086B2EE516A608CE003EDEE7 /* XMPPInternal.h */ = {isa = PBXFileReference; fileEncoding = 4; lastKnownFileType = sourcecode.c.h; path = XMPPInternal.h; sourceTree = "<group>"; };
		086B2EE616A608CE003EDEE7 /* XMPPIQ.h */ = {isa = PBXFileReference; fileEncoding = 4; lastKnownFileType = sourcecode.c.h; path = XMPPIQ.h; sourceTree = "<group>"; };
		086B2EE716A608CE003EDEE7 /* XMPPIQ.m */ = {isa = PBXFileReference; fileEncoding = 4; lastKnownFileType = sourcecode.c.objc; path = XMPPIQ.m; sourceTree = "<group>"; };
		086B2EE816A608CE003EDEE7 /* XMPPJID.h */ = {isa = PBXFileReference; fileEncoding = 4; lastKnownFileType = sourcecode.c.h; path = XMPPJID.h; sourceTree = "<group>"; };
		086B2EE916A608CE003EDEE7 /* XMPPJID.m */ = {isa = PBXFileReference; fileEncoding = 4; lastKnownFileType = sourcecode.c.objc; path = XMPPJID.m; sourceTree = "<group>"; };
		086B2EEA16A608CE003EDEE7 /* XMPPLogging.h */ = {isa = PBXFileReference; fileEncoding = 4; lastKnownFileType = sourcecode.c.h; path = XMPPLogging.h; sourceTree = "<group>"; };
		086B2EEB16A608CE003EDEE7 /* XMPPMessage.h */ = {isa = PBXFileReference; fileEncoding = 4; lastKnownFileType = sourcecode.c.h; path = XMPPMessage.h; sourceTree = "<group>"; };
		086B2EEC16A608CE003EDEE7 /* XMPPMessage.m */ = {isa = PBXFileReference; fileEncoding = 4; lastKnownFileType = sourcecode.c.objc; path = XMPPMessage.m; sourceTree = "<group>"; };
		086B2EED16A608CE003EDEE7 /* XMPPModule.h */ = {isa = PBXFileReference; fileEncoding = 4; lastKnownFileType = sourcecode.c.h; path = XMPPModule.h; sourceTree = "<group>"; };
		086B2EEE16A608CE003EDEE7 /* XMPPModule.m */ = {isa = PBXFileReference; fileEncoding = 4; lastKnownFileType = sourcecode.c.objc; path = XMPPModule.m; sourceTree = "<group>"; };
		086B2EEF16A608CE003EDEE7 /* XMPPParser.h */ = {isa = PBXFileReference; fileEncoding = 4; lastKnownFileType = sourcecode.c.h; path = XMPPParser.h; sourceTree = "<group>"; };
		086B2EF016A608CE003EDEE7 /* XMPPParser.m */ = {isa = PBXFileReference; fileEncoding = 4; lastKnownFileType = sourcecode.c.objc; path = XMPPParser.m; sourceTree = "<group>"; };
		086B2EF116A608CE003EDEE7 /* XMPPPresence.h */ = {isa = PBXFileReference; fileEncoding = 4; lastKnownFileType = sourcecode.c.h; path = XMPPPresence.h; sourceTree = "<group>"; };
		086B2EF216A608CE003EDEE7 /* XMPPPresence.m */ = {isa = PBXFileReference; fileEncoding = 4; lastKnownFileType = sourcecode.c.objc; path = XMPPPresence.m; sourceTree = "<group>"; };
		086B2EF316A608CE003EDEE7 /* XMPPStream.h */ = {isa = PBXFileReference; fileEncoding = 4; lastKnownFileType = sourcecode.c.h; path = XMPPStream.h; sourceTree = "<group>"; };
		086B2EF416A608CE003EDEE7 /* XMPPStream.m */ = {isa = PBXFileReference; fileEncoding = 4; lastKnownFileType = sourcecode.c.objc; path = XMPPStream.m; sourceTree = "<group>"; };
		086B2EF616A608CE003EDEE7 /* DDList.h */ = {isa = PBXFileReference; fileEncoding = 4; lastKnownFileType = sourcecode.c.h; path = DDList.h; sourceTree = "<group>"; };
		086B2EF716A608CE003EDEE7 /* DDList.m */ = {isa = PBXFileReference; fileEncoding = 4; lastKnownFileType = sourcecode.c.objc; path = DDList.m; sourceTree = "<group>"; };
		086B2EF816A608CE003EDEE7 /* GCDMulticastDelegate.h */ = {isa = PBXFileReference; fileEncoding = 4; lastKnownFileType = sourcecode.c.h; path = GCDMulticastDelegate.h; sourceTree = "<group>"; };
		086B2EF916A608CE003EDEE7 /* GCDMulticastDelegate.m */ = {isa = PBXFileReference; fileEncoding = 4; lastKnownFileType = sourcecode.c.objc; path = GCDMulticastDelegate.m; sourceTree = "<group>"; };
		086B2EFA16A608CE003EDEE7 /* LibIDN.h */ = {isa = PBXFileReference; fileEncoding = 4; lastKnownFileType = sourcecode.c.h; path = LibIDN.h; sourceTree = "<group>"; };
		086B2EFB16A608CE003EDEE7 /* LibIDN.m */ = {isa = PBXFileReference; fileEncoding = 4; lastKnownFileType = sourcecode.c.objc; path = LibIDN.m; sourceTree = "<group>"; };
		086B2EFC16A608CE003EDEE7 /* RFImageToDataTransformer.h */ = {isa = PBXFileReference; fileEncoding = 4; lastKnownFileType = sourcecode.c.h; path = RFImageToDataTransformer.h; sourceTree = "<group>"; };
		086B2EFD16A608CE003EDEE7 /* RFImageToDataTransformer.m */ = {isa = PBXFileReference; fileEncoding = 4; lastKnownFileType = sourcecode.c.objc; path = RFImageToDataTransformer.m; sourceTree = "<group>"; };
		086B2EFE16A608CE003EDEE7 /* XMPPIDTracker.h */ = {isa = PBXFileReference; fileEncoding = 4; lastKnownFileType = sourcecode.c.h; path = XMPPIDTracker.h; sourceTree = "<group>"; };
		086B2EFF16A608CE003EDEE7 /* XMPPIDTracker.m */ = {isa = PBXFileReference; fileEncoding = 4; lastKnownFileType = sourcecode.c.objc; path = XMPPIDTracker.m; sourceTree = "<group>"; };
		086B2F0016A608CE003EDEE7 /* XMPPSRVResolver.h */ = {isa = PBXFileReference; fileEncoding = 4; lastKnownFileType = sourcecode.c.h; path = XMPPSRVResolver.h; sourceTree = "<group>"; };
		086B2F0116A608CE003EDEE7 /* XMPPSRVResolver.m */ = {isa = PBXFileReference; fileEncoding = 4; lastKnownFileType = sourcecode.c.objc; path = XMPPSRVResolver.m; sourceTree = "<group>"; };
		08797BAF16A74C40002E5173 /* XMPPReconnect.h */ = {isa = PBXFileReference; fileEncoding = 4; lastKnownFileType = sourcecode.c.h; path = XMPPReconnect.h; sourceTree = "<group>"; };
		08797BB016A74C40002E5173 /* XMPPReconnect.m */ = {isa = PBXFileReference; fileEncoding = 4; lastKnownFileType = sourcecode.c.objc; path = XMPPReconnect.m; sourceTree = "<group>"; };
		08797BB316A7510D002E5173 /* SystemConfiguration.framework */ = {isa = PBXFileReference; lastKnownFileType = wrapper.framework; name = SystemConfiguration.framework; path = System/Library/Frameworks/SystemConfiguration.framework; sourceTree = SDKROOT; };
		087F616316D3B22B001EEFDB /* ILAddRecipientsViewController.h */ = {isa = PBXFileReference; fileEncoding = 4; lastKnownFileType = sourcecode.c.h; path = ILAddRecipientsViewController.h; sourceTree = "<group>"; };
		087F616416D3B22B001EEFDB /* ILAddRecipientsViewController.m */ = {isa = PBXFileReference; fileEncoding = 4; lastKnownFileType = sourcecode.c.objc; path = ILAddRecipientsViewController.m; sourceTree = "<group>"; };
		087F616716D3BF74001EEFDB /* PLComment.h */ = {isa = PBXFileReference; fileEncoding = 4; lastKnownFileType = sourcecode.c.h; path = PLComment.h; sourceTree = "<group>"; };
		087F616816D3BF74001EEFDB /* PLComment.m */ = {isa = PBXFileReference; fileEncoding = 4; lastKnownFileType = sourcecode.c.objc; path = PLComment.m; sourceTree = "<group>"; };
		08D5520716C1B9AA00A62F6F /* CLXMPPController.h */ = {isa = PBXFileReference; fileEncoding = 4; lastKnownFileType = sourcecode.c.h; path = CLXMPPController.h; sourceTree = "<group>"; };
		08D5520816C1B9AA00A62F6F /* CLXMPPController.m */ = {isa = PBXFileReference; fileEncoding = 4; lastKnownFileType = sourcecode.c.objc; path = CLXMPPController.m; sourceTree = "<group>"; };
		08D5520A16C1B9AA00A62F6F /* KeychainItemWrapper.h */ = {isa = PBXFileReference; fileEncoding = 4; lastKnownFileType = sourcecode.c.h; path = KeychainItemWrapper.h; sourceTree = "<group>"; };
		08D5520B16C1B9AA00A62F6F /* KeychainItemWrapper.m */ = {isa = PBXFileReference; fileEncoding = 4; lastKnownFileType = sourcecode.c.objc; path = KeychainItemWrapper.m; sourceTree = "<group>"; };
		08D5520C16C1B9AA00A62F6F /* PreferencesController.h */ = {isa = PBXFileReference; fileEncoding = 4; lastKnownFileType = sourcecode.c.h; path = PreferencesController.h; sourceTree = "<group>"; };
		08D5520D16C1B9AA00A62F6F /* PreferencesController.m */ = {isa = PBXFileReference; fileEncoding = 4; lastKnownFileType = sourcecode.c.objc; path = PreferencesController.m; sourceTree = "<group>"; };
		08D5520F16C1B9AA00A62F6F /* ILSettingsViewController.h */ = {isa = PBXFileReference; fileEncoding = 4; lastKnownFileType = sourcecode.c.h; path = ILSettingsViewController.h; sourceTree = "<group>"; };
		08D5521016C1B9AA00A62F6F /* ILSettingsViewController.m */ = {isa = PBXFileReference; fileEncoding = 4; lastKnownFileType = sourcecode.c.objc; path = ILSettingsViewController.m; sourceTree = "<group>"; };
		08D5521116C1B9AA00A62F6F /* MainStoryboard.storyboard */ = {isa = PBXFileReference; fileEncoding = 4; lastKnownFileType = file.storyboard; path = MainStoryboard.storyboard; sourceTree = "<group>"; };
		08D5521416C1B9AA00A62F6F /* de */ = {isa = PBXFileReference; lastKnownFileType = text.plist.strings; name = de; path = de.lproj/InfoPlist.strings; sourceTree = "<group>"; };
		08D5521616C1B9AA00A62F6F /* de */ = {isa = PBXFileReference; lastKnownFileType = text.plist.strings; name = de; path = de.lproj/Localizable.strings; sourceTree = "<group>"; };
		08D5521816C1B9AA00A62F6F /* de */ = {isa = PBXFileReference; lastKnownFileType = text.plist.strings; name = de; path = de.lproj/MainStoryboard.strings; sourceTree = "<group>"; };
		08D5521916C1B9AA00A62F6F /* en */ = {isa = PBXFileReference; lastKnownFileType = text.plist.strings; name = en; path = en.lproj/InfoPlist.strings; sourceTree = "<group>"; };
		08D5521A16C1B9AA00A62F6F /* en */ = {isa = PBXFileReference; lastKnownFileType = text.plist.strings; name = en; path = en.lproj/Localizable.strings; sourceTree = "<group>"; };
		08D5521B16C1B9AA00A62F6F /* en */ = {isa = PBXFileReference; lastKnownFileType = text.plist.strings; name = en; path = en.lproj/MainStoryboard.strings; sourceTree = "<group>"; };
		08D5522416C1B9AA00A62F6F /* XMPPGroupCoreDataStorageObject.h */ = {isa = PBXFileReference; fileEncoding = 4; lastKnownFileType = sourcecode.c.h; path = XMPPGroupCoreDataStorageObject.h; sourceTree = "<group>"; };
		08D5522516C1B9AA00A62F6F /* XMPPGroupCoreDataStorageObject.m */ = {isa = PBXFileReference; fileEncoding = 4; lastKnownFileType = sourcecode.c.objc; path = XMPPGroupCoreDataStorageObject.m; sourceTree = "<group>"; };
		08D5522616C1B9AA00A62F6F /* XMPPResourceCoreDataStorageObject.h */ = {isa = PBXFileReference; fileEncoding = 4; lastKnownFileType = sourcecode.c.h; path = XMPPResourceCoreDataStorageObject.h; sourceTree = "<group>"; };
		08D5522716C1B9AA00A62F6F /* XMPPResourceCoreDataStorageObject.m */ = {isa = PBXFileReference; fileEncoding = 4; lastKnownFileType = sourcecode.c.objc; path = XMPPResourceCoreDataStorageObject.m; sourceTree = "<group>"; };
		08D5522816C1B9AA00A62F6F /* XMPPRoster.xcdatamodel */ = {isa = PBXFileReference; lastKnownFileType = wrapper.xcdatamodel; path = XMPPRoster.xcdatamodel; sourceTree = "<group>"; };
		08D5522916C1B9AA00A62F6F /* XMPPRosterCoreDataStorage.h */ = {isa = PBXFileReference; fileEncoding = 4; lastKnownFileType = sourcecode.c.h; path = XMPPRosterCoreDataStorage.h; sourceTree = "<group>"; };
		08D5522A16C1B9AA00A62F6F /* XMPPRosterCoreDataStorage.m */ = {isa = PBXFileReference; fileEncoding = 4; lastKnownFileType = sourcecode.c.objc; path = XMPPRosterCoreDataStorage.m; sourceTree = "<group>"; };
		08D5522B16C1B9AA00A62F6F /* XMPPUserCoreDataStorageObject.h */ = {isa = PBXFileReference; fileEncoding = 4; lastKnownFileType = sourcecode.c.h; path = XMPPUserCoreDataStorageObject.h; sourceTree = "<group>"; };
		08D5522C16C1B9AA00A62F6F /* XMPPUserCoreDataStorageObject.m */ = {isa = PBXFileReference; fileEncoding = 4; lastKnownFileType = sourcecode.c.objc; path = XMPPUserCoreDataStorageObject.m; sourceTree = "<group>"; };
		08D5522E16C1B9AA00A62F6F /* XMPPResourceMemoryStorageObject.h */ = {isa = PBXFileReference; fileEncoding = 4; lastKnownFileType = sourcecode.c.h; path = XMPPResourceMemoryStorageObject.h; sourceTree = "<group>"; };
		08D5522F16C1B9AA00A62F6F /* XMPPResourceMemoryStorageObject.m */ = {isa = PBXFileReference; fileEncoding = 4; lastKnownFileType = sourcecode.c.objc; path = XMPPResourceMemoryStorageObject.m; sourceTree = "<group>"; };
		08D5523016C1B9AA00A62F6F /* XMPPRosterMemoryStorage.h */ = {isa = PBXFileReference; fileEncoding = 4; lastKnownFileType = sourcecode.c.h; path = XMPPRosterMemoryStorage.h; sourceTree = "<group>"; };
		08D5523116C1B9AA00A62F6F /* XMPPRosterMemoryStorage.m */ = {isa = PBXFileReference; fileEncoding = 4; lastKnownFileType = sourcecode.c.objc; path = XMPPRosterMemoryStorage.m; sourceTree = "<group>"; };
		08D5523216C1B9AA00A62F6F /* XMPPRosterMemoryStoragePrivate.h */ = {isa = PBXFileReference; fileEncoding = 4; lastKnownFileType = sourcecode.c.h; path = XMPPRosterMemoryStoragePrivate.h; sourceTree = "<group>"; };
		08D5523316C1B9AA00A62F6F /* XMPPUserMemoryStorageObject.h */ = {isa = PBXFileReference; fileEncoding = 4; lastKnownFileType = sourcecode.c.h; path = XMPPUserMemoryStorageObject.h; sourceTree = "<group>"; };
		08D5523416C1B9AA00A62F6F /* XMPPUserMemoryStorageObject.m */ = {isa = PBXFileReference; fileEncoding = 4; lastKnownFileType = sourcecode.c.objc; path = XMPPUserMemoryStorageObject.m; sourceTree = "<group>"; };
		08D5523516C1B9AA00A62F6F /* XMPPResource.h */ = {isa = PBXFileReference; fileEncoding = 4; lastKnownFileType = sourcecode.c.h; path = XMPPResource.h; sourceTree = "<group>"; };
		08D5523616C1B9AA00A62F6F /* XMPPRoster.h */ = {isa = PBXFileReference; fileEncoding = 4; lastKnownFileType = sourcecode.c.h; path = XMPPRoster.h; sourceTree = "<group>"; };
		08D5523716C1B9AA00A62F6F /* XMPPRoster.m */ = {isa = PBXFileReference; fileEncoding = 4; lastKnownFileType = sourcecode.c.objc; path = XMPPRoster.m; sourceTree = "<group>"; };
		08D5523816C1B9AA00A62F6F /* XMPPRosterPrivate.h */ = {isa = PBXFileReference; fileEncoding = 4; lastKnownFileType = sourcecode.c.h; path = XMPPRosterPrivate.h; sourceTree = "<group>"; };
		08D5523916C1B9AA00A62F6F /* XMPPUser.h */ = {isa = PBXFileReference; fileEncoding = 4; lastKnownFileType = sourcecode.c.h; path = XMPPUser.h; sourceTree = "<group>"; };
		08D5523B16C1B9AA00A62F6F /* AppDelegate.h */ = {isa = PBXFileReference; fileEncoding = 4; lastKnownFileType = sourcecode.c.h; path = AppDelegate.h; sourceTree = "<group>"; };
		08D5523C16C1B9AA00A62F6F /* AppDelegate.m */ = {isa = PBXFileReference; fileEncoding = 4; lastKnownFileType = sourcecode.c.objc; path = AppDelegate.m; sourceTree = "<group>"; };
		08D5523D16C1B9AA00A62F6F /* main.m */ = {isa = PBXFileReference; fileEncoding = 4; lastKnownFileType = sourcecode.c.objc; path = main.m; sourceTree = "<group>"; };
		08D5523E16C1B9AA00A62F6F /* socialiPhoneApp-Info.plist */ = {isa = PBXFileReference; fileEncoding = 4; lastKnownFileType = text.plist.xml; path = "socialiPhoneApp-Info.plist"; sourceTree = "<group>"; };
		08D5523F16C1B9AA00A62F6F /* socialiPhoneApp-Prefix.pch */ = {isa = PBXFileReference; fileEncoding = 4; lastKnownFileType = sourcecode.c.h; path = "socialiPhoneApp-Prefix.pch"; sourceTree = "<group>"; };
		08D5524016C1B9AA00A62F6F /* SOLogging.h */ = {isa = PBXFileReference; fileEncoding = 4; lastKnownFileType = sourcecode.c.h; path = SOLogging.h; sourceTree = "<group>"; };
		08D5524116C1B9AA00A62F6F /* XMPPFramework.h */ = {isa = PBXFileReference; fileEncoding = 4; lastKnownFileType = sourcecode.c.h; path = XMPPFramework.h; sourceTree = "<group>"; };
		08D5524216C1B9AA00A62F6F /* Settings.bundle */ = {isa = PBXFileReference; lastKnownFileType = "wrapper.plug-in"; path = Settings.bundle; sourceTree = "<group>"; };
		08D5529016C28ACF00A62F6F /* XMPPMessage+MLEvent.h */ = {isa = PBXFileReference; fileEncoding = 4; lastKnownFileType = sourcecode.c.h; path = "XMPPMessage+MLEvent.h"; sourceTree = "<group>"; };
		08D5529116C28AD000A62F6F /* XMPPMessage+MLEvent.m */ = {isa = PBXFileReference; fileEncoding = 4; lastKnownFileType = sourcecode.c.objc; path = "XMPPMessage+MLEvent.m"; sourceTree = "<group>"; };
		08D5529316C2974900A62F6F /* CLModuleController.h */ = {isa = PBXFileReference; fileEncoding = 4; lastKnownFileType = sourcecode.c.h; path = CLModuleController.h; sourceTree = "<group>"; };
		08D5529416C2974A00A62F6F /* CLModuleController.m */ = {isa = PBXFileReference; fileEncoding = 4; lastKnownFileType = sourcecode.c.objc; path = CLModuleController.m; sourceTree = "<group>"; };
		49EB2B2615430EF400BE61F1 /* socialiPhoneApp.app */ = {isa = PBXFileReference; explicitFileType = wrapper.application; includeInIndex = 0; path = socialiPhoneApp.app; sourceTree = BUILT_PRODUCTS_DIR; };
		49EB2B2A15430EF400BE61F1 /* UIKit.framework */ = {isa = PBXFileReference; lastKnownFileType = wrapper.framework; name = UIKit.framework; path = System/Library/Frameworks/UIKit.framework; sourceTree = SDKROOT; };
		49EB2B2C15430EF400BE61F1 /* Foundation.framework */ = {isa = PBXFileReference; lastKnownFileType = wrapper.framework; name = Foundation.framework; path = System/Library/Frameworks/Foundation.framework; sourceTree = SDKROOT; };
		49EB2B2E15430EF400BE61F1 /* CoreGraphics.framework */ = {isa = PBXFileReference; lastKnownFileType = wrapper.framework; name = CoreGraphics.framework; path = System/Library/Frameworks/CoreGraphics.framework; sourceTree = SDKROOT; };
/* End PBXFileReference section */

/* Begin PBXFrameworksBuildPhase section */
		49EB2B2315430EF400BE61F1 /* Frameworks */ = {
			isa = PBXFrameworksBuildPhase;
			buildActionMask = 2147483647;
			files = (
				0831083716B54CB300FDC40A /* CoreData.framework in Frameworks */,
				08797BB416A7510D002E5173 /* SystemConfiguration.framework in Frameworks */,
				086B2E8D16A60660003EDEE7 /* CFNetwork.framework in Frameworks */,
				086B2E8B16A60656003EDEE7 /* Security.framework in Frameworks */,
				086B2E8916A6064F003EDEE7 /* libresolv.dylib in Frameworks */,
				49EB2B2B15430EF400BE61F1 /* UIKit.framework in Frameworks */,
				49EB2B2D15430EF400BE61F1 /* Foundation.framework in Frameworks */,
				49EB2B2F15430EF400BE61F1 /* CoreGraphics.framework in Frameworks */,
				086B2EC416A6088B003EDEE7 /* libidn.a in Frameworks */,
			);
			runOnlyForDeploymentPostprocessing = 0;
		};
/* End PBXFrameworksBuildPhase section */

/* Begin PBXGroup section */
		0831082516B547A600FDC40A /* CoreDataStorage */ = {
			isa = PBXGroup;
			children = (
				0831082616B547A600FDC40A /* XMPPCoreDataStorage.h */,
				0831082716B547A600FDC40A /* XMPPCoreDataStorage.m */,
				0831082816B547A600FDC40A /* XMPPCoreDataStorageProtected.h */,
			);
			path = CoreDataStorage;
			sourceTree = "<group>";
		};
		0831082A16B5483800FDC40A /* XEP-0203 */ = {
			isa = PBXGroup;
			children = (
				0831082B16B5483900FDC40A /* XMPPElement+Delay.h */,
				0831082C16B5483900FDC40A /* XMPPElement+Delay.m */,
			);
			path = "XEP-0203";
			sourceTree = "<group>";
		};
		0831082E16B5486A00FDC40A /* XEP-0082 */ = {
			isa = PBXGroup;
			children = (
				0831082F16B5486A00FDC40A /* NSDate+XMPPDateTimeProfiles.h */,
				0831083016B5486A00FDC40A /* NSDate+XMPPDateTimeProfiles.m */,
				0831083116B5486A00FDC40A /* XMPPDateTimeProfiles.h */,
				0831083216B5486A00FDC40A /* XMPPDateTimeProfiles.m */,
			);
			path = "XEP-0082";
			sourceTree = "<group>";
		};
		083B9C3B16D31AB6000BA05E /* Comment */ = {
			isa = PBXGroup;
			children = (
				083B9C4216D38D5B000BA05E /* Interface */,
				087F616616D3BF49001EEFDB /* Protocol */,
			);
			path = Comment;
			sourceTree = "<group>";
		};
		083B9C4216D38D5B000BA05E /* Interface */ = {
			isa = PBXGroup;
			children = (
				083B9C4716D38DC6000BA05E /* ILCommentEventCell.h */,
				083B9C4816D38DC6000BA05E /* ILCommentEventCell.m */,
				083B9C4516D38D93000BA05E /* ILCommentComposeViewController.h */,
				083B9C4616D38D93000BA05E /* ILCommentComposeViewController.m */,
				083B9C4316D38D93000BA05E /* ILCommentBodyCell.h */,
				083B9C4416D38D93000BA05E /* ILCommentBodyCell.m */,
			);
			path = Interface;
			sourceTree = "<group>";
		};
		083B9C4E16D39786000BA05E /* Interface */ = {
			isa = PBXGroup;
			children = (
				083B9C4F16D39786000BA05E /* ILTimelineViewController.h */,
				083B9C5016D39786000BA05E /* ILTimelineViewController.m */,
				083B9C7016D39E51000BA05E /* ILRecipientsViewController.h */,
				083B9C7116D39E51000BA05E /* ILRecipientsViewController.m */,
				087F616316D3B22B001EEFDB /* ILAddRecipientsViewController.h */,
				087F616416D3B22B001EEFDB /* ILAddRecipientsViewController.m */,
			);
			path = Interface;
			sourceTree = "<group>";
		};
		083B9C5216D397D0000BA05E /* Interface */ = {
			isa = PBXGroup;
			children = (
				083B9C5316D397D0000BA05E /* ILRosterViewController.h */,
				083B9C5416D397D0000BA05E /* ILRosterViewController.m */,
			);
			path = Interface;
			sourceTree = "<group>";
		};
		083B9C5A16D39C79000BA05E /* Model */ = {
			isa = PBXGroup;
			children = (
				083B9C5B16D39C79000BA05E /* MLCommentCoreDataStorageObject.h */,
				083B9C5C16D39C79000BA05E /* MLCommentCoreDataStorageObject.m */,
				083B9C5D16D39C79000BA05E /* MLEvent.xcdatamodeld */,
				083B9C5F16D39C79000BA05E /* MLEventCoreDataStorage.h */,
				083B9C6016D39C79000BA05E /* MLEventCoreDataStorage.m */,
				083B9C6116D39C79000BA05E /* MLEventCoreDataStorageObject.h */,
				083B9C6216D39C79000BA05E /* MLEventCoreDataStorageObject.m */,
				083B9C6316D39C79000BA05E /* MLImageCoreDataStorageObject.h */,
				083B9C6416D39C79000BA05E /* MLImageCoreDataStorageObject.m */,
				083B9C6516D39C79000BA05E /* MLModuleDataCoreDataStorageObject.h */,
				083B9C6616D39C79000BA05E /* MLModuleDataCoreDataStorageObject.m */,
				083B9C6716D39C79000BA05E /* MLUserCoreDataStorageObject.h */,
				083B9C6816D39C79000BA05E /* MLUserCoreDataStorageObject.m */,
			);
			path = Model;
			sourceTree = "<group>";
		};
		083B9C7316D3A379000BA05E /* Communication */ = {
			isa = PBXGroup;
			children = (
				083B9C7416D3A379000BA05E /* CLRosterController.h */,
				083B9C7516D3A379000BA05E /* CLRosterController.m */,
			);
			path = Communication;
			sourceTree = "<group>";
		};
		086B2E8116A604FA003EDEE7 /* Images */ = {
			isa = PBXGroup;
			children = (
				086B2E8216A604FA003EDEE7 /* Default-568h@2x.png */,
				086B2E8316A604FA003EDEE7 /* Default.png */,
				086B2E8416A604FA003EDEE7 /* Default@2x.png */,
			);
			path = Images;
			sourceTree = "<group>";
		};
		086B2E8E16A606F8003EDEE7 /* CocoaAsyncSocket */ = {
			isa = PBXGroup;
			children = (
				086B2E8F16A606F8003EDEE7 /* GCDAsyncSocket.h */,
				086B2E9016A606F8003EDEE7 /* GCDAsyncSocket.m */,
			);
			name = CocoaAsyncSocket;
			path = socialiPhoneApp/Ressources/Libraries/CocoaAsyncSocket;
			sourceTree = "<group>";
		};
		086B2E9216A6073D003EDEE7 /* CocoaLumberjack */ = {
			isa = PBXGroup;
			children = (
				086B2E9316A6073D003EDEE7 /* DDAbstractDatabaseLogger.h */,
				086B2E9416A6073D003EDEE7 /* DDAbstractDatabaseLogger.m */,
				086B2E9516A6073D003EDEE7 /* DDASLLogger.h */,
				086B2E9616A6073D003EDEE7 /* DDASLLogger.m */,
				086B2E9716A6073D003EDEE7 /* DDFileLogger.h */,
				086B2E9816A6073D003EDEE7 /* DDFileLogger.m */,
				086B2E9916A6073D003EDEE7 /* DDLog.h */,
				086B2E9A16A6073D003EDEE7 /* DDLog.m */,
				086B2E9B16A6073D003EDEE7 /* DDTTYLogger.h */,
				086B2E9C16A6073D003EDEE7 /* DDTTYLogger.m */,
				086B2E9D16A6073D003EDEE7 /* Extensions */,
			);
			name = CocoaLumberjack;
			path = socialiPhoneApp/Ressources/Libraries/CocoaLumberjack;
			sourceTree = "<group>";
		};
		086B2E9D16A6073D003EDEE7 /* Extensions */ = {
			isa = PBXGroup;
			children = (
				086B2E9E16A6073D003EDEE7 /* ContextFilterLogFormatter.h */,
				086B2E9F16A6073D003EDEE7 /* ContextFilterLogFormatter.m */,
				086B2EA016A6073D003EDEE7 /* DispatchQueueLogFormatter.h */,
				086B2EA116A6073D003EDEE7 /* DispatchQueueLogFormatter.m */,
				086B2EA216A6073D003EDEE7 /* README.txt */,
			);
			path = Extensions;
			sourceTree = "<group>";
		};
		086B2EAB16A60770003EDEE7 /* KissXML */ = {
			isa = PBXGroup;
			children = (
				086B2EAC16A60770003EDEE7 /* Categories */,
				086B2EAF16A60770003EDEE7 /* DDXML.h */,
				086B2EB016A60770003EDEE7 /* DDXMLDocument.h */,
				086B2EB116A60770003EDEE7 /* DDXMLDocument.m */,
				086B2EB216A60770003EDEE7 /* DDXMLElement.h */,
				086B2EB316A60770003EDEE7 /* DDXMLElement.m */,
				086B2EB416A60770003EDEE7 /* DDXMLNode.h */,
				086B2EB516A60770003EDEE7 /* DDXMLNode.m */,
				086B2EB616A60770003EDEE7 /* Private */,
			);
			name = KissXML;
			path = socialiPhoneApp/Ressources/Libraries/KissXML;
			sourceTree = "<group>";
		};
		086B2EAC16A60770003EDEE7 /* Categories */ = {
			isa = PBXGroup;
			children = (
				086B2EAD16A60770003EDEE7 /* NSString+DDXML.h */,
				086B2EAE16A60770003EDEE7 /* NSString+DDXML.m */,
			);
			path = Categories;
			sourceTree = "<group>";
		};
		086B2EB616A60770003EDEE7 /* Private */ = {
			isa = PBXGroup;
			children = (
				086B2EB716A60770003EDEE7 /* DDXMLPrivate.h */,
			);
			path = Private;
			sourceTree = "<group>";
		};
		086B2EBE16A6088B003EDEE7 /* libidn */ = {
			isa = PBXGroup;
			children = (
				086B2EC016A6088B003EDEE7 /* idn-int.h */,
				086B2EC116A6088B003EDEE7 /* libidn.a */,
				086B2EC216A6088B003EDEE7 /* stringprep.h */,
			);
			name = libidn;
			path = socialiPhoneApp/Ressources/Libraries/libidn;
			sourceTree = "<group>";
		};
		086B2EC516A608CE003EDEE7 /* XMPPFramework */ = {
			isa = PBXGroup;
			children = (
				08797BAD16A74C40002E5173 /* Extensions */,
				086B2EC616A608CE003EDEE7 /* Authentication */,
				086B2EDA16A608CE003EDEE7 /* Categories */,
				086B2EE116A608CE003EDEE7 /* Core */,
				086B2EF516A608CE003EDEE7 /* Utilities */,
			);
			name = XMPPFramework;
			path = socialiPhoneApp/Ressources/Libraries/XMPPFramework;
			sourceTree = "<group>";
		};
		086B2EC616A608CE003EDEE7 /* Authentication */ = {
			isa = PBXGroup;
			children = (
				086B2EC716A608CE003EDEE7 /* Anonymous */,
				086B2ECA16A608CE003EDEE7 /* Deprecated-Digest */,
				086B2ECD16A608CE003EDEE7 /* Deprecated-Plain */,
				086B2ED016A608CE003EDEE7 /* Digest-MD5 */,
				086B2ED316A608CE003EDEE7 /* Plain */,
				086B2ED616A608CE003EDEE7 /* X-Facebook-Platform */,
				086B2ED916A608CE003EDEE7 /* XMPPSASLAuthentication.h */,
			);
			path = Authentication;
			sourceTree = "<group>";
		};
		086B2EC716A608CE003EDEE7 /* Anonymous */ = {
			isa = PBXGroup;
			children = (
				086B2EC816A608CE003EDEE7 /* XMPPAnonymousAuthentication.h */,
				086B2EC916A608CE003EDEE7 /* XMPPAnonymousAuthentication.m */,
			);
			path = Anonymous;
			sourceTree = "<group>";
		};
		086B2ECA16A608CE003EDEE7 /* Deprecated-Digest */ = {
			isa = PBXGroup;
			children = (
				086B2ECB16A608CE003EDEE7 /* XMPPDeprecatedDigestAuthentication.h */,
				086B2ECC16A608CE003EDEE7 /* XMPPDeprecatedDigestAuthentication.m */,
			);
			path = "Deprecated-Digest";
			sourceTree = "<group>";
		};
		086B2ECD16A608CE003EDEE7 /* Deprecated-Plain */ = {
			isa = PBXGroup;
			children = (
				086B2ECE16A608CE003EDEE7 /* XMPPDeprecatedPlainAuthentication.h */,
				086B2ECF16A608CE003EDEE7 /* XMPPDeprecatedPlainAuthentication.m */,
			);
			path = "Deprecated-Plain";
			sourceTree = "<group>";
		};
		086B2ED016A608CE003EDEE7 /* Digest-MD5 */ = {
			isa = PBXGroup;
			children = (
				086B2ED116A608CE003EDEE7 /* XMPPDigestMD5Authentication.h */,
				086B2ED216A608CE003EDEE7 /* XMPPDigestMD5Authentication.m */,
			);
			path = "Digest-MD5";
			sourceTree = "<group>";
		};
		086B2ED316A608CE003EDEE7 /* Plain */ = {
			isa = PBXGroup;
			children = (
				086B2ED416A608CE003EDEE7 /* XMPPPlainAuthentication.h */,
				086B2ED516A608CE003EDEE7 /* XMPPPlainAuthentication.m */,
			);
			path = Plain;
			sourceTree = "<group>";
		};
		086B2ED616A608CE003EDEE7 /* X-Facebook-Platform */ = {
			isa = PBXGroup;
			children = (
				086B2ED716A608CE003EDEE7 /* XMPPXFacebookPlatformAuthentication.h */,
				086B2ED816A608CE003EDEE7 /* XMPPXFacebookPlatformAuthentication.m */,
			);
			path = "X-Facebook-Platform";
			sourceTree = "<group>";
		};
		086B2EDA16A608CE003EDEE7 /* Categories */ = {
			isa = PBXGroup;
			children = (
				086B2EDB16A608CE003EDEE7 /* NSData+XMPP.h */,
				086B2EDC16A608CE003EDEE7 /* NSData+XMPP.m */,
				086B2EDD16A608CE003EDEE7 /* NSNumber+XMPP.h */,
				086B2EDE16A608CE003EDEE7 /* NSNumber+XMPP.m */,
				086B2EDF16A608CE003EDEE7 /* NSXMLElement+XMPP.h */,
				086B2EE016A608CE003EDEE7 /* NSXMLElement+XMPP.m */,
			);
			path = Categories;
			sourceTree = "<group>";
		};
		086B2EE116A608CE003EDEE7 /* Core */ = {
			isa = PBXGroup;
			children = (
				086B2EE216A608CE003EDEE7 /* XMPP.h */,
				086B2EE316A608CE003EDEE7 /* XMPPElement.h */,
				086B2EE416A608CE003EDEE7 /* XMPPElement.m */,
				086B2EE516A608CE003EDEE7 /* XMPPInternal.h */,
				086B2EE616A608CE003EDEE7 /* XMPPIQ.h */,
				086B2EE716A608CE003EDEE7 /* XMPPIQ.m */,
				086B2EE816A608CE003EDEE7 /* XMPPJID.h */,
				086B2EE916A608CE003EDEE7 /* XMPPJID.m */,
				086B2EEA16A608CE003EDEE7 /* XMPPLogging.h */,
				086B2EEB16A608CE003EDEE7 /* XMPPMessage.h */,
				086B2EEC16A608CE003EDEE7 /* XMPPMessage.m */,
				086B2EED16A608CE003EDEE7 /* XMPPModule.h */,
				086B2EEE16A608CE003EDEE7 /* XMPPModule.m */,
				086B2EEF16A608CE003EDEE7 /* XMPPParser.h */,
				086B2EF016A608CE003EDEE7 /* XMPPParser.m */,
				086B2EF116A608CE003EDEE7 /* XMPPPresence.h */,
				086B2EF216A608CE003EDEE7 /* XMPPPresence.m */,
				086B2EF316A608CE003EDEE7 /* XMPPStream.h */,
				086B2EF416A608CE003EDEE7 /* XMPPStream.m */,
			);
			path = Core;
			sourceTree = "<group>";
		};
		086B2EF516A608CE003EDEE7 /* Utilities */ = {
			isa = PBXGroup;
			children = (
				086B2EF616A608CE003EDEE7 /* DDList.h */,
				086B2EF716A608CE003EDEE7 /* DDList.m */,
				086B2EF816A608CE003EDEE7 /* GCDMulticastDelegate.h */,
				086B2EF916A608CE003EDEE7 /* GCDMulticastDelegate.m */,
				086B2EFA16A608CE003EDEE7 /* LibIDN.h */,
				086B2EFB16A608CE003EDEE7 /* LibIDN.m */,
				086B2EFC16A608CE003EDEE7 /* RFImageToDataTransformer.h */,
				086B2EFD16A608CE003EDEE7 /* RFImageToDataTransformer.m */,
				086B2EFE16A608CE003EDEE7 /* XMPPIDTracker.h */,
				086B2EFF16A608CE003EDEE7 /* XMPPIDTracker.m */,
				086B2F0016A608CE003EDEE7 /* XMPPSRVResolver.h */,
				086B2F0116A608CE003EDEE7 /* XMPPSRVResolver.m */,
			);
			path = Utilities;
			sourceTree = "<group>";
		};
		08797BAD16A74C40002E5173 /* Extensions */ = {
			isa = PBXGroup;
			children = (
				08797BAE16A74C40002E5173 /* Reconnect */,
				0831082516B547A600FDC40A /* CoreDataStorage */,
				0831082A16B5483800FDC40A /* XEP-0203 */,
				0831082E16B5486A00FDC40A /* XEP-0082 */,
			);
			path = Extensions;
			sourceTree = "<group>";
		};
		08797BAE16A74C40002E5173 /* Reconnect */ = {
			isa = PBXGroup;
			children = (
				08797BAF16A74C40002E5173 /* XMPPReconnect.h */,
				08797BB016A74C40002E5173 /* XMPPReconnect.m */,
			);
			path = Reconnect;
			sourceTree = "<group>";
		};
		087D7F85163C0E5700A392DE /* Ressources */ = {
			isa = PBXGroup;
			children = (
				086B2E8116A604FA003EDEE7 /* Images */,
			);
			path = Ressources;
			sourceTree = "<group>";
		};
		087F616616D3BF49001EEFDB /* Protocol */ = {
			isa = PBXGroup;
			children = (
				087F616716D3BF74001EEFDB /* PLComment.h */,
				087F616816D3BF74001EEFDB /* PLComment.m */,
			);
			path = Protocol;
			sourceTree = "<group>";
		};
		08D5520616C1B9AA00A62F6F /* Communication */ = {
			isa = PBXGroup;
			children = (
				08D5520716C1B9AA00A62F6F /* CLXMPPController.h */,
				08D5520816C1B9AA00A62F6F /* CLXMPPController.m */,
			);
			path = Communication;
			sourceTree = "<group>";
		};
		08D5520916C1B9AA00A62F6F /* Helpers */ = {
			isa = PBXGroup;
			children = (
				08D5520A16C1B9AA00A62F6F /* KeychainItemWrapper.h */,
				08D5520B16C1B9AA00A62F6F /* KeychainItemWrapper.m */,
				08D5520C16C1B9AA00A62F6F /* PreferencesController.h */,
				08D5520D16C1B9AA00A62F6F /* PreferencesController.m */,
			);
			path = Helpers;
			sourceTree = "<group>";
		};
		08D5520E16C1B9AA00A62F6F /* Interface */ = {
			isa = PBXGroup;
			children = (
				08D5520F16C1B9AA00A62F6F /* ILSettingsViewController.h */,
				08D5521016C1B9AA00A62F6F /* ILSettingsViewController.m */,
				08D5521116C1B9AA00A62F6F /* MainStoryboard.storyboard */,
			);
			path = Interface;
			sourceTree = "<group>";
		};
		08D5521216C1B9AA00A62F6F /* Internationalization */ = {
			isa = PBXGroup;
			children = (
				08D5521316C1B9AA00A62F6F /* InfoPlist.strings */,
				08D5521516C1B9AA00A62F6F /* Localizable.strings */,
				08D5521716C1B9AA00A62F6F /* MainStoryboard.strings */,
			);
			path = Internationalization;
			sourceTree = "<group>";
		};
		08D5521C16C1B9AA00A62F6F /* Modules */ = {
			isa = PBXGroup;
			children = (
				08D5525A16C272DC00A62F6F /* SocialEvent */,
				083B9C3B16D31AB6000BA05E /* Comment */,
				08D5521D16C1B9AA00A62F6F /* Roster */,
			);
			path = Modules;
			sourceTree = "<group>";
		};
		08D5521D16C1B9AA00A62F6F /* Roster */ = {
			isa = PBXGroup;
			children = (
				083B9C5216D397D0000BA05E /* Interface */,
				083B9C7316D3A379000BA05E /* Communication */,
				08D5522216C1B9AA00A62F6F /* Protocol */,
			);
			path = Roster;
			sourceTree = "<group>";
		};
		08D5522216C1B9AA00A62F6F /* Protocol */ = {
			isa = PBXGroup;
			children = (
				08D5522316C1B9AA00A62F6F /* CoreDataStorage */,
				08D5522D16C1B9AA00A62F6F /* MemoryStorage */,
				08D5523516C1B9AA00A62F6F /* XMPPResource.h */,
				08D5523616C1B9AA00A62F6F /* XMPPRoster.h */,
				08D5523716C1B9AA00A62F6F /* XMPPRoster.m */,
				08D5523816C1B9AA00A62F6F /* XMPPRosterPrivate.h */,
				08D5523916C1B9AA00A62F6F /* XMPPUser.h */,
			);
			path = Protocol;
			sourceTree = "<group>";
		};
		08D5522316C1B9AA00A62F6F /* CoreDataStorage */ = {
			isa = PBXGroup;
			children = (
				08D5522416C1B9AA00A62F6F /* XMPPGroupCoreDataStorageObject.h */,
				08D5522516C1B9AA00A62F6F /* XMPPGroupCoreDataStorageObject.m */,
				08D5522616C1B9AA00A62F6F /* XMPPResourceCoreDataStorageObject.h */,
				08D5522716C1B9AA00A62F6F /* XMPPResourceCoreDataStorageObject.m */,
				08D5522816C1B9AA00A62F6F /* XMPPRoster.xcdatamodel */,
				08D5522916C1B9AA00A62F6F /* XMPPRosterCoreDataStorage.h */,
				08D5522A16C1B9AA00A62F6F /* XMPPRosterCoreDataStorage.m */,
				08D5522B16C1B9AA00A62F6F /* XMPPUserCoreDataStorageObject.h */,
				08D5522C16C1B9AA00A62F6F /* XMPPUserCoreDataStorageObject.m */,
			);
			path = CoreDataStorage;
			sourceTree = "<group>";
		};
		08D5522D16C1B9AA00A62F6F /* MemoryStorage */ = {
			isa = PBXGroup;
			children = (
				08D5522E16C1B9AA00A62F6F /* XMPPResourceMemoryStorageObject.h */,
				08D5522F16C1B9AA00A62F6F /* XMPPResourceMemoryStorageObject.m */,
				08D5523016C1B9AA00A62F6F /* XMPPRosterMemoryStorage.h */,
				08D5523116C1B9AA00A62F6F /* XMPPRosterMemoryStorage.m */,
				08D5523216C1B9AA00A62F6F /* XMPPRosterMemoryStoragePrivate.h */,
				08D5523316C1B9AA00A62F6F /* XMPPUserMemoryStorageObject.h */,
				08D5523416C1B9AA00A62F6F /* XMPPUserMemoryStorageObject.m */,
			);
			path = MemoryStorage;
			sourceTree = "<group>";
		};
		08D5523A16C1B9AA00A62F6F /* Others */ = {
			isa = PBXGroup;
			children = (
				08D5523B16C1B9AA00A62F6F /* AppDelegate.h */,
				08D5523C16C1B9AA00A62F6F /* AppDelegate.m */,
				08D5523D16C1B9AA00A62F6F /* main.m */,
				08D5523E16C1B9AA00A62F6F /* socialiPhoneApp-Info.plist */,
				08D5523F16C1B9AA00A62F6F /* socialiPhoneApp-Prefix.pch */,
				08D5524016C1B9AA00A62F6F /* SOLogging.h */,
				08D5524116C1B9AA00A62F6F /* XMPPFramework.h */,
			);
			path = Others;
			sourceTree = "<group>";
		};
		08D5525A16C272DC00A62F6F /* SocialEvent */ = {
			isa = PBXGroup;
			children = (
				083B9C4E16D39786000BA05E /* Interface */,
				083B9C5A16D39C79000BA05E /* Model */,
				08D5525B16C272FB00A62F6F /* Protocol */,
			);
			path = SocialEvent;
			sourceTree = "<group>";
		};
		08D5525B16C272FB00A62F6F /* Protocol */ = {
			isa = PBXGroup;
			children = (
				08D5529016C28ACF00A62F6F /* XMPPMessage+MLEvent.h */,
				08D5529116C28AD000A62F6F /* XMPPMessage+MLEvent.m */,
				08D5529316C2974900A62F6F /* CLModuleController.h */,
				08D5529416C2974A00A62F6F /* CLModuleController.m */,
				083B9C2F16D2D521000BA05E /* PLEvent.h */,
				083B9C3016D2D522000BA05E /* PLEvent.m */,
			);
			path = Protocol;
			sourceTree = "<group>";
		};
		49EB2B1B15430EF400BE61F1 = {
			isa = PBXGroup;
			children = (
				49EB2B3015430EF400BE61F1 /* socialiPhoneApp */,
				49EB2B2915430EF400BE61F1 /* Frameworks */,
				49EB2B2715430EF400BE61F1 /* Products */,
			);
			sourceTree = "<group>";
		};
		49EB2B2715430EF400BE61F1 /* Products */ = {
			isa = PBXGroup;
			children = (
				49EB2B2615430EF400BE61F1 /* socialiPhoneApp.app */,
			);
			name = Products;
			sourceTree = "<group>";
		};
		49EB2B2915430EF400BE61F1 /* Frameworks */ = {
			isa = PBXGroup;
			children = (
				086B2EC516A608CE003EDEE7 /* XMPPFramework */,
				086B2EBE16A6088B003EDEE7 /* libidn */,
				086B2EAB16A60770003EDEE7 /* KissXML */,
				086B2E9216A6073D003EDEE7 /* CocoaLumberjack */,
				086B2E8E16A606F8003EDEE7 /* CocoaAsyncSocket */,
				086B2E8816A6064F003EDEE7 /* libresolv.dylib */,
				0831083616B54CB300FDC40A /* CoreData.framework */,
				08797BB316A7510D002E5173 /* SystemConfiguration.framework */,
				086B2E8C16A60660003EDEE7 /* CFNetwork.framework */,
				086B2E8A16A60656003EDEE7 /* Security.framework */,
				49EB2B2A15430EF400BE61F1 /* UIKit.framework */,
				49EB2B2C15430EF400BE61F1 /* Foundation.framework */,
				49EB2B2E15430EF400BE61F1 /* CoreGraphics.framework */,
			);
			name = Frameworks;
			sourceTree = "<group>";
		};
		49EB2B3015430EF400BE61F1 /* socialiPhoneApp */ = {
			isa = PBXGroup;
			children = (
				08D5520E16C1B9AA00A62F6F /* Interface */,
				08D5520616C1B9AA00A62F6F /* Communication */,
				08D5521C16C1B9AA00A62F6F /* Modules */,
				08D5520916C1B9AA00A62F6F /* Helpers */,
				08D5523A16C1B9AA00A62F6F /* Others */,
				08D5521216C1B9AA00A62F6F /* Internationalization */,
				087D7F85163C0E5700A392DE /* Ressources */,
				08D5524216C1B9AA00A62F6F /* Settings.bundle */,
			);
			path = socialiPhoneApp;
			sourceTree = "<group>";
		};
/* End PBXGroup section */

/* Begin PBXNativeTarget section */
		49EB2B2515430EF400BE61F1 /* socialiPhoneApp */ = {
			isa = PBXNativeTarget;
			buildConfigurationList = 49EB2B4415430EF400BE61F1 /* Build configuration list for PBXNativeTarget "socialiPhoneApp" */;
			buildPhases = (
				49EB2B2215430EF400BE61F1 /* Sources */,
				49EB2B2315430EF400BE61F1 /* Frameworks */,
				49EB2B2415430EF400BE61F1 /* Resources */,
			);
			buildRules = (
			);
			dependencies = (
			);
			name = socialiPhoneApp;
			productName = socialiPhoneApp;
			productReference = 49EB2B2615430EF400BE61F1 /* socialiPhoneApp.app */;
			productType = "com.apple.product-type.application";
		};
/* End PBXNativeTarget section */

/* Begin PBXProject section */
		49EB2B1D15430EF400BE61F1 /* Project object */ = {
			isa = PBXProject;
			attributes = {
				LastUpgradeCheck = 0460;
				ORGANIZATIONNAME = "greenbytes GmbH";
			};
			buildConfigurationList = 49EB2B2015430EF400BE61F1 /* Build configuration list for PBXProject "socialiPhoneApp" */;
			compatibilityVersion = "Xcode 3.2";
			developmentRegion = English;
			hasScannedForEncodings = 0;
			knownRegions = (
				en,
				Base,
				de,
			);
			mainGroup = 49EB2B1B15430EF400BE61F1;
			productRefGroup = 49EB2B2715430EF400BE61F1 /* Products */;
			projectDirPath = "";
			projectRoot = "";
			targets = (
				49EB2B2515430EF400BE61F1 /* socialiPhoneApp */,
				49D604C616D4281D0006BB95 /* Documentation */,
			);
		};
/* End PBXProject section */

/* Begin PBXResourcesBuildPhase section */
		49EB2B2415430EF400BE61F1 /* Resources */ = {
			isa = PBXResourcesBuildPhase;
			buildActionMask = 2147483647;
			files = (
				086B2E8516A604FA003EDEE7 /* Default-568h@2x.png in Resources */,
				086B2E8616A604FA003EDEE7 /* Default.png in Resources */,
				086B2E8716A604FA003EDEE7 /* Default@2x.png in Resources */,
				08D5524716C1B9AA00A62F6F /* MainStoryboard.storyboard in Resources */,
				08D5524816C1B9AA00A62F6F /* InfoPlist.strings in Resources */,
				08D5524916C1B9AA00A62F6F /* Localizable.strings in Resources */,
				08D5524A16C1B9AA00A62F6F /* MainStoryboard.strings in Resources */,
			);
			runOnlyForDeploymentPostprocessing = 0;
		};
/* End PBXResourcesBuildPhase section */

/* Begin PBXShellScriptBuildPhase section */
		49D604CA16D428270006BB95 /* ShellScript */ = {
			isa = PBXShellScriptBuildPhase;
			buildActionMask = 2147483647;
			files = (
			);
			inputPaths = (
			);
			outputPaths = (
			);
			runOnlyForDeploymentPostprocessing = 0;
			shellPath = /bin/sh;
			shellScript = "/usr/local/bin/appledoc --project-name \"${PROJECT_NAME}\" --project-company \"Social Source\" --company-id \"com.socialsource\" --output \"${PROJECT_NAME}/Documentation\" --logformat xcode \"${PROJECT_DIR}\"";
		};
/* End PBXShellScriptBuildPhase section */

/* Begin PBXSourcesBuildPhase section */
		49EB2B2215430EF400BE61F1 /* Sources */ = {
			isa = PBXSourcesBuildPhase;
			buildActionMask = 2147483647;
			files = (
				08110B7616D3A7B3003676D2 /* ILCommentComposeViewController.m in Sources */,
				08110B7716D3A7B3003676D2 /* ILCommentBodyCell.m in Sources */,
				086B2E9116A606F8003EDEE7 /* GCDAsyncSocket.m in Sources */,
				086B2EA316A6073D003EDEE7 /* DDAbstractDatabaseLogger.m in Sources */,
				086B2EA416A6073D003EDEE7 /* DDASLLogger.m in Sources */,
				086B2EA516A6073D003EDEE7 /* DDFileLogger.m in Sources */,
				086B2EA616A6073D003EDEE7 /* DDLog.m in Sources */,
				086B2EA716A6073D003EDEE7 /* DDTTYLogger.m in Sources */,
				086B2EA816A6073D003EDEE7 /* ContextFilterLogFormatter.m in Sources */,
				086B2EA916A6073D003EDEE7 /* DispatchQueueLogFormatter.m in Sources */,
				086B2EB816A60770003EDEE7 /* NSString+DDXML.m in Sources */,
				086B2EB916A60770003EDEE7 /* DDXMLDocument.m in Sources */,
				086B2EBA16A60770003EDEE7 /* DDXMLElement.m in Sources */,
				086B2EBB16A60770003EDEE7 /* DDXMLNode.m in Sources */,
				086B2F0216A608CE003EDEE7 /* XMPPAnonymousAuthentication.m in Sources */,
				086B2F0316A608CE003EDEE7 /* XMPPDeprecatedDigestAuthentication.m in Sources */,
				086B2F0416A608CE003EDEE7 /* XMPPDeprecatedPlainAuthentication.m in Sources */,
				086B2F0516A608CE003EDEE7 /* XMPPDigestMD5Authentication.m in Sources */,
				086B2F0616A608CE003EDEE7 /* XMPPPlainAuthentication.m in Sources */,
				086B2F0716A608CE003EDEE7 /* XMPPXFacebookPlatformAuthentication.m in Sources */,
				086B2F0816A608CE003EDEE7 /* NSData+XMPP.m in Sources */,
				086B2F0916A608CE003EDEE7 /* NSNumber+XMPP.m in Sources */,
				086B2F0A16A608CE003EDEE7 /* NSXMLElement+XMPP.m in Sources */,
				086B2F0B16A608CE003EDEE7 /* XMPPElement.m in Sources */,
				086B2F0C16A608CE003EDEE7 /* XMPPIQ.m in Sources */,
				086B2F0D16A608CE003EDEE7 /* XMPPJID.m in Sources */,
				086B2F0E16A608CE003EDEE7 /* XMPPMessage.m in Sources */,
				086B2F0F16A608CE003EDEE7 /* XMPPModule.m in Sources */,
				086B2F1016A608CE003EDEE7 /* XMPPParser.m in Sources */,
				086B2F1116A608CE003EDEE7 /* XMPPPresence.m in Sources */,
				086B2F1216A608CE003EDEE7 /* XMPPStream.m in Sources */,
				086B2F1316A608CE003EDEE7 /* DDList.m in Sources */,
				086B2F1416A608CE003EDEE7 /* GCDMulticastDelegate.m in Sources */,
				086B2F1516A608CE003EDEE7 /* LibIDN.m in Sources */,
				086B2F1616A608CE003EDEE7 /* RFImageToDataTransformer.m in Sources */,
				086B2F1716A608CE003EDEE7 /* XMPPIDTracker.m in Sources */,
				086B2F1816A608CE003EDEE7 /* XMPPSRVResolver.m in Sources */,
				08797BB116A74C40002E5173 /* XMPPReconnect.m in Sources */,
				0831082916B547A600FDC40A /* XMPPCoreDataStorage.m in Sources */,
				0831082D16B5483900FDC40A /* XMPPElement+Delay.m in Sources */,
				0831083316B5486A00FDC40A /* NSDate+XMPPDateTimeProfiles.m in Sources */,
				0831083416B5486A00FDC40A /* XMPPDateTimeProfiles.m in Sources */,
				08D5524316C1B9AA00A62F6F /* CLXMPPController.m in Sources */,
				08D5524416C1B9AA00A62F6F /* KeychainItemWrapper.m in Sources */,
				08D5524516C1B9AA00A62F6F /* PreferencesController.m in Sources */,
				08D5524616C1B9AA00A62F6F /* ILSettingsViewController.m in Sources */,
				08D5524D16C1B9AA00A62F6F /* XMPPGroupCoreDataStorageObject.m in Sources */,
				08D5524E16C1B9AA00A62F6F /* XMPPResourceCoreDataStorageObject.m in Sources */,
				08D5524F16C1B9AA00A62F6F /* XMPPRoster.xcdatamodel in Sources */,
				08D5525016C1B9AA00A62F6F /* XMPPRosterCoreDataStorage.m in Sources */,
				08D5525116C1B9AA00A62F6F /* XMPPUserCoreDataStorageObject.m in Sources */,
				08D5525216C1B9AA00A62F6F /* XMPPResourceMemoryStorageObject.m in Sources */,
				08D5525316C1B9AA00A62F6F /* XMPPRosterMemoryStorage.m in Sources */,
				08D5525416C1B9AA00A62F6F /* XMPPUserMemoryStorageObject.m in Sources */,
				08D5525516C1B9AA00A62F6F /* XMPPRoster.m in Sources */,
				08D5525616C1B9AA00A62F6F /* AppDelegate.m in Sources */,
				08D5525716C1B9AA00A62F6F /* main.m in Sources */,
				08D5529216C28AD100A62F6F /* XMPPMessage+MLEvent.m in Sources */,
				08D5529516C2974A00A62F6F /* CLModuleController.m in Sources */,
				083B9C3116D2D523000BA05E /* PLEvent.m in Sources */,
				083B9C4916D38DC7000BA05E /* ILCommentEventCell.m in Sources */,
				083B9C5116D39786000BA05E /* ILTimelineViewController.m in Sources */,
				083B9C5516D397D0000BA05E /* ILRosterViewController.m in Sources */,
				083B9C6916D39C79000BA05E /* MLCommentCoreDataStorageObject.m in Sources */,
				083B9C6A16D39C79000BA05E /* MLEvent.xcdatamodeld in Sources */,
				083B9C6B16D39C79000BA05E /* MLEventCoreDataStorage.m in Sources */,
				083B9C6C16D39C79000BA05E /* MLEventCoreDataStorageObject.m in Sources */,
				083B9C6D16D39C79000BA05E /* MLImageCoreDataStorageObject.m in Sources */,
				083B9C6E16D39C79000BA05E /* MLModuleDataCoreDataStorageObject.m in Sources */,
				083B9C6F16D39C79000BA05E /* MLUserCoreDataStorageObject.m in Sources */,
				083B9C7216D39E51000BA05E /* ILRecipientsViewController.m in Sources */,
				083B9C7616D3A379000BA05E /* CLRosterController.m in Sources */,
				087F616516D3B22B001EEFDB /* ILAddRecipientsViewController.m in Sources */,
				087F616916D3BF74001EEFDB /* PLComment.m in Sources */,
			);
			runOnlyForDeploymentPostprocessing = 0;
		};
/* End PBXSourcesBuildPhase section */

/* Begin PBXVariantGroup section */
		08D5521316C1B9AA00A62F6F /* InfoPlist.strings */ = {
			isa = PBXVariantGroup;
			children = (
				08D5521416C1B9AA00A62F6F /* de */,
				08D5521916C1B9AA00A62F6F /* en */,
			);
			name = InfoPlist.strings;
			sourceTree = "<group>";
		};
		08D5521516C1B9AA00A62F6F /* Localizable.strings */ = {
			isa = PBXVariantGroup;
			children = (
				08D5521616C1B9AA00A62F6F /* de */,
				08D5521A16C1B9AA00A62F6F /* en */,
			);
			name = Localizable.strings;
			sourceTree = "<group>";
		};
		08D5521716C1B9AA00A62F6F /* MainStoryboard.strings */ = {
			isa = PBXVariantGroup;
			children = (
				08D5521816C1B9AA00A62F6F /* de */,
				08D5521B16C1B9AA00A62F6F /* en */,
			);
			name = MainStoryboard.strings;
			sourceTree = "<group>";
		};
/* End PBXVariantGroup section */

/* Begin XCBuildConfiguration section */
		49D604C716D4281D0006BB95 /* Debug */ = {
			isa = XCBuildConfiguration;
			buildSettings = {
				PRODUCT_NAME = "$(TARGET_NAME)";
			};
			name = Debug;
		};
		49D604C816D4281D0006BB95 /* Release */ = {
			isa = XCBuildConfiguration;
			buildSettings = {
				PRODUCT_NAME = "$(TARGET_NAME)";
			};
			name = Release;
		};
		49EB2B4215430EF400BE61F1 /* Debug */ = {
			isa = XCBuildConfiguration;
			buildSettings = {
				ALWAYS_SEARCH_USER_PATHS = NO;
				ARCHS = "$(ARCHS_STANDARD_32_BIT)";
				CLANG_ENABLE_OBJC_ARC = YES;
				CLANG_WARN_CONSTANT_CONVERSION = YES;
				CLANG_WARN_ENUM_CONVERSION = YES;
				CLANG_WARN_INT_CONVERSION = YES;
				CLANG_WARN__DUPLICATE_METHOD_MATCH = YES;
				"CODE_SIGN_IDENTITY[sdk=iphoneos*]" = "iPhone Developer";
				COPY_PHASE_STRIP = NO;
				GCC_C_LANGUAGE_STANDARD = gnu99;
				GCC_DYNAMIC_NO_PIC = NO;
				GCC_OPTIMIZATION_LEVEL = 0;
				GCC_PREPROCESSOR_DEFINITIONS = (
					"DEBUG=1",
					"$(inherited)",
				);
				GCC_SYMBOLS_PRIVATE_EXTERN = NO;
				GCC_VERSION = com.apple.compilers.llvm.clang.1_0;
				GCC_WARN_ABOUT_RETURN_TYPE = YES;
				GCC_WARN_UNINITIALIZED_AUTOS = YES;
				GCC_WARN_UNUSED_VARIABLE = YES;
				HEADER_SEARCH_PATHS = /usr/include/libxml2;
				IPHONEOS_DEPLOYMENT_TARGET = 5.1;
				OTHER_LDFLAGS = "-lxml2";
				SDKROOT = iphoneos;
			};
			name = Debug;
		};
		49EB2B4315430EF400BE61F1 /* Release */ = {
			isa = XCBuildConfiguration;
			buildSettings = {
				ALWAYS_SEARCH_USER_PATHS = NO;
				ARCHS = "$(ARCHS_STANDARD_32_BIT)";
				CLANG_ENABLE_OBJC_ARC = YES;
				CLANG_WARN_CONSTANT_CONVERSION = YES;
				CLANG_WARN_ENUM_CONVERSION = YES;
				CLANG_WARN_INT_CONVERSION = YES;
				CLANG_WARN__DUPLICATE_METHOD_MATCH = YES;
				"CODE_SIGN_IDENTITY[sdk=iphoneos*]" = "iPhone Developer";
				COPY_PHASE_STRIP = YES;
				GCC_C_LANGUAGE_STANDARD = gnu99;
				GCC_VERSION = com.apple.compilers.llvm.clang.1_0;
				GCC_WARN_ABOUT_RETURN_TYPE = YES;
				GCC_WARN_UNINITIALIZED_AUTOS = YES;
				GCC_WARN_UNUSED_VARIABLE = YES;
				HEADER_SEARCH_PATHS = /usr/include/libxml2;
				IPHONEOS_DEPLOYMENT_TARGET = 5.1;
				OTHER_CFLAGS = "-DNS_BLOCK_ASSERTIONS=1";
				OTHER_LDFLAGS = "-lxml2";
				SDKROOT = iphoneos;
				VALIDATE_PRODUCT = YES;
			};
			name = Release;
		};
		49EB2B4515430EF400BE61F1 /* Debug */ = {
			isa = XCBuildConfiguration;
			buildSettings = {
				CODE_SIGN_IDENTITY = "iPhone Developer";
				GCC_PRECOMPILE_PREFIX_HEADER = YES;
				GCC_PREFIX_HEADER = "socialiPhoneApp/Others/socialiPhoneApp-Prefix.pch";
				INFOPLIST_FILE = "socialiPhoneApp/Others/socialiPhoneApp-Info.plist";
				IPHONEOS_DEPLOYMENT_TARGET = 6.0;
				LIBRARY_SEARCH_PATHS = (
					"$(inherited)",
					"\"$(SRCROOT)/socialiPhoneApp/Ressources/Libraries/libidn\"",
				);
				PRODUCT_NAME = "$(TARGET_NAME)";
				PROVISIONING_PROFILE = "";
				TARGETED_DEVICE_FAMILY = "1,2";
				WRAPPER_EXTENSION = app;
			};
			name = Debug;
		};
		49EB2B4615430EF400BE61F1 /* Release */ = {
			isa = XCBuildConfiguration;
			buildSettings = {
				CODE_SIGN_IDENTITY = "iPhone Developer";
				GCC_PRECOMPILE_PREFIX_HEADER = YES;
				GCC_PREFIX_HEADER = "socialiPhoneApp/Others/socialiPhoneApp-Prefix.pch";
				INFOPLIST_FILE = "socialiPhoneApp/Others/socialiPhoneApp-Info.plist";
				IPHONEOS_DEPLOYMENT_TARGET = 6.0;
				LIBRARY_SEARCH_PATHS = (
					"$(inherited)",
					"\"$(SRCROOT)/socialiPhoneApp/Ressources/Libraries/libidn\"",
				);
				PRODUCT_NAME = "$(TARGET_NAME)";
				PROVISIONING_PROFILE = "";
				TARGETED_DEVICE_FAMILY = "1,2";
				WRAPPER_EXTENSION = app;
			};
			name = Release;
		};
/* End XCBuildConfiguration section */

/* Begin XCConfigurationList section */
		49D604C916D4281D0006BB95 /* Build configuration list for PBXAggregateTarget "Documentation" */ = {
			isa = XCConfigurationList;
			buildConfigurations = (
				49D604C716D4281D0006BB95 /* Debug */,
				49D604C816D4281D0006BB95 /* Release */,
			);
			defaultConfigurationIsVisible = 0;
			defaultConfigurationName = Release;
		};
		49EB2B2015430EF400BE61F1 /* Build configuration list for PBXProject "socialiPhoneApp" */ = {
			isa = XCConfigurationList;
			buildConfigurations = (
				49EB2B4215430EF400BE61F1 /* Debug */,
				49EB2B4315430EF400BE61F1 /* Release */,
			);
			defaultConfigurationIsVisible = 0;
			defaultConfigurationName = Release;
		};
		49EB2B4415430EF400BE61F1 /* Build configuration list for PBXNativeTarget "socialiPhoneApp" */ = {
			isa = XCConfigurationList;
			buildConfigurations = (
				49EB2B4515430EF400BE61F1 /* Debug */,
				49EB2B4615430EF400BE61F1 /* Release */,
			);
			defaultConfigurationIsVisible = 0;
			defaultConfigurationName = Release;
		};
/* End XCConfigurationList section */

/* Begin XCVersionGroup section */
		083B9C5D16D39C79000BA05E /* MLEvent.xcdatamodeld */ = {
			isa = XCVersionGroup;
			children = (
				083B9C5E16D39C79000BA05E /* MLEvent.xcdatamodel */,
			);
			currentVersion = 083B9C5E16D39C79000BA05E /* MLEvent.xcdatamodel */;
			path = MLEvent.xcdatamodeld;
			sourceTree = "<group>";
			versionGroupType = wrapper.xcdatamodel;
		};
/* End XCVersionGroup section */
	};
	rootObject = 49EB2B1D15430EF400BE61F1 /* Project object */;
}
