// !$*UTF8*$!
{
	archiveVersion = 1;
	classes = {
	};
	objectVersion = 46;
	objects = {

/* Begin PBXAggregateTarget section */
		49D604C616D4281D0006BB95 /* Documentation */ = {
			isa = PBXAggregateTarget;
			buildConfigurationList = 49D604C916D4281D0006BB95 /* Build configuration list for PBXAggregateTarget "Documentation" */;
			buildPhases = (
				49D604CA16D428270006BB95 /* ShellScript */,
			);
			dependencies = (
			);
			name = Documentation;
			productName = Documentation;
		};
/* End PBXAggregateTarget section */

/* Begin PBXBuildFile section */
		0802E4C516DA77B8007ACF38 /* XMPPPubSub.m in Sources */ = {isa = PBXBuildFile; fileRef = 0802E4C416DA77B8007ACF38 /* XMPPPubSub.m */; };
		0831083716B54CB300FDC40A /* CoreData.framework in Frameworks */ = {isa = PBXBuildFile; fileRef = 0831083616B54CB300FDC40A /* CoreData.framework */; };
		0853355A16D80B4300BA3714 /* Default-568h@2x.png in Resources */ = {isa = PBXBuildFile; fileRef = 085334E416D80B4300BA3714 /* Default-568h@2x.png */; };
		0853355B16D80B4300BA3714 /* Default.png in Resources */ = {isa = PBXBuildFile; fileRef = 085334E516D80B4300BA3714 /* Default.png */; };
		0853355C16D80B4300BA3714 /* Default@2x.png in Resources */ = {isa = PBXBuildFile; fileRef = 085334E616D80B4300BA3714 /* Default@2x.png */; };
		086B2E8B16A60656003EDEE7 /* Security.framework in Frameworks */ = {isa = PBXBuildFile; fileRef = 086B2E8A16A60656003EDEE7 /* Security.framework */; };
		086B2E8D16A60660003EDEE7 /* CFNetwork.framework in Frameworks */ = {isa = PBXBuildFile; fileRef = 086B2E8C16A60660003EDEE7 /* CFNetwork.framework */; };
		08797BB416A7510D002E5173 /* SystemConfiguration.framework in Frameworks */ = {isa = PBXBuildFile; fileRef = 08797BB316A7510D002E5173 /* SystemConfiguration.framework */; };
		49D607F816D8361A0006BB95 /* XMPPAnonymousAuthentication.m in Sources */ = {isa = PBXBuildFile; fileRef = 49D604DC16D836150006BB95 /* XMPPAnonymousAuthentication.m */; };
		49D607F916D8361A0006BB95 /* XMPPDeprecatedDigestAuthentication.m in Sources */ = {isa = PBXBuildFile; fileRef = 49D604DF16D836150006BB95 /* XMPPDeprecatedDigestAuthentication.m */; };
		49D607FA16D8361A0006BB95 /* XMPPDeprecatedPlainAuthentication.m in Sources */ = {isa = PBXBuildFile; fileRef = 49D604E216D836150006BB95 /* XMPPDeprecatedPlainAuthentication.m */; };
		49D607FB16D8361A0006BB95 /* XMPPDigestMD5Authentication.m in Sources */ = {isa = PBXBuildFile; fileRef = 49D604E516D836150006BB95 /* XMPPDigestMD5Authentication.m */; };
		49D607FC16D8361A0006BB95 /* XMPPPlainAuthentication.m in Sources */ = {isa = PBXBuildFile; fileRef = 49D604E816D836150006BB95 /* XMPPPlainAuthentication.m */; };
		49D607FD16D8361A0006BB95 /* XMPPXFacebookPlatformAuthentication.m in Sources */ = {isa = PBXBuildFile; fileRef = 49D604EB16D836150006BB95 /* XMPPXFacebookPlatformAuthentication.m */; };
		49D607FE16D8361A0006BB95 /* NSData+XMPP.m in Sources */ = {isa = PBXBuildFile; fileRef = 49D604EF16D836150006BB95 /* NSData+XMPP.m */; };
		49D607FF16D8361A0006BB95 /* NSNumber+XMPP.m in Sources */ = {isa = PBXBuildFile; fileRef = 49D604F116D836150006BB95 /* NSNumber+XMPP.m */; };
		49D6080016D8361A0006BB95 /* NSXMLElement+XMPP.m in Sources */ = {isa = PBXBuildFile; fileRef = 49D604F316D836150006BB95 /* NSXMLElement+XMPP.m */; };
		49D6080216D8361A0006BB95 /* XMPPElement.m in Sources */ = {isa = PBXBuildFile; fileRef = 49D604F816D836150006BB95 /* XMPPElement.m */; };
		49D6080316D8361A0006BB95 /* XMPPIQ.m in Sources */ = {isa = PBXBuildFile; fileRef = 49D604FB16D836150006BB95 /* XMPPIQ.m */; };
		49D6080416D8361A0006BB95 /* XMPPJID.m in Sources */ = {isa = PBXBuildFile; fileRef = 49D604FD16D836150006BB95 /* XMPPJID.m */; };
		49D6080516D8361A0006BB95 /* XMPPMessage.m in Sources */ = {isa = PBXBuildFile; fileRef = 49D6050016D836150006BB95 /* XMPPMessage.m */; };
		49D6080616D8361A0006BB95 /* XMPPModule.m in Sources */ = {isa = PBXBuildFile; fileRef = 49D6050216D836150006BB95 /* XMPPModule.m */; };
		49D6080716D8361A0006BB95 /* XMPPParser.m in Sources */ = {isa = PBXBuildFile; fileRef = 49D6050416D836150006BB95 /* XMPPParser.m */; };
		49D6080816D8361A0006BB95 /* XMPPPresence.m in Sources */ = {isa = PBXBuildFile; fileRef = 49D6050616D836150006BB95 /* XMPPPresence.m */; };
		49D6080916D8361A0006BB95 /* XMPPStream.m in Sources */ = {isa = PBXBuildFile; fileRef = 49D6050816D836150006BB95 /* XMPPStream.m */; };
		49D6080B16D8361A0006BB95 /* XMPPCoreDataStorage.m in Sources */ = {isa = PBXBuildFile; fileRef = 49D6050F16D836150006BB95 /* XMPPCoreDataStorage.m */; };
		49D6080D16D8361B0006BB95 /* XMPPReconnect.m in Sources */ = {isa = PBXBuildFile; fileRef = 49D6051616D836150006BB95 /* XMPPReconnect.m */; };
		49D6080E16D8361B0006BB95 /* XMPPGroupCoreDataStorageObject.m in Sources */ = {isa = PBXBuildFile; fileRef = 49D6051A16D836150006BB95 /* XMPPGroupCoreDataStorageObject.m */; };
		49D6080F16D8361B0006BB95 /* XMPPResourceCoreDataStorageObject.m in Sources */ = {isa = PBXBuildFile; fileRef = 49D6051C16D836150006BB95 /* XMPPResourceCoreDataStorageObject.m */; };
		49D6081016D8361B0006BB95 /* XMPPRoster.xcdatamodel in Sources */ = {isa = PBXBuildFile; fileRef = 49D6051D16D836160006BB95 /* XMPPRoster.xcdatamodel */; };
		49D6081116D8361B0006BB95 /* XMPPRosterCoreDataStorage.m in Sources */ = {isa = PBXBuildFile; fileRef = 49D6051F16D836160006BB95 /* XMPPRosterCoreDataStorage.m */; };
		49D6081216D8361B0006BB95 /* XMPPUserCoreDataStorageObject.m in Sources */ = {isa = PBXBuildFile; fileRef = 49D6052116D836160006BB95 /* XMPPUserCoreDataStorageObject.m */; };
		49D6081316D8361B0006BB95 /* XMPPResourceMemoryStorageObject.m in Sources */ = {isa = PBXBuildFile; fileRef = 49D6052416D836160006BB95 /* XMPPResourceMemoryStorageObject.m */; };
		49D6081416D8361B0006BB95 /* XMPPRosterMemoryStorage.m in Sources */ = {isa = PBXBuildFile; fileRef = 49D6052616D836160006BB95 /* XMPPRosterMemoryStorage.m */; };
		49D6081516D8361B0006BB95 /* XMPPUserMemoryStorageObject.m in Sources */ = {isa = PBXBuildFile; fileRef = 49D6052916D836160006BB95 /* XMPPUserMemoryStorageObject.m */; };
		49D6081616D8361B0006BB95 /* XMPPRoster.m in Sources */ = {isa = PBXBuildFile; fileRef = 49D6052C16D836160006BB95 /* XMPPRoster.m */; };
		49D6083716D8361B0006BB95 /* TURNSocket.m in Sources */ = {isa = PBXBuildFile; fileRef = 49D6057E16D836160006BB95 /* TURNSocket.m */; };
		49D6083816D8361B0006BB95 /* NSDate+XMPPDateTimeProfiles.m in Sources */ = {isa = PBXBuildFile; fileRef = 49D6058116D836160006BB95 /* NSDate+XMPPDateTimeProfiles.m */; };
		49D6083916D8361B0006BB95 /* XMPPDateTimeProfiles.m in Sources */ = {isa = PBXBuildFile; fileRef = 49D6058316D836160006BB95 /* XMPPDateTimeProfiles.m */; };
		49D6084C16D8361B0006BB95 /* XMPPElement+Delay.m in Sources */ = {isa = PBXBuildFile; fileRef = 49D605B316D836160006BB95 /* XMPPElement+Delay.m */; };
		49D6085016D8361B0006BB95 /* DDList.m in Sources */ = {isa = PBXBuildFile; fileRef = 49D605BD16D836160006BB95 /* DDList.m */; };
		49D6085116D8361B0006BB95 /* GCDMulticastDelegate.m in Sources */ = {isa = PBXBuildFile; fileRef = 49D605BF16D836160006BB95 /* GCDMulticastDelegate.m */; };
		49D6085216D8361B0006BB95 /* LibIDN.m in Sources */ = {isa = PBXBuildFile; fileRef = 49D605C116D836160006BB95 /* LibIDN.m */; };
		49D6085316D8361B0006BB95 /* RFImageToDataTransformer.m in Sources */ = {isa = PBXBuildFile; fileRef = 49D605C316D836160006BB95 /* RFImageToDataTransformer.m */; };
		49D6085416D8361B0006BB95 /* XMPPIDTracker.m in Sources */ = {isa = PBXBuildFile; fileRef = 49D605C516D836160006BB95 /* XMPPIDTracker.m */; };
		49D6085516D8361B0006BB95 /* XMPPSRVResolver.m in Sources */ = {isa = PBXBuildFile; fileRef = 49D605C716D836160006BB95 /* XMPPSRVResolver.m */; };
		49D6085616D8361B0006BB95 /* GCDAsyncSocket.m in Sources */ = {isa = PBXBuildFile; fileRef = 49D605CB16D836160006BB95 /* GCDAsyncSocket.m */; };
		49D6085716D8361B0006BB95 /* DDAbstractDatabaseLogger.m in Sources */ = {isa = PBXBuildFile; fileRef = 49D605CE16D836160006BB95 /* DDAbstractDatabaseLogger.m */; };
		49D6085816D8361B0006BB95 /* DDASLLogger.m in Sources */ = {isa = PBXBuildFile; fileRef = 49D605D016D836160006BB95 /* DDASLLogger.m */; };
		49D6085916D8361B0006BB95 /* DDFileLogger.m in Sources */ = {isa = PBXBuildFile; fileRef = 49D605D216D836160006BB95 /* DDFileLogger.m */; };
		49D6085A16D8361B0006BB95 /* DDLog.m in Sources */ = {isa = PBXBuildFile; fileRef = 49D605D416D836160006BB95 /* DDLog.m */; };
		49D6085B16D8361B0006BB95 /* DDTTYLogger.m in Sources */ = {isa = PBXBuildFile; fileRef = 49D605D616D836160006BB95 /* DDTTYLogger.m */; };
		49D6085C16D8361B0006BB95 /* ContextFilterLogFormatter.m in Sources */ = {isa = PBXBuildFile; fileRef = 49D605D916D836160006BB95 /* ContextFilterLogFormatter.m */; };
		49D6085D16D8361B0006BB95 /* DispatchQueueLogFormatter.m in Sources */ = {isa = PBXBuildFile; fileRef = 49D605DB16D836160006BB95 /* DispatchQueueLogFormatter.m */; };
		49D6085E16D8361B0006BB95 /* README.txt in Resources */ = {isa = PBXBuildFile; fileRef = 49D605DC16D836160006BB95 /* README.txt */; };
		49D6088416D8361B0006BB95 /* NSString+DDXML.m in Sources */ = {isa = PBXBuildFile; fileRef = 49D6063116D836160006BB95 /* NSString+DDXML.m */; };
		49D6088516D8361B0006BB95 /* DDXMLDocument.m in Sources */ = {isa = PBXBuildFile; fileRef = 49D6063416D836160006BB95 /* DDXMLDocument.m */; };
		49D6088616D8361B0006BB95 /* DDXMLElement.m in Sources */ = {isa = PBXBuildFile; fileRef = 49D6063616D836160006BB95 /* DDXMLElement.m */; };
		49D6088716D8361B0006BB95 /* DDXMLNode.m in Sources */ = {isa = PBXBuildFile; fileRef = 49D6063816D836160006BB95 /* DDXMLNode.m */; };
		49D6088816D8361B0006BB95 /* build-libidn.sh in Resources */ = {isa = PBXBuildFile; fileRef = 49D6063C16D836160006BB95 /* build-libidn.sh */; };
		49D6098716D83B3A0006BB95 /* libidn.a in Frameworks */ = {isa = PBXBuildFile; fileRef = 49D6063E16D836160006BB95 /* libidn.a */; };
		49D6098916D83B7E0006BB95 /* libresolv.dylib in Frameworks */ = {isa = PBXBuildFile; fileRef = 49D6098816D83B7E0006BB95 /* libresolv.dylib */; };
		49DAEF9516D8416600178FD8 /* CLModuleController.m in Sources */ = {isa = PBXBuildFile; fileRef = 49DAEF3A16D8416600178FD8 /* CLModuleController.m */; };
		49DAEF9616D8416600178FD8 /* CLRosterController.m in Sources */ = {isa = PBXBuildFile; fileRef = 49DAEF3C16D8416600178FD8 /* CLRosterController.m */; };
		49DAEF9716D8416600178FD8 /* CLXMPPController.m in Sources */ = {isa = PBXBuildFile; fileRef = 49DAEF3E16D8416600178FD8 /* CLXMPPController.m */; };
		49DAEF9816D8416600178FD8 /* ILCommentBodyCell.m in Sources */ = {isa = PBXBuildFile; fileRef = 49DAEF4216D8416600178FD8 /* ILCommentBodyCell.m */; };
		49DAEF9916D8416600178FD8 /* ILCommentComposeViewController.m in Sources */ = {isa = PBXBuildFile; fileRef = 49DAEF4416D8416600178FD8 /* ILCommentComposeViewController.m */; };
		49DAEF9A16D8416600178FD8 /* ILCommentEventCell.m in Sources */ = {isa = PBXBuildFile; fileRef = 49DAEF4616D8416600178FD8 /* ILCommentEventCell.m */; };
		49DAEF9B16D8416600178FD8 /* ILAddRecipientsViewController.m in Sources */ = {isa = PBXBuildFile; fileRef = 49DAEF4816D8416600178FD8 /* ILAddRecipientsViewController.m */; };
		49DAEF9C16D8416600178FD8 /* ILRecipientsViewController.m in Sources */ = {isa = PBXBuildFile; fileRef = 49DAEF4A16D8416600178FD8 /* ILRecipientsViewController.m */; };
		49DAEF9D16D8416600178FD8 /* ILSettingsViewController.m in Sources */ = {isa = PBXBuildFile; fileRef = 49DAEF4C16D8416600178FD8 /* ILSettingsViewController.m */; };
		49DAEF9E16D8416600178FD8 /* ILTimelineViewController.m in Sources */ = {isa = PBXBuildFile; fileRef = 49DAEF4E16D8416600178FD8 /* ILTimelineViewController.m */; };
		49DAEF9F16D8416600178FD8 /* MainStoryboard.storyboard in Resources */ = {isa = PBXBuildFile; fileRef = 49DAEF4F16D8416600178FD8 /* MainStoryboard.storyboard */; };
		49DAEFA016D8416600178FD8 /* ILRosterViewController.m in Sources */ = {isa = PBXBuildFile; fileRef = 49DAEF5216D8416600178FD8 /* ILRosterViewController.m */; };
		49DAEFA116D8416600178FD8 /* MLCommentCoreDataStorageObject+Factory.m in Sources */ = {isa = PBXBuildFile; fileRef = 49DAEF5616D8416600178FD8 /* MLCommentCoreDataStorageObject+Factory.m */; };
		49DAEFA216D8416600178FD8 /* MLCommentCoreDataStorageObject.m in Sources */ = {isa = PBXBuildFile; fileRef = 49DAEF5816D8416600178FD8 /* MLCommentCoreDataStorageObject.m */; };
		49DAEFA316D8416600178FD8 /* MLImageCoreDataStorageObject+Factory.m in Sources */ = {isa = PBXBuildFile; fileRef = 49DAEF5B16D8416600178FD8 /* MLImageCoreDataStorageObject+Factory.m */; };
		49DAEFA416D8416600178FD8 /* MLImageCoreDataStorageObject.m in Sources */ = {isa = PBXBuildFile; fileRef = 49DAEF5D16D8416600178FD8 /* MLImageCoreDataStorageObject.m */; };
		49DAEFA516D8416600178FD8 /* MLEvent.xcdatamodeld in Sources */ = {isa = PBXBuildFile; fileRef = 49DAEF5E16D8416600178FD8 /* MLEvent.xcdatamodeld */; };
		49DAEFA616D8416600178FD8 /* MLEventCoreDataStorage.m in Sources */ = {isa = PBXBuildFile; fileRef = 49DAEF6116D8416600178FD8 /* MLEventCoreDataStorage.m */; };
		49DAEFA716D8416600178FD8 /* MLEventCoreDataStorageObject.m in Sources */ = {isa = PBXBuildFile; fileRef = 49DAEF6316D8416600178FD8 /* MLEventCoreDataStorageObject.m */; };
		49DAEFA816D8416600178FD8 /* MLModuleDataCoreDataStorageObject.m in Sources */ = {isa = PBXBuildFile; fileRef = 49DAEF6516D8416600178FD8 /* MLModuleDataCoreDataStorageObject.m */; };
		49DAEFA916D8416600178FD8 /* MLUserCoreDataStorageObject.m in Sources */ = {isa = PBXBuildFile; fileRef = 49DAEF6816D8416600178FD8 /* MLUserCoreDataStorageObject.m */; };
		49DAEFAA16D8416600178FD8 /* PLComment.m in Sources */ = {isa = PBXBuildFile; fileRef = 49DAEF6C16D8416600178FD8 /* PLComment.m */; };
		49DAEFAB16D8416600178FD8 /* PLCommentModule.m in Sources */ = {isa = PBXBuildFile; fileRef = 49DAEF6E16D8416600178FD8 /* PLCommentModule.m */; };
		49DAEFAC16D8416600178FD8 /* PLEvent.m in Sources */ = {isa = PBXBuildFile; fileRef = 49DAEF7016D8416600178FD8 /* PLEvent.m */; };
		49DAEFAD16D8416600178FD8 /* PLModule.m in Sources */ = {isa = PBXBuildFile; fileRef = 49DAEF7216D8416600178FD8 /* PLModule.m */; };
		49DAEFAF16D8416600178FD8 /* XMPPMessage+MLEvent.m in Sources */ = {isa = PBXBuildFile; fileRef = 49DAEF7A16D8416600178FD8 /* XMPPMessage+MLEvent.m */; };
		49DAEFB016D8416600178FD8 /* AppDelegate.m in Sources */ = {isa = PBXBuildFile; fileRef = 49DAEF7D16D8416600178FD8 /* AppDelegate.m */; };
		49DAEFB116D8416600178FD8 /* NSString+FirstCapitalized.m in Sources */ = {isa = PBXBuildFile; fileRef = 49DAEF8016D8416600178FD8 /* NSString+FirstCapitalized.m */; };
		49DAEFB216D8416600178FD8 /* KeychainItemWrapper.m in Sources */ = {isa = PBXBuildFile; fileRef = 49DAEF8316D8416600178FD8 /* KeychainItemWrapper.m */; };
		49DAEFB316D8416600178FD8 /* PreferencesController.m in Sources */ = {isa = PBXBuildFile; fileRef = 49DAEF8516D8416600178FD8 /* PreferencesController.m */; };
		49DAEFB716D8416600178FD8 /* main.m in Sources */ = {isa = PBXBuildFile; fileRef = 49DAEF9016D8416600178FD8 /* main.m */; };
		49DAEFC316D842A100178FD8 /* InfoPlist.strings in Resources */ = {isa = PBXBuildFile; fileRef = 49DAEFBA16D842A100178FD8 /* InfoPlist.strings */; };
		49DAEFC416D842A100178FD8 /* Localizable.strings in Resources */ = {isa = PBXBuildFile; fileRef = 49DAEFBC16D842A100178FD8 /* Localizable.strings */; };
		49DAEFC516D842A100178FD8 /* MainStoryboard.strings in Resources */ = {isa = PBXBuildFile; fileRef = 49DAEFBE16D842A100178FD8 /* MainStoryboard.strings */; };
		49DAEFC916DC096500178FD8 /* SideBarTitle.png in Resources */ = {isa = PBXBuildFile; fileRef = 49DAEFC716DC096500178FD8 /* SideBarTitle.png */; };
		49DAEFCA16DC096500178FD8 /* SideBarTitle@2x.png in Resources */ = {isa = PBXBuildFile; fileRef = 49DAEFC816DC096500178FD8 /* SideBarTitle@2x.png */; };
		49DAEFD516DC222200178FD8 /* AddIcon.png in Resources */ = {isa = PBXBuildFile; fileRef = 49DAEFCB16DC222200178FD8 /* AddIcon.png */; };
		49DAEFD616DC222200178FD8 /* AddIcon@2x.png in Resources */ = {isa = PBXBuildFile; fileRef = 49DAEFCC16DC222200178FD8 /* AddIcon@2x.png */; };
		49DAEFD716DC222200178FD8 /* ContactsIcon.png in Resources */ = {isa = PBXBuildFile; fileRef = 49DAEFCD16DC222200178FD8 /* ContactsIcon.png */; };
		49DAEFD816DC222200178FD8 /* ContactsIcon@2x.png in Resources */ = {isa = PBXBuildFile; fileRef = 49DAEFCE16DC222200178FD8 /* ContactsIcon@2x.png */; };
		49DAEFD916DC222200178FD8 /* MessageIcon.png in Resources */ = {isa = PBXBuildFile; fileRef = 49DAEFCF16DC222200178FD8 /* MessageIcon.png */; };
		49DAEFDA16DC222200178FD8 /* MessageIcon@2x.png in Resources */ = {isa = PBXBuildFile; fileRef = 49DAEFD016DC222200178FD8 /* MessageIcon@2x.png */; };
		49DAEFDB16DC222200178FD8 /* ProfileIcon.png in Resources */ = {isa = PBXBuildFile; fileRef = 49DAEFD116DC222200178FD8 /* ProfileIcon.png */; };
		49DAEFDC16DC222200178FD8 /* ProfileIcon@2x.png in Resources */ = {isa = PBXBuildFile; fileRef = 49DAEFD216DC222200178FD8 /* ProfileIcon@2x.png */; };
		49DAEFDD16DC222200178FD8 /* TimeIcon.png in Resources */ = {isa = PBXBuildFile; fileRef = 49DAEFD316DC222200178FD8 /* TimeIcon.png */; };
		49DAEFDE16DC222200178FD8 /* TimeIcon@2x.png in Resources */ = {isa = PBXBuildFile; fileRef = 49DAEFD416DC222200178FD8 /* TimeIcon@2x.png */; };
		49DAEFE116DC244300178FD8 /* SettingsIcon.png in Resources */ = {isa = PBXBuildFile; fileRef = 49DAEFDF16DC244300178FD8 /* SettingsIcon.png */; };
		49DAEFE216DC244300178FD8 /* SettingsIcon@2x.png in Resources */ = {isa = PBXBuildFile; fileRef = 49DAEFE016DC244300178FD8 /* SettingsIcon@2x.png */; };
		49DAEFED16DD505C00178FD8 /* ILSideBarContainerViewController.m in Sources */ = {isa = PBXBuildFile; fileRef = 49DAEFEC16DD505C00178FD8 /* ILSideBarContainerViewController.m */; };
		49DAEFF016DD518A00178FD8 /* ILSideBarTableViewController.m in Sources */ = {isa = PBXBuildFile; fileRef = 49DAEFEF16DD518A00178FD8 /* ILSideBarTableViewController.m */; };
		49DAEFF416DD62FF00178FD8 /* ILAnimationUtil.m in Sources */ = {isa = PBXBuildFile; fileRef = 49DAEFF316DD62FF00178FD8 /* ILAnimationUtil.m */; };
		49EB2B2B15430EF400BE61F1 /* UIKit.framework in Frameworks */ = {isa = PBXBuildFile; fileRef = 49EB2B2A15430EF400BE61F1 /* UIKit.framework */; };
		49EB2B2D15430EF400BE61F1 /* Foundation.framework in Frameworks */ = {isa = PBXBuildFile; fileRef = 49EB2B2C15430EF400BE61F1 /* Foundation.framework */; };
		49EB2B2F15430EF400BE61F1 /* CoreGraphics.framework in Frameworks */ = {isa = PBXBuildFile; fileRef = 49EB2B2E15430EF400BE61F1 /* CoreGraphics.framework */; };
/* End PBXBuildFile section */

/* Begin PBXFileReference section */
		0802E4C316DA77B8007ACF38 /* XMPPPubSub.h */ = {isa = PBXFileReference; fileEncoding = 4; lastKnownFileType = sourcecode.c.h; path = XMPPPubSub.h; sourceTree = "<group>"; };
		0802E4C416DA77B8007ACF38 /* XMPPPubSub.m */ = {isa = PBXFileReference; fileEncoding = 4; lastKnownFileType = sourcecode.c.objc; path = XMPPPubSub.m; sourceTree = "<group>"; };
		0831083616B54CB300FDC40A /* CoreData.framework */ = {isa = PBXFileReference; lastKnownFileType = wrapper.framework; name = CoreData.framework; path = System/Library/Frameworks/CoreData.framework; sourceTree = SDKROOT; };
		085334E416D80B4300BA3714 /* Default-568h@2x.png */ = {isa = PBXFileReference; lastKnownFileType = image.png; path = "Default-568h@2x.png"; sourceTree = "<group>"; };
		085334E516D80B4300BA3714 /* Default.png */ = {isa = PBXFileReference; lastKnownFileType = image.png; path = Default.png; sourceTree = "<group>"; };
		085334E616D80B4300BA3714 /* Default@2x.png */ = {isa = PBXFileReference; lastKnownFileType = image.png; path = "Default@2x.png"; sourceTree = "<group>"; };
		086B2E8A16A60656003EDEE7 /* Security.framework */ = {isa = PBXFileReference; lastKnownFileType = wrapper.framework; name = Security.framework; path = System/Library/Frameworks/Security.framework; sourceTree = SDKROOT; };
		086B2E8C16A60660003EDEE7 /* CFNetwork.framework */ = {isa = PBXFileReference; lastKnownFileType = wrapper.framework; name = CFNetwork.framework; path = System/Library/Frameworks/CFNetwork.framework; sourceTree = SDKROOT; };
		08797BB316A7510D002E5173 /* SystemConfiguration.framework */ = {isa = PBXFileReference; lastKnownFileType = wrapper.framework; name = SystemConfiguration.framework; path = System/Library/Frameworks/SystemConfiguration.framework; sourceTree = SDKROOT; };
		08D5524216C1B9AA00A62F6F /* Settings.bundle */ = {isa = PBXFileReference; lastKnownFileType = "wrapper.plug-in"; path = Settings.bundle; sourceTree = "<group>"; };
		49D604DB16D836150006BB95 /* XMPPAnonymousAuthentication.h */ = {isa = PBXFileReference; fileEncoding = 4; lastKnownFileType = sourcecode.c.h; path = XMPPAnonymousAuthentication.h; sourceTree = "<group>"; };
		49D604DC16D836150006BB95 /* XMPPAnonymousAuthentication.m */ = {isa = PBXFileReference; fileEncoding = 4; lastKnownFileType = sourcecode.c.objc; path = XMPPAnonymousAuthentication.m; sourceTree = "<group>"; };
		49D604DE16D836150006BB95 /* XMPPDeprecatedDigestAuthentication.h */ = {isa = PBXFileReference; fileEncoding = 4; lastKnownFileType = sourcecode.c.h; path = XMPPDeprecatedDigestAuthentication.h; sourceTree = "<group>"; };
		49D604DF16D836150006BB95 /* XMPPDeprecatedDigestAuthentication.m */ = {isa = PBXFileReference; fileEncoding = 4; lastKnownFileType = sourcecode.c.objc; path = XMPPDeprecatedDigestAuthentication.m; sourceTree = "<group>"; };
		49D604E116D836150006BB95 /* XMPPDeprecatedPlainAuthentication.h */ = {isa = PBXFileReference; fileEncoding = 4; lastKnownFileType = sourcecode.c.h; path = XMPPDeprecatedPlainAuthentication.h; sourceTree = "<group>"; };
		49D604E216D836150006BB95 /* XMPPDeprecatedPlainAuthentication.m */ = {isa = PBXFileReference; fileEncoding = 4; lastKnownFileType = sourcecode.c.objc; path = XMPPDeprecatedPlainAuthentication.m; sourceTree = "<group>"; };
		49D604E416D836150006BB95 /* XMPPDigestMD5Authentication.h */ = {isa = PBXFileReference; fileEncoding = 4; lastKnownFileType = sourcecode.c.h; path = XMPPDigestMD5Authentication.h; sourceTree = "<group>"; };
		49D604E516D836150006BB95 /* XMPPDigestMD5Authentication.m */ = {isa = PBXFileReference; fileEncoding = 4; lastKnownFileType = sourcecode.c.objc; path = XMPPDigestMD5Authentication.m; sourceTree = "<group>"; };
		49D604E716D836150006BB95 /* XMPPPlainAuthentication.h */ = {isa = PBXFileReference; fileEncoding = 4; lastKnownFileType = sourcecode.c.h; path = XMPPPlainAuthentication.h; sourceTree = "<group>"; };
		49D604E816D836150006BB95 /* XMPPPlainAuthentication.m */ = {isa = PBXFileReference; fileEncoding = 4; lastKnownFileType = sourcecode.c.objc; path = XMPPPlainAuthentication.m; sourceTree = "<group>"; };
		49D604EA16D836150006BB95 /* XMPPXFacebookPlatformAuthentication.h */ = {isa = PBXFileReference; fileEncoding = 4; lastKnownFileType = sourcecode.c.h; path = XMPPXFacebookPlatformAuthentication.h; sourceTree = "<group>"; };
		49D604EB16D836150006BB95 /* XMPPXFacebookPlatformAuthentication.m */ = {isa = PBXFileReference; fileEncoding = 4; lastKnownFileType = sourcecode.c.objc; path = XMPPXFacebookPlatformAuthentication.m; sourceTree = "<group>"; };
		49D604EC16D836150006BB95 /* XMPPSASLAuthentication.h */ = {isa = PBXFileReference; fileEncoding = 4; lastKnownFileType = sourcecode.c.h; path = XMPPSASLAuthentication.h; sourceTree = "<group>"; };
		49D604EE16D836150006BB95 /* NSData+XMPP.h */ = {isa = PBXFileReference; fileEncoding = 4; lastKnownFileType = sourcecode.c.h; path = "NSData+XMPP.h"; sourceTree = "<group>"; };
		49D604EF16D836150006BB95 /* NSData+XMPP.m */ = {isa = PBXFileReference; fileEncoding = 4; lastKnownFileType = sourcecode.c.objc; path = "NSData+XMPP.m"; sourceTree = "<group>"; };
		49D604F016D836150006BB95 /* NSNumber+XMPP.h */ = {isa = PBXFileReference; fileEncoding = 4; lastKnownFileType = sourcecode.c.h; path = "NSNumber+XMPP.h"; sourceTree = "<group>"; };
		49D604F116D836150006BB95 /* NSNumber+XMPP.m */ = {isa = PBXFileReference; fileEncoding = 4; lastKnownFileType = sourcecode.c.objc; path = "NSNumber+XMPP.m"; sourceTree = "<group>"; };
		49D604F216D836150006BB95 /* NSXMLElement+XMPP.h */ = {isa = PBXFileReference; fileEncoding = 4; lastKnownFileType = sourcecode.c.h; path = "NSXMLElement+XMPP.h"; sourceTree = "<group>"; };
		49D604F316D836150006BB95 /* NSXMLElement+XMPP.m */ = {isa = PBXFileReference; fileEncoding = 4; lastKnownFileType = sourcecode.c.objc; path = "NSXMLElement+XMPP.m"; sourceTree = "<group>"; };
		49D604F616D836150006BB95 /* XMPP.h */ = {isa = PBXFileReference; fileEncoding = 4; lastKnownFileType = sourcecode.c.h; path = XMPP.h; sourceTree = "<group>"; };
		49D604F716D836150006BB95 /* XMPPElement.h */ = {isa = PBXFileReference; fileEncoding = 4; lastKnownFileType = sourcecode.c.h; path = XMPPElement.h; sourceTree = "<group>"; };
		49D604F816D836150006BB95 /* XMPPElement.m */ = {isa = PBXFileReference; fileEncoding = 4; lastKnownFileType = sourcecode.c.objc; path = XMPPElement.m; sourceTree = "<group>"; };
		49D604F916D836150006BB95 /* XMPPInternal.h */ = {isa = PBXFileReference; fileEncoding = 4; lastKnownFileType = sourcecode.c.h; path = XMPPInternal.h; sourceTree = "<group>"; };
		49D604FA16D836150006BB95 /* XMPPIQ.h */ = {isa = PBXFileReference; fileEncoding = 4; lastKnownFileType = sourcecode.c.h; path = XMPPIQ.h; sourceTree = "<group>"; };
		49D604FB16D836150006BB95 /* XMPPIQ.m */ = {isa = PBXFileReference; fileEncoding = 4; lastKnownFileType = sourcecode.c.objc; path = XMPPIQ.m; sourceTree = "<group>"; };
		49D604FC16D836150006BB95 /* XMPPJID.h */ = {isa = PBXFileReference; fileEncoding = 4; lastKnownFileType = sourcecode.c.h; path = XMPPJID.h; sourceTree = "<group>"; };
		49D604FD16D836150006BB95 /* XMPPJID.m */ = {isa = PBXFileReference; fileEncoding = 4; lastKnownFileType = sourcecode.c.objc; path = XMPPJID.m; sourceTree = "<group>"; };
		49D604FE16D836150006BB95 /* XMPPLogging.h */ = {isa = PBXFileReference; fileEncoding = 4; lastKnownFileType = sourcecode.c.h; path = XMPPLogging.h; sourceTree = "<group>"; };
		49D604FF16D836150006BB95 /* XMPPMessage.h */ = {isa = PBXFileReference; fileEncoding = 4; lastKnownFileType = sourcecode.c.h; path = XMPPMessage.h; sourceTree = "<group>"; };
		49D6050016D836150006BB95 /* XMPPMessage.m */ = {isa = PBXFileReference; fileEncoding = 4; lastKnownFileType = sourcecode.c.objc; path = XMPPMessage.m; sourceTree = "<group>"; };
		49D6050116D836150006BB95 /* XMPPModule.h */ = {isa = PBXFileReference; fileEncoding = 4; lastKnownFileType = sourcecode.c.h; path = XMPPModule.h; sourceTree = "<group>"; };
		49D6050216D836150006BB95 /* XMPPModule.m */ = {isa = PBXFileReference; fileEncoding = 4; lastKnownFileType = sourcecode.c.objc; path = XMPPModule.m; sourceTree = "<group>"; };
		49D6050316D836150006BB95 /* XMPPParser.h */ = {isa = PBXFileReference; fileEncoding = 4; lastKnownFileType = sourcecode.c.h; path = XMPPParser.h; sourceTree = "<group>"; };
		49D6050416D836150006BB95 /* XMPPParser.m */ = {isa = PBXFileReference; fileEncoding = 4; lastKnownFileType = sourcecode.c.objc; path = XMPPParser.m; sourceTree = "<group>"; };
		49D6050516D836150006BB95 /* XMPPPresence.h */ = {isa = PBXFileReference; fileEncoding = 4; lastKnownFileType = sourcecode.c.h; path = XMPPPresence.h; sourceTree = "<group>"; };
		49D6050616D836150006BB95 /* XMPPPresence.m */ = {isa = PBXFileReference; fileEncoding = 4; lastKnownFileType = sourcecode.c.objc; path = XMPPPresence.m; sourceTree = "<group>"; };
		49D6050716D836150006BB95 /* XMPPStream.h */ = {isa = PBXFileReference; fileEncoding = 4; lastKnownFileType = sourcecode.c.h; path = XMPPStream.h; sourceTree = "<group>"; };
		49D6050816D836150006BB95 /* XMPPStream.m */ = {isa = PBXFileReference; fileEncoding = 4; lastKnownFileType = sourcecode.c.objc; path = XMPPStream.m; sourceTree = "<group>"; };
		49D6050E16D836150006BB95 /* XMPPCoreDataStorage.h */ = {isa = PBXFileReference; fileEncoding = 4; lastKnownFileType = sourcecode.c.h; path = XMPPCoreDataStorage.h; sourceTree = "<group>"; };
		49D6050F16D836150006BB95 /* XMPPCoreDataStorage.m */ = {isa = PBXFileReference; fileEncoding = 4; lastKnownFileType = sourcecode.c.objc; path = XMPPCoreDataStorage.m; sourceTree = "<group>"; };
		49D6051016D836150006BB95 /* XMPPCoreDataStorageProtected.h */ = {isa = PBXFileReference; fileEncoding = 4; lastKnownFileType = sourcecode.c.h; path = XMPPCoreDataStorageProtected.h; sourceTree = "<group>"; };
		49D6051516D836150006BB95 /* XMPPReconnect.h */ = {isa = PBXFileReference; fileEncoding = 4; lastKnownFileType = sourcecode.c.h; path = XMPPReconnect.h; sourceTree = "<group>"; };
		49D6051616D836150006BB95 /* XMPPReconnect.m */ = {isa = PBXFileReference; fileEncoding = 4; lastKnownFileType = sourcecode.c.objc; path = XMPPReconnect.m; sourceTree = "<group>"; };
		49D6051916D836150006BB95 /* XMPPGroupCoreDataStorageObject.h */ = {isa = PBXFileReference; fileEncoding = 4; lastKnownFileType = sourcecode.c.h; path = XMPPGroupCoreDataStorageObject.h; sourceTree = "<group>"; };
		49D6051A16D836150006BB95 /* XMPPGroupCoreDataStorageObject.m */ = {isa = PBXFileReference; fileEncoding = 4; lastKnownFileType = sourcecode.c.objc; path = XMPPGroupCoreDataStorageObject.m; sourceTree = "<group>"; };
		49D6051B16D836150006BB95 /* XMPPResourceCoreDataStorageObject.h */ = {isa = PBXFileReference; fileEncoding = 4; lastKnownFileType = sourcecode.c.h; path = XMPPResourceCoreDataStorageObject.h; sourceTree = "<group>"; };
		49D6051C16D836150006BB95 /* XMPPResourceCoreDataStorageObject.m */ = {isa = PBXFileReference; fileEncoding = 4; lastKnownFileType = sourcecode.c.objc; path = XMPPResourceCoreDataStorageObject.m; sourceTree = "<group>"; };
		49D6051D16D836160006BB95 /* XMPPRoster.xcdatamodel */ = {isa = PBXFileReference; lastKnownFileType = wrapper.xcdatamodel; path = XMPPRoster.xcdatamodel; sourceTree = "<group>"; };
		49D6051E16D836160006BB95 /* XMPPRosterCoreDataStorage.h */ = {isa = PBXFileReference; fileEncoding = 4; lastKnownFileType = sourcecode.c.h; path = XMPPRosterCoreDataStorage.h; sourceTree = "<group>"; };
		49D6051F16D836160006BB95 /* XMPPRosterCoreDataStorage.m */ = {isa = PBXFileReference; fileEncoding = 4; lastKnownFileType = sourcecode.c.objc; path = XMPPRosterCoreDataStorage.m; sourceTree = "<group>"; };
		49D6052016D836160006BB95 /* XMPPUserCoreDataStorageObject.h */ = {isa = PBXFileReference; fileEncoding = 4; lastKnownFileType = sourcecode.c.h; path = XMPPUserCoreDataStorageObject.h; sourceTree = "<group>"; };
		49D6052116D836160006BB95 /* XMPPUserCoreDataStorageObject.m */ = {isa = PBXFileReference; fileEncoding = 4; lastKnownFileType = sourcecode.c.objc; path = XMPPUserCoreDataStorageObject.m; sourceTree = "<group>"; };
		49D6052316D836160006BB95 /* XMPPResourceMemoryStorageObject.h */ = {isa = PBXFileReference; fileEncoding = 4; lastKnownFileType = sourcecode.c.h; path = XMPPResourceMemoryStorageObject.h; sourceTree = "<group>"; };
		49D6052416D836160006BB95 /* XMPPResourceMemoryStorageObject.m */ = {isa = PBXFileReference; fileEncoding = 4; lastKnownFileType = sourcecode.c.objc; path = XMPPResourceMemoryStorageObject.m; sourceTree = "<group>"; };
		49D6052516D836160006BB95 /* XMPPRosterMemoryStorage.h */ = {isa = PBXFileReference; fileEncoding = 4; lastKnownFileType = sourcecode.c.h; path = XMPPRosterMemoryStorage.h; sourceTree = "<group>"; };
		49D6052616D836160006BB95 /* XMPPRosterMemoryStorage.m */ = {isa = PBXFileReference; fileEncoding = 4; lastKnownFileType = sourcecode.c.objc; path = XMPPRosterMemoryStorage.m; sourceTree = "<group>"; };
		49D6052716D836160006BB95 /* XMPPRosterMemoryStoragePrivate.h */ = {isa = PBXFileReference; fileEncoding = 4; lastKnownFileType = sourcecode.c.h; path = XMPPRosterMemoryStoragePrivate.h; sourceTree = "<group>"; };
		49D6052816D836160006BB95 /* XMPPUserMemoryStorageObject.h */ = {isa = PBXFileReference; fileEncoding = 4; lastKnownFileType = sourcecode.c.h; path = XMPPUserMemoryStorageObject.h; sourceTree = "<group>"; };
		49D6052916D836160006BB95 /* XMPPUserMemoryStorageObject.m */ = {isa = PBXFileReference; fileEncoding = 4; lastKnownFileType = sourcecode.c.objc; path = XMPPUserMemoryStorageObject.m; sourceTree = "<group>"; };
		49D6052A16D836160006BB95 /* XMPPResource.h */ = {isa = PBXFileReference; fileEncoding = 4; lastKnownFileType = sourcecode.c.h; path = XMPPResource.h; sourceTree = "<group>"; };
		49D6052B16D836160006BB95 /* XMPPRoster.h */ = {isa = PBXFileReference; fileEncoding = 4; lastKnownFileType = sourcecode.c.h; path = XMPPRoster.h; sourceTree = "<group>"; };
		49D6052C16D836160006BB95 /* XMPPRoster.m */ = {isa = PBXFileReference; fileEncoding = 4; lastKnownFileType = sourcecode.c.objc; path = XMPPRoster.m; sourceTree = "<group>"; };
		49D6052D16D836160006BB95 /* XMPPRosterPrivate.h */ = {isa = PBXFileReference; fileEncoding = 4; lastKnownFileType = sourcecode.c.h; path = XMPPRosterPrivate.h; sourceTree = "<group>"; };
		49D6052E16D836160006BB95 /* XMPPUser.h */ = {isa = PBXFileReference; fileEncoding = 4; lastKnownFileType = sourcecode.c.h; path = XMPPUser.h; sourceTree = "<group>"; };
		49D6057D16D836160006BB95 /* TURNSocket.h */ = {isa = PBXFileReference; fileEncoding = 4; lastKnownFileType = sourcecode.c.h; path = TURNSocket.h; sourceTree = "<group>"; };
		49D6057E16D836160006BB95 /* TURNSocket.m */ = {isa = PBXFileReference; fileEncoding = 4; lastKnownFileType = sourcecode.c.objc; path = TURNSocket.m; sourceTree = "<group>"; };
		49D6058016D836160006BB95 /* NSDate+XMPPDateTimeProfiles.h */ = {isa = PBXFileReference; fileEncoding = 4; lastKnownFileType = sourcecode.c.h; path = "NSDate+XMPPDateTimeProfiles.h"; sourceTree = "<group>"; };
		49D6058116D836160006BB95 /* NSDate+XMPPDateTimeProfiles.m */ = {isa = PBXFileReference; fileEncoding = 4; lastKnownFileType = sourcecode.c.objc; path = "NSDate+XMPPDateTimeProfiles.m"; sourceTree = "<group>"; };
		49D6058216D836160006BB95 /* XMPPDateTimeProfiles.h */ = {isa = PBXFileReference; fileEncoding = 4; lastKnownFileType = sourcecode.c.h; path = XMPPDateTimeProfiles.h; sourceTree = "<group>"; };
		49D6058316D836160006BB95 /* XMPPDateTimeProfiles.m */ = {isa = PBXFileReference; fileEncoding = 4; lastKnownFileType = sourcecode.c.objc; path = XMPPDateTimeProfiles.m; sourceTree = "<group>"; };
		49D605B216D836160006BB95 /* XMPPElement+Delay.h */ = {isa = PBXFileReference; fileEncoding = 4; lastKnownFileType = sourcecode.c.h; path = "XMPPElement+Delay.h"; sourceTree = "<group>"; };
		49D605B316D836160006BB95 /* XMPPElement+Delay.m */ = {isa = PBXFileReference; fileEncoding = 4; lastKnownFileType = sourcecode.c.objc; path = "XMPPElement+Delay.m"; sourceTree = "<group>"; };
		49D605BC16D836160006BB95 /* DDList.h */ = {isa = PBXFileReference; fileEncoding = 4; lastKnownFileType = sourcecode.c.h; path = DDList.h; sourceTree = "<group>"; };
		49D605BD16D836160006BB95 /* DDList.m */ = {isa = PBXFileReference; fileEncoding = 4; lastKnownFileType = sourcecode.c.objc; path = DDList.m; sourceTree = "<group>"; };
		49D605BE16D836160006BB95 /* GCDMulticastDelegate.h */ = {isa = PBXFileReference; fileEncoding = 4; lastKnownFileType = sourcecode.c.h; path = GCDMulticastDelegate.h; sourceTree = "<group>"; };
		49D605BF16D836160006BB95 /* GCDMulticastDelegate.m */ = {isa = PBXFileReference; fileEncoding = 4; lastKnownFileType = sourcecode.c.objc; path = GCDMulticastDelegate.m; sourceTree = "<group>"; };
		49D605C016D836160006BB95 /* LibIDN.h */ = {isa = PBXFileReference; fileEncoding = 4; lastKnownFileType = sourcecode.c.h; path = LibIDN.h; sourceTree = "<group>"; };
		49D605C116D836160006BB95 /* LibIDN.m */ = {isa = PBXFileReference; fileEncoding = 4; lastKnownFileType = sourcecode.c.objc; path = LibIDN.m; sourceTree = "<group>"; };
		49D605C216D836160006BB95 /* RFImageToDataTransformer.h */ = {isa = PBXFileReference; fileEncoding = 4; lastKnownFileType = sourcecode.c.h; path = RFImageToDataTransformer.h; sourceTree = "<group>"; };
		49D605C316D836160006BB95 /* RFImageToDataTransformer.m */ = {isa = PBXFileReference; fileEncoding = 4; lastKnownFileType = sourcecode.c.objc; path = RFImageToDataTransformer.m; sourceTree = "<group>"; };
		49D605C416D836160006BB95 /* XMPPIDTracker.h */ = {isa = PBXFileReference; fileEncoding = 4; lastKnownFileType = sourcecode.c.h; path = XMPPIDTracker.h; sourceTree = "<group>"; };
		49D605C516D836160006BB95 /* XMPPIDTracker.m */ = {isa = PBXFileReference; fileEncoding = 4; lastKnownFileType = sourcecode.c.objc; path = XMPPIDTracker.m; sourceTree = "<group>"; };
		49D605C616D836160006BB95 /* XMPPSRVResolver.h */ = {isa = PBXFileReference; fileEncoding = 4; lastKnownFileType = sourcecode.c.h; path = XMPPSRVResolver.h; sourceTree = "<group>"; };
		49D605C716D836160006BB95 /* XMPPSRVResolver.m */ = {isa = PBXFileReference; fileEncoding = 4; lastKnownFileType = sourcecode.c.objc; path = XMPPSRVResolver.m; sourceTree = "<group>"; };
		49D605CA16D836160006BB95 /* GCDAsyncSocket.h */ = {isa = PBXFileReference; fileEncoding = 4; lastKnownFileType = sourcecode.c.h; path = GCDAsyncSocket.h; sourceTree = "<group>"; };
		49D605CB16D836160006BB95 /* GCDAsyncSocket.m */ = {isa = PBXFileReference; fileEncoding = 4; lastKnownFileType = sourcecode.c.objc; path = GCDAsyncSocket.m; sourceTree = "<group>"; };
		49D605CD16D836160006BB95 /* DDAbstractDatabaseLogger.h */ = {isa = PBXFileReference; fileEncoding = 4; lastKnownFileType = sourcecode.c.h; path = DDAbstractDatabaseLogger.h; sourceTree = "<group>"; };
		49D605CE16D836160006BB95 /* DDAbstractDatabaseLogger.m */ = {isa = PBXFileReference; fileEncoding = 4; lastKnownFileType = sourcecode.c.objc; path = DDAbstractDatabaseLogger.m; sourceTree = "<group>"; };
		49D605CF16D836160006BB95 /* DDASLLogger.h */ = {isa = PBXFileReference; fileEncoding = 4; lastKnownFileType = sourcecode.c.h; path = DDASLLogger.h; sourceTree = "<group>"; };
		49D605D016D836160006BB95 /* DDASLLogger.m */ = {isa = PBXFileReference; fileEncoding = 4; lastKnownFileType = sourcecode.c.objc; path = DDASLLogger.m; sourceTree = "<group>"; };
		49D605D116D836160006BB95 /* DDFileLogger.h */ = {isa = PBXFileReference; fileEncoding = 4; lastKnownFileType = sourcecode.c.h; path = DDFileLogger.h; sourceTree = "<group>"; };
		49D605D216D836160006BB95 /* DDFileLogger.m */ = {isa = PBXFileReference; fileEncoding = 4; lastKnownFileType = sourcecode.c.objc; path = DDFileLogger.m; sourceTree = "<group>"; };
		49D605D316D836160006BB95 /* DDLog.h */ = {isa = PBXFileReference; fileEncoding = 4; lastKnownFileType = sourcecode.c.h; path = DDLog.h; sourceTree = "<group>"; };
		49D605D416D836160006BB95 /* DDLog.m */ = {isa = PBXFileReference; fileEncoding = 4; lastKnownFileType = sourcecode.c.objc; path = DDLog.m; sourceTree = "<group>"; };
		49D605D516D836160006BB95 /* DDTTYLogger.h */ = {isa = PBXFileReference; fileEncoding = 4; lastKnownFileType = sourcecode.c.h; path = DDTTYLogger.h; sourceTree = "<group>"; };
		49D605D616D836160006BB95 /* DDTTYLogger.m */ = {isa = PBXFileReference; fileEncoding = 4; lastKnownFileType = sourcecode.c.objc; path = DDTTYLogger.m; sourceTree = "<group>"; };
		49D605D816D836160006BB95 /* ContextFilterLogFormatter.h */ = {isa = PBXFileReference; fileEncoding = 4; lastKnownFileType = sourcecode.c.h; path = ContextFilterLogFormatter.h; sourceTree = "<group>"; };
		49D605D916D836160006BB95 /* ContextFilterLogFormatter.m */ = {isa = PBXFileReference; fileEncoding = 4; lastKnownFileType = sourcecode.c.objc; path = ContextFilterLogFormatter.m; sourceTree = "<group>"; };
		49D605DA16D836160006BB95 /* DispatchQueueLogFormatter.h */ = {isa = PBXFileReference; fileEncoding = 4; lastKnownFileType = sourcecode.c.h; path = DispatchQueueLogFormatter.h; sourceTree = "<group>"; };
		49D605DB16D836160006BB95 /* DispatchQueueLogFormatter.m */ = {isa = PBXFileReference; fileEncoding = 4; lastKnownFileType = sourcecode.c.objc; path = DispatchQueueLogFormatter.m; sourceTree = "<group>"; };
		49D605DC16D836160006BB95 /* README.txt */ = {isa = PBXFileReference; fileEncoding = 4; lastKnownFileType = text; path = README.txt; sourceTree = "<group>"; };
		49D6063016D836160006BB95 /* NSString+DDXML.h */ = {isa = PBXFileReference; fileEncoding = 4; lastKnownFileType = sourcecode.c.h; path = "NSString+DDXML.h"; sourceTree = "<group>"; };
		49D6063116D836160006BB95 /* NSString+DDXML.m */ = {isa = PBXFileReference; fileEncoding = 4; lastKnownFileType = sourcecode.c.objc; path = "NSString+DDXML.m"; sourceTree = "<group>"; };
		49D6063216D836160006BB95 /* DDXML.h */ = {isa = PBXFileReference; fileEncoding = 4; lastKnownFileType = sourcecode.c.h; path = DDXML.h; sourceTree = "<group>"; };
		49D6063316D836160006BB95 /* DDXMLDocument.h */ = {isa = PBXFileReference; fileEncoding = 4; lastKnownFileType = sourcecode.c.h; path = DDXMLDocument.h; sourceTree = "<group>"; };
		49D6063416D836160006BB95 /* DDXMLDocument.m */ = {isa = PBXFileReference; fileEncoding = 4; lastKnownFileType = sourcecode.c.objc; path = DDXMLDocument.m; sourceTree = "<group>"; };
		49D6063516D836160006BB95 /* DDXMLElement.h */ = {isa = PBXFileReference; fileEncoding = 4; lastKnownFileType = sourcecode.c.h; path = DDXMLElement.h; sourceTree = "<group>"; };
		49D6063616D836160006BB95 /* DDXMLElement.m */ = {isa = PBXFileReference; fileEncoding = 4; lastKnownFileType = sourcecode.c.objc; path = DDXMLElement.m; sourceTree = "<group>"; };
		49D6063716D836160006BB95 /* DDXMLNode.h */ = {isa = PBXFileReference; fileEncoding = 4; lastKnownFileType = sourcecode.c.h; path = DDXMLNode.h; sourceTree = "<group>"; };
		49D6063816D836160006BB95 /* DDXMLNode.m */ = {isa = PBXFileReference; fileEncoding = 4; lastKnownFileType = sourcecode.c.objc; path = DDXMLNode.m; sourceTree = "<group>"; };
		49D6063A16D836160006BB95 /* DDXMLPrivate.h */ = {isa = PBXFileReference; fileEncoding = 4; lastKnownFileType = sourcecode.c.h; path = DDXMLPrivate.h; sourceTree = "<group>"; };
		49D6063C16D836160006BB95 /* build-libidn.sh */ = {isa = PBXFileReference; fileEncoding = 4; lastKnownFileType = text.script.sh; path = "build-libidn.sh"; sourceTree = "<group>"; };
		49D6063D16D836160006BB95 /* idn-int.h */ = {isa = PBXFileReference; fileEncoding = 4; lastKnownFileType = sourcecode.c.h; path = "idn-int.h"; sourceTree = "<group>"; };
		49D6063E16D836160006BB95 /* libidn.a */ = {isa = PBXFileReference; lastKnownFileType = archive.ar; path = libidn.a; sourceTree = "<group>"; };
		49D6063F16D836160006BB95 /* stringprep.h */ = {isa = PBXFileReference; fileEncoding = 4; lastKnownFileType = sourcecode.c.h; path = stringprep.h; sourceTree = "<group>"; };
		49D6098816D83B7E0006BB95 /* libresolv.dylib */ = {isa = PBXFileReference; lastKnownFileType = "compiled.mach-o.dylib"; name = libresolv.dylib; path = usr/lib/libresolv.dylib; sourceTree = SDKROOT; };
		49DAEF3916D8416600178FD8 /* CLModuleController.h */ = {isa = PBXFileReference; fileEncoding = 4; lastKnownFileType = sourcecode.c.h; path = CLModuleController.h; sourceTree = "<group>"; };
		49DAEF3A16D8416600178FD8 /* CLModuleController.m */ = {isa = PBXFileReference; fileEncoding = 4; lastKnownFileType = sourcecode.c.objc; path = CLModuleController.m; sourceTree = "<group>"; };
		49DAEF3B16D8416600178FD8 /* CLRosterController.h */ = {isa = PBXFileReference; fileEncoding = 4; lastKnownFileType = sourcecode.c.h; path = CLRosterController.h; sourceTree = "<group>"; };
		49DAEF3C16D8416600178FD8 /* CLRosterController.m */ = {isa = PBXFileReference; fileEncoding = 4; lastKnownFileType = sourcecode.c.objc; path = CLRosterController.m; sourceTree = "<group>"; };
		49DAEF3D16D8416600178FD8 /* CLXMPPController.h */ = {isa = PBXFileReference; fileEncoding = 4; lastKnownFileType = sourcecode.c.h; path = CLXMPPController.h; sourceTree = "<group>"; };
		49DAEF3E16D8416600178FD8 /* CLXMPPController.m */ = {isa = PBXFileReference; fileEncoding = 4; lastKnownFileType = sourcecode.c.objc; path = CLXMPPController.m; sourceTree = "<group>"; };
		49DAEF4116D8416600178FD8 /* ILCommentBodyCell.h */ = {isa = PBXFileReference; fileEncoding = 4; lastKnownFileType = sourcecode.c.h; path = ILCommentBodyCell.h; sourceTree = "<group>"; };
		49DAEF4216D8416600178FD8 /* ILCommentBodyCell.m */ = {isa = PBXFileReference; fileEncoding = 4; lastKnownFileType = sourcecode.c.objc; path = ILCommentBodyCell.m; sourceTree = "<group>"; };
		49DAEF4316D8416600178FD8 /* ILCommentComposeViewController.h */ = {isa = PBXFileReference; fileEncoding = 4; lastKnownFileType = sourcecode.c.h; path = ILCommentComposeViewController.h; sourceTree = "<group>"; };
		49DAEF4416D8416600178FD8 /* ILCommentComposeViewController.m */ = {isa = PBXFileReference; fileEncoding = 4; lastKnownFileType = sourcecode.c.objc; path = ILCommentComposeViewController.m; sourceTree = "<group>"; };
		49DAEF4516D8416600178FD8 /* ILCommentEventCell.h */ = {isa = PBXFileReference; fileEncoding = 4; lastKnownFileType = sourcecode.c.h; path = ILCommentEventCell.h; sourceTree = "<group>"; };
		49DAEF4616D8416600178FD8 /* ILCommentEventCell.m */ = {isa = PBXFileReference; fileEncoding = 4; lastKnownFileType = sourcecode.c.objc; path = ILCommentEventCell.m; sourceTree = "<group>"; };
		49DAEF4716D8416600178FD8 /* ILAddRecipientsViewController.h */ = {isa = PBXFileReference; fileEncoding = 4; lastKnownFileType = sourcecode.c.h; path = ILAddRecipientsViewController.h; sourceTree = "<group>"; };
		49DAEF4816D8416600178FD8 /* ILAddRecipientsViewController.m */ = {isa = PBXFileReference; fileEncoding = 4; lastKnownFileType = sourcecode.c.objc; path = ILAddRecipientsViewController.m; sourceTree = "<group>"; };
		49DAEF4916D8416600178FD8 /* ILRecipientsViewController.h */ = {isa = PBXFileReference; fileEncoding = 4; lastKnownFileType = sourcecode.c.h; path = ILRecipientsViewController.h; sourceTree = "<group>"; };
		49DAEF4A16D8416600178FD8 /* ILRecipientsViewController.m */ = {isa = PBXFileReference; fileEncoding = 4; lastKnownFileType = sourcecode.c.objc; path = ILRecipientsViewController.m; sourceTree = "<group>"; };
		49DAEF4B16D8416600178FD8 /* ILSettingsViewController.h */ = {isa = PBXFileReference; fileEncoding = 4; lastKnownFileType = sourcecode.c.h; path = ILSettingsViewController.h; sourceTree = "<group>"; };
		49DAEF4C16D8416600178FD8 /* ILSettingsViewController.m */ = {isa = PBXFileReference; fileEncoding = 4; lastKnownFileType = sourcecode.c.objc; path = ILSettingsViewController.m; sourceTree = "<group>"; };
		49DAEF4D16D8416600178FD8 /* ILTimelineViewController.h */ = {isa = PBXFileReference; fileEncoding = 4; lastKnownFileType = sourcecode.c.h; path = ILTimelineViewController.h; sourceTree = "<group>"; };
		49DAEF4E16D8416600178FD8 /* ILTimelineViewController.m */ = {isa = PBXFileReference; fileEncoding = 4; lastKnownFileType = sourcecode.c.objc; path = ILTimelineViewController.m; sourceTree = "<group>"; };
		49DAEF4F16D8416600178FD8 /* MainStoryboard.storyboard */ = {isa = PBXFileReference; fileEncoding = 4; lastKnownFileType = file.storyboard; path = MainStoryboard.storyboard; sourceTree = "<group>"; };
		49DAEF5116D8416600178FD8 /* ILRosterViewController.h */ = {isa = PBXFileReference; fileEncoding = 4; lastKnownFileType = sourcecode.c.h; path = ILRosterViewController.h; sourceTree = "<group>"; };
		49DAEF5216D8416600178FD8 /* ILRosterViewController.m */ = {isa = PBXFileReference; fileEncoding = 4; lastKnownFileType = sourcecode.c.objc; path = ILRosterViewController.m; sourceTree = "<group>"; };
		49DAEF5516D8416600178FD8 /* MLCommentCoreDataStorageObject+Factory.h */ = {isa = PBXFileReference; fileEncoding = 4; lastKnownFileType = sourcecode.c.h; path = "MLCommentCoreDataStorageObject+Factory.h"; sourceTree = "<group>"; };
		49DAEF5616D8416600178FD8 /* MLCommentCoreDataStorageObject+Factory.m */ = {isa = PBXFileReference; fileEncoding = 4; lastKnownFileType = sourcecode.c.objc; path = "MLCommentCoreDataStorageObject+Factory.m"; sourceTree = "<group>"; };
		49DAEF5716D8416600178FD8 /* MLCommentCoreDataStorageObject.h */ = {isa = PBXFileReference; fileEncoding = 4; lastKnownFileType = sourcecode.c.h; path = MLCommentCoreDataStorageObject.h; sourceTree = "<group>"; };
		49DAEF5816D8416600178FD8 /* MLCommentCoreDataStorageObject.m */ = {isa = PBXFileReference; fileEncoding = 4; lastKnownFileType = sourcecode.c.objc; path = MLCommentCoreDataStorageObject.m; sourceTree = "<group>"; };
		49DAEF5A16D8416600178FD8 /* MLImageCoreDataStorageObject+Factory.h */ = {isa = PBXFileReference; fileEncoding = 4; lastKnownFileType = sourcecode.c.h; path = "MLImageCoreDataStorageObject+Factory.h"; sourceTree = "<group>"; };
		49DAEF5B16D8416600178FD8 /* MLImageCoreDataStorageObject+Factory.m */ = {isa = PBXFileReference; fileEncoding = 4; lastKnownFileType = sourcecode.c.objc; path = "MLImageCoreDataStorageObject+Factory.m"; sourceTree = "<group>"; };
		49DAEF5C16D8416600178FD8 /* MLImageCoreDataStorageObject.h */ = {isa = PBXFileReference; fileEncoding = 4; lastKnownFileType = sourcecode.c.h; path = MLImageCoreDataStorageObject.h; sourceTree = "<group>"; };
		49DAEF5D16D8416600178FD8 /* MLImageCoreDataStorageObject.m */ = {isa = PBXFileReference; fileEncoding = 4; lastKnownFileType = sourcecode.c.objc; path = MLImageCoreDataStorageObject.m; sourceTree = "<group>"; };
		49DAEF5F16D8416600178FD8 /* MLEvent.xcdatamodel */ = {isa = PBXFileReference; lastKnownFileType = wrapper.xcdatamodel; path = MLEvent.xcdatamodel; sourceTree = "<group>"; };
		49DAEF6016D8416600178FD8 /* MLEventCoreDataStorage.h */ = {isa = PBXFileReference; fileEncoding = 4; lastKnownFileType = sourcecode.c.h; path = MLEventCoreDataStorage.h; sourceTree = "<group>"; };
		49DAEF6116D8416600178FD8 /* MLEventCoreDataStorage.m */ = {isa = PBXFileReference; fileEncoding = 4; lastKnownFileType = sourcecode.c.objc; path = MLEventCoreDataStorage.m; sourceTree = "<group>"; };
		49DAEF6216D8416600178FD8 /* MLEventCoreDataStorageObject.h */ = {isa = PBXFileReference; fileEncoding = 4; lastKnownFileType = sourcecode.c.h; path = MLEventCoreDataStorageObject.h; sourceTree = "<group>"; };
		49DAEF6316D8416600178FD8 /* MLEventCoreDataStorageObject.m */ = {isa = PBXFileReference; fileEncoding = 4; lastKnownFileType = sourcecode.c.objc; path = MLEventCoreDataStorageObject.m; sourceTree = "<group>"; };
		49DAEF6416D8416600178FD8 /* MLModuleDataCoreDataStorageObject.h */ = {isa = PBXFileReference; fileEncoding = 4; lastKnownFileType = sourcecode.c.h; path = MLModuleDataCoreDataStorageObject.h; sourceTree = "<group>"; };
		49DAEF6516D8416600178FD8 /* MLModuleDataCoreDataStorageObject.m */ = {isa = PBXFileReference; fileEncoding = 4; lastKnownFileType = sourcecode.c.objc; path = MLModuleDataCoreDataStorageObject.m; sourceTree = "<group>"; };
		49DAEF6616D8416600178FD8 /* MLModuleDataProtocol.h */ = {isa = PBXFileReference; fileEncoding = 4; lastKnownFileType = sourcecode.c.h; path = MLModuleDataProtocol.h; sourceTree = "<group>"; };
		49DAEF6716D8416600178FD8 /* MLUserCoreDataStorageObject.h */ = {isa = PBXFileReference; fileEncoding = 4; lastKnownFileType = sourcecode.c.h; path = MLUserCoreDataStorageObject.h; sourceTree = "<group>"; };
		49DAEF6816D8416600178FD8 /* MLUserCoreDataStorageObject.m */ = {isa = PBXFileReference; fileEncoding = 4; lastKnownFileType = sourcecode.c.objc; path = MLUserCoreDataStorageObject.m; sourceTree = "<group>"; };
		49DAEF6B16D8416600178FD8 /* PLComment.h */ = {isa = PBXFileReference; fileEncoding = 4; lastKnownFileType = sourcecode.c.h; lineEnding = 0; path = PLComment.h; sourceTree = "<group>"; xcLanguageSpecificationIdentifier = xcode.lang.objcpp; };
		49DAEF6C16D8416600178FD8 /* PLComment.m */ = {isa = PBXFileReference; fileEncoding = 4; lastKnownFileType = sourcecode.c.objc; lineEnding = 0; path = PLComment.m; sourceTree = "<group>"; xcLanguageSpecificationIdentifier = xcode.lang.objc; };
		49DAEF6D16D8416600178FD8 /* PLCommentModule.h */ = {isa = PBXFileReference; fileEncoding = 4; lastKnownFileType = sourcecode.c.h; path = PLCommentModule.h; sourceTree = "<group>"; };
		49DAEF6E16D8416600178FD8 /* PLCommentModule.m */ = {isa = PBXFileReference; fileEncoding = 4; lastKnownFileType = sourcecode.c.objc; path = PLCommentModule.m; sourceTree = "<group>"; };
		49DAEF6F16D8416600178FD8 /* PLEvent.h */ = {isa = PBXFileReference; fileEncoding = 4; lastKnownFileType = sourcecode.c.h; path = PLEvent.h; sourceTree = "<group>"; };
		49DAEF7016D8416600178FD8 /* PLEvent.m */ = {isa = PBXFileReference; fileEncoding = 4; lastKnownFileType = sourcecode.c.objc; path = PLEvent.m; sourceTree = "<group>"; };
		49DAEF7116D8416600178FD8 /* PLModule.h */ = {isa = PBXFileReference; fileEncoding = 4; lastKnownFileType = sourcecode.c.h; path = PLModule.h; sourceTree = "<group>"; };
		49DAEF7216D8416600178FD8 /* PLModule.m */ = {isa = PBXFileReference; fileEncoding = 4; lastKnownFileType = sourcecode.c.objc; path = PLModule.m; sourceTree = "<group>"; };
		49DAEF7916D8416600178FD8 /* XMPPMessage+MLEvent.h */ = {isa = PBXFileReference; fileEncoding = 4; lastKnownFileType = sourcecode.c.h; path = "XMPPMessage+MLEvent.h"; sourceTree = "<group>"; };
		49DAEF7A16D8416600178FD8 /* XMPPMessage+MLEvent.m */ = {isa = PBXFileReference; fileEncoding = 4; lastKnownFileType = sourcecode.c.objc; path = "XMPPMessage+MLEvent.m"; sourceTree = "<group>"; };
		49DAEF7C16D8416600178FD8 /* AppDelegate.h */ = {isa = PBXFileReference; fileEncoding = 4; lastKnownFileType = sourcecode.c.h; path = AppDelegate.h; sourceTree = "<group>"; };
		49DAEF7D16D8416600178FD8 /* AppDelegate.m */ = {isa = PBXFileReference; fileEncoding = 4; lastKnownFileType = sourcecode.c.objc; path = AppDelegate.m; sourceTree = "<group>"; };
		49DAEF7F16D8416600178FD8 /* NSString+FirstCapitalized.h */ = {isa = PBXFileReference; fileEncoding = 4; lastKnownFileType = sourcecode.c.h; path = "NSString+FirstCapitalized.h"; sourceTree = "<group>"; };
		49DAEF8016D8416600178FD8 /* NSString+FirstCapitalized.m */ = {isa = PBXFileReference; fileEncoding = 4; lastKnownFileType = sourcecode.c.objc; path = "NSString+FirstCapitalized.m"; sourceTree = "<group>"; };
		49DAEF8216D8416600178FD8 /* KeychainItemWrapper.h */ = {isa = PBXFileReference; fileEncoding = 4; lastKnownFileType = sourcecode.c.h; path = KeychainItemWrapper.h; sourceTree = "<group>"; };
		49DAEF8316D8416600178FD8 /* KeychainItemWrapper.m */ = {isa = PBXFileReference; fileEncoding = 4; lastKnownFileType = sourcecode.c.objc; path = KeychainItemWrapper.m; sourceTree = "<group>"; };
		49DAEF8416D8416600178FD8 /* PreferencesController.h */ = {isa = PBXFileReference; fileEncoding = 4; lastKnownFileType = sourcecode.c.h; path = PreferencesController.h; sourceTree = "<group>"; };
		49DAEF8516D8416600178FD8 /* PreferencesController.m */ = {isa = PBXFileReference; fileEncoding = 4; lastKnownFileType = sourcecode.c.objc; path = PreferencesController.m; sourceTree = "<group>"; };
		49DAEF9016D8416600178FD8 /* main.m */ = {isa = PBXFileReference; fileEncoding = 4; lastKnownFileType = sourcecode.c.objc; path = main.m; sourceTree = "<group>"; };
		49DAEF9116D8416600178FD8 /* Social-Info.plist */ = {isa = PBXFileReference; fileEncoding = 4; lastKnownFileType = text.plist.xml; path = "Social-Info.plist"; sourceTree = "<group>"; };
		49DAEF9216D8416600178FD8 /* Social-Prefix.pch */ = {isa = PBXFileReference; fileEncoding = 4; lastKnownFileType = sourcecode.c.h; path = "Social-Prefix.pch"; sourceTree = "<group>"; };
		49DAEF9316D8416600178FD8 /* SOLogging.h */ = {isa = PBXFileReference; fileEncoding = 4; lastKnownFileType = sourcecode.c.h; path = SOLogging.h; sourceTree = "<group>"; };
		49DAEF9416D8416600178FD8 /* XMPPFramework.h */ = {isa = PBXFileReference; fileEncoding = 4; lastKnownFileType = sourcecode.c.h; path = XMPPFramework.h; sourceTree = "<group>"; };
		49DAEFBB16D842A100178FD8 /* de */ = {isa = PBXFileReference; lastKnownFileType = text.plist.strings; name = de; path = de.lproj/InfoPlist.strings; sourceTree = "<group>"; };
		49DAEFBD16D842A100178FD8 /* de */ = {isa = PBXFileReference; lastKnownFileType = text.plist.strings; name = de; path = de.lproj/Localizable.strings; sourceTree = "<group>"; };
		49DAEFBF16D842A100178FD8 /* de */ = {isa = PBXFileReference; lastKnownFileType = text.plist.strings; name = de; path = de.lproj/MainStoryboard.strings; sourceTree = "<group>"; };
		49DAEFC016D842A100178FD8 /* en */ = {isa = PBXFileReference; lastKnownFileType = text.plist.strings; name = en; path = en.lproj/InfoPlist.strings; sourceTree = "<group>"; };
		49DAEFC116D842A100178FD8 /* en */ = {isa = PBXFileReference; lastKnownFileType = text.plist.strings; name = en; path = en.lproj/Localizable.strings; sourceTree = "<group>"; };
		49DAEFC216D842A100178FD8 /* en */ = {isa = PBXFileReference; lastKnownFileType = text.plist.strings; name = en; path = en.lproj/MainStoryboard.strings; sourceTree = "<group>"; };
		49DAEFC716DC096500178FD8 /* SideBarTitle.png */ = {isa = PBXFileReference; lastKnownFileType = image.png; path = SideBarTitle.png; sourceTree = "<group>"; };
		49DAEFC816DC096500178FD8 /* SideBarTitle@2x.png */ = {isa = PBXFileReference; lastKnownFileType = image.png; path = "SideBarTitle@2x.png"; sourceTree = "<group>"; };
		49DAEFCB16DC222200178FD8 /* AddIcon.png */ = {isa = PBXFileReference; lastKnownFileType = image.png; path = AddIcon.png; sourceTree = "<group>"; };
		49DAEFCC16DC222200178FD8 /* AddIcon@2x.png */ = {isa = PBXFileReference; lastKnownFileType = image.png; path = "AddIcon@2x.png"; sourceTree = "<group>"; };
		49DAEFCD16DC222200178FD8 /* ContactsIcon.png */ = {isa = PBXFileReference; lastKnownFileType = image.png; path = ContactsIcon.png; sourceTree = "<group>"; };
		49DAEFCE16DC222200178FD8 /* ContactsIcon@2x.png */ = {isa = PBXFileReference; lastKnownFileType = image.png; path = "ContactsIcon@2x.png"; sourceTree = "<group>"; };
		49DAEFCF16DC222200178FD8 /* MessageIcon.png */ = {isa = PBXFileReference; lastKnownFileType = image.png; path = MessageIcon.png; sourceTree = "<group>"; };
		49DAEFD016DC222200178FD8 /* MessageIcon@2x.png */ = {isa = PBXFileReference; lastKnownFileType = image.png; path = "MessageIcon@2x.png"; sourceTree = "<group>"; };
		49DAEFD116DC222200178FD8 /* ProfileIcon.png */ = {isa = PBXFileReference; lastKnownFileType = image.png; path = ProfileIcon.png; sourceTree = "<group>"; };
		49DAEFD216DC222200178FD8 /* ProfileIcon@2x.png */ = {isa = PBXFileReference; lastKnownFileType = image.png; path = "ProfileIcon@2x.png"; sourceTree = "<group>"; };
		49DAEFD316DC222200178FD8 /* TimeIcon.png */ = {isa = PBXFileReference; lastKnownFileType = image.png; path = TimeIcon.png; sourceTree = "<group>"; };
		49DAEFD416DC222200178FD8 /* TimeIcon@2x.png */ = {isa = PBXFileReference; lastKnownFileType = image.png; path = "TimeIcon@2x.png"; sourceTree = "<group>"; };
		49DAEFDF16DC244300178FD8 /* SettingsIcon.png */ = {isa = PBXFileReference; lastKnownFileType = image.png; path = SettingsIcon.png; sourceTree = "<group>"; };
		49DAEFE016DC244300178FD8 /* SettingsIcon@2x.png */ = {isa = PBXFileReference; lastKnownFileType = image.png; path = "SettingsIcon@2x.png"; sourceTree = "<group>"; };
		49DAEFEB16DD505C00178FD8 /* ILSideBarContainerViewController.h */ = {isa = PBXFileReference; fileEncoding = 4; lastKnownFileType = sourcecode.c.h; path = ILSideBarContainerViewController.h; sourceTree = "<group>"; };
		49DAEFEC16DD505C00178FD8 /* ILSideBarContainerViewController.m */ = {isa = PBXFileReference; fileEncoding = 4; lastKnownFileType = sourcecode.c.objc; path = ILSideBarContainerViewController.m; sourceTree = "<group>"; };
		49DAEFEE16DD518A00178FD8 /* ILSideBarTableViewController.h */ = {isa = PBXFileReference; fileEncoding = 4; lastKnownFileType = sourcecode.c.h; path = ILSideBarTableViewController.h; sourceTree = "<group>"; };
		49DAEFEF16DD518A00178FD8 /* ILSideBarTableViewController.m */ = {isa = PBXFileReference; fileEncoding = 4; lastKnownFileType = sourcecode.c.objc; path = ILSideBarTableViewController.m; sourceTree = "<group>"; };
		49DAEFF216DD62FF00178FD8 /* ILAnimationUtil.h */ = {isa = PBXFileReference; fileEncoding = 4; lastKnownFileType = sourcecode.c.h; path = ILAnimationUtil.h; sourceTree = "<group>"; };
		49DAEFF316DD62FF00178FD8 /* ILAnimationUtil.m */ = {isa = PBXFileReference; fileEncoding = 4; lastKnownFileType = sourcecode.c.objc; path = ILAnimationUtil.m; sourceTree = "<group>"; };
		49EB2B2615430EF400BE61F1 /* Social.app */ = {isa = PBXFileReference; explicitFileType = wrapper.application; includeInIndex = 0; path = Social.app; sourceTree = BUILT_PRODUCTS_DIR; };
		49EB2B2A15430EF400BE61F1 /* UIKit.framework */ = {isa = PBXFileReference; lastKnownFileType = wrapper.framework; name = UIKit.framework; path = System/Library/Frameworks/UIKit.framework; sourceTree = SDKROOT; };
		49EB2B2C15430EF400BE61F1 /* Foundation.framework */ = {isa = PBXFileReference; lastKnownFileType = wrapper.framework; name = Foundation.framework; path = System/Library/Frameworks/Foundation.framework; sourceTree = SDKROOT; };
		49EB2B2E15430EF400BE61F1 /* CoreGraphics.framework */ = {isa = PBXFileReference; lastKnownFileType = wrapper.framework; name = CoreGraphics.framework; path = System/Library/Frameworks/CoreGraphics.framework; sourceTree = SDKROOT; };
/* End PBXFileReference section */

/* Begin PBXFrameworksBuildPhase section */
		49EB2B2315430EF400BE61F1 /* Frameworks */ = {
			isa = PBXFrameworksBuildPhase;
			buildActionMask = 2147483647;
			files = (
				49D6098916D83B7E0006BB95 /* libresolv.dylib in Frameworks */,
				49D6098716D83B3A0006BB95 /* libidn.a in Frameworks */,
				0831083716B54CB300FDC40A /* CoreData.framework in Frameworks */,
				08797BB416A7510D002E5173 /* SystemConfiguration.framework in Frameworks */,
				086B2E8D16A60660003EDEE7 /* CFNetwork.framework in Frameworks */,
				086B2E8B16A60656003EDEE7 /* Security.framework in Frameworks */,
				49EB2B2B15430EF400BE61F1 /* UIKit.framework in Frameworks */,
				49EB2B2D15430EF400BE61F1 /* Foundation.framework in Frameworks */,
				49EB2B2F15430EF400BE61F1 /* CoreGraphics.framework in Frameworks */,
			);
			runOnlyForDeploymentPostprocessing = 0;
		};
/* End PBXFrameworksBuildPhase section */

/* Begin PBXGroup section */
		0802E4C216DA77B8007ACF38 /* XEP-0060 */ = {
			isa = PBXGroup;
			children = (
				0802E4C316DA77B8007ACF38 /* XMPPPubSub.h */,
				0802E4C416DA77B8007ACF38 /* XMPPPubSub.m */,
			);
			path = "XEP-0060";
			sourceTree = "<group>";
		};
		085334E216D80B4300BA3714 /* Resources */ = {
			isa = PBXGroup;
			children = (
				085334E316D80B4300BA3714 /* Images */,
			);
			name = Resources;
			path = Ressources;
			sourceTree = "<group>";
		};
		085334E316D80B4300BA3714 /* Images */ = {
			isa = PBXGroup;
			children = (
				49DAEFC616DC096500178FD8 /* SideBar */,
				085334E416D80B4300BA3714 /* Default-568h@2x.png */,
				085334E516D80B4300BA3714 /* Default.png */,
				085334E616D80B4300BA3714 /* Default@2x.png */,
			);
			path = Images;
			sourceTree = "<group>";
		};
		08930DC216D81F9300AA0D1A /* Frameworks */ = {
			isa = PBXGroup;
			children = (
				49D604D516D836150006BB95 /* XMPPFramework */,
				0831083616B54CB300FDC40A /* CoreData.framework */,
				08797BB316A7510D002E5173 /* SystemConfiguration.framework */,
				086B2E8C16A60660003EDEE7 /* CFNetwork.framework */,
				086B2E8A16A60656003EDEE7 /* Security.framework */,
				49EB2B2A15430EF400BE61F1 /* UIKit.framework */,
				49EB2B2C15430EF400BE61F1 /* Foundation.framework */,
				49EB2B2E15430EF400BE61F1 /* CoreGraphics.framework */,
			);
			path = Frameworks;
			sourceTree = "<group>";
		};
		49D604D516D836150006BB95 /* XMPPFramework */ = {
			isa = PBXGroup;
			children = (
				49D604D916D836150006BB95 /* Authentication */,
				49D604ED16D836150006BB95 /* Categories */,
				49D604F516D836150006BB95 /* Core */,
				49D6050916D836150006BB95 /* Extensions */,
				49D605BB16D836160006BB95 /* Utilities */,
				49D605C816D836160006BB95 /* Vendor */,
			);
			path = XMPPFramework;
			sourceTree = "<group>";
		};
		49D604D916D836150006BB95 /* Authentication */ = {
			isa = PBXGroup;
			children = (
				49D604DA16D836150006BB95 /* Anonymous */,
				49D604DD16D836150006BB95 /* Deprecated-Digest */,
				49D604E016D836150006BB95 /* Deprecated-Plain */,
				49D604E316D836150006BB95 /* Digest-MD5 */,
				49D604E616D836150006BB95 /* Plain */,
				49D604E916D836150006BB95 /* X-Facebook-Platform */,
				49D604EC16D836150006BB95 /* XMPPSASLAuthentication.h */,
			);
			path = Authentication;
			sourceTree = "<group>";
		};
		49D604DA16D836150006BB95 /* Anonymous */ = {
			isa = PBXGroup;
			children = (
				49D604DB16D836150006BB95 /* XMPPAnonymousAuthentication.h */,
				49D604DC16D836150006BB95 /* XMPPAnonymousAuthentication.m */,
			);
			path = Anonymous;
			sourceTree = "<group>";
		};
		49D604DD16D836150006BB95 /* Deprecated-Digest */ = {
			isa = PBXGroup;
			children = (
				49D604DE16D836150006BB95 /* XMPPDeprecatedDigestAuthentication.h */,
				49D604DF16D836150006BB95 /* XMPPDeprecatedDigestAuthentication.m */,
			);
			path = "Deprecated-Digest";
			sourceTree = "<group>";
		};
		49D604E016D836150006BB95 /* Deprecated-Plain */ = {
			isa = PBXGroup;
			children = (
				49D604E116D836150006BB95 /* XMPPDeprecatedPlainAuthentication.h */,
				49D604E216D836150006BB95 /* XMPPDeprecatedPlainAuthentication.m */,
			);
			path = "Deprecated-Plain";
			sourceTree = "<group>";
		};
		49D604E316D836150006BB95 /* Digest-MD5 */ = {
			isa = PBXGroup;
			children = (
				49D604E416D836150006BB95 /* XMPPDigestMD5Authentication.h */,
				49D604E516D836150006BB95 /* XMPPDigestMD5Authentication.m */,
			);
			path = "Digest-MD5";
			sourceTree = "<group>";
		};
		49D604E616D836150006BB95 /* Plain */ = {
			isa = PBXGroup;
			children = (
				49D604E716D836150006BB95 /* XMPPPlainAuthentication.h */,
				49D604E816D836150006BB95 /* XMPPPlainAuthentication.m */,
			);
			path = Plain;
			sourceTree = "<group>";
		};
		49D604E916D836150006BB95 /* X-Facebook-Platform */ = {
			isa = PBXGroup;
			children = (
				49D604EA16D836150006BB95 /* XMPPXFacebookPlatformAuthentication.h */,
				49D604EB16D836150006BB95 /* XMPPXFacebookPlatformAuthentication.m */,
			);
			path = "X-Facebook-Platform";
			sourceTree = "<group>";
		};
		49D604ED16D836150006BB95 /* Categories */ = {
			isa = PBXGroup;
			children = (
				49D604EE16D836150006BB95 /* NSData+XMPP.h */,
				49D604EF16D836150006BB95 /* NSData+XMPP.m */,
				49D604F016D836150006BB95 /* NSNumber+XMPP.h */,
				49D604F116D836150006BB95 /* NSNumber+XMPP.m */,
				49D604F216D836150006BB95 /* NSXMLElement+XMPP.h */,
				49D604F316D836150006BB95 /* NSXMLElement+XMPP.m */,
			);
			path = Categories;
			sourceTree = "<group>";
		};
		49D604F516D836150006BB95 /* Core */ = {
			isa = PBXGroup;
			children = (
				49D604F616D836150006BB95 /* XMPP.h */,
				49D604F716D836150006BB95 /* XMPPElement.h */,
				49D604F816D836150006BB95 /* XMPPElement.m */,
				49D604F916D836150006BB95 /* XMPPInternal.h */,
				49D604FA16D836150006BB95 /* XMPPIQ.h */,
				49D604FB16D836150006BB95 /* XMPPIQ.m */,
				49D604FC16D836150006BB95 /* XMPPJID.h */,
				49D604FD16D836150006BB95 /* XMPPJID.m */,
				49D604FE16D836150006BB95 /* XMPPLogging.h */,
				49D604FF16D836150006BB95 /* XMPPMessage.h */,
				49D6050016D836150006BB95 /* XMPPMessage.m */,
				49D6050116D836150006BB95 /* XMPPModule.h */,
				49D6050216D836150006BB95 /* XMPPModule.m */,
				49D6050316D836150006BB95 /* XMPPParser.h */,
				49D6050416D836150006BB95 /* XMPPParser.m */,
				49D6050516D836150006BB95 /* XMPPPresence.h */,
				49D6050616D836150006BB95 /* XMPPPresence.m */,
				49D6050716D836150006BB95 /* XMPPStream.h */,
				49D6050816D836150006BB95 /* XMPPStream.m */,
			);
			path = Core;
			sourceTree = "<group>";
		};
		49D6050916D836150006BB95 /* Extensions */ = {
			isa = PBXGroup;
			children = (
				49D6050D16D836150006BB95 /* CoreDataStorage */,
				49D6051416D836150006BB95 /* Reconnect */,
				49D6051716D836150006BB95 /* Roster */,
				0802E4C216DA77B8007ACF38 /* XEP-0060 */,
				49D6057C16D836160006BB95 /* XEP-0065 */,
				49D6057F16D836160006BB95 /* XEP-0082 */,
				49D605B116D836160006BB95 /* XEP-0203 */,
			);
			path = Extensions;
			sourceTree = "<group>";
		};
		49D6050D16D836150006BB95 /* CoreDataStorage */ = {
			isa = PBXGroup;
			children = (
				49D6050E16D836150006BB95 /* XMPPCoreDataStorage.h */,
				49D6050F16D836150006BB95 /* XMPPCoreDataStorage.m */,
				49D6051016D836150006BB95 /* XMPPCoreDataStorageProtected.h */,
			);
			path = CoreDataStorage;
			sourceTree = "<group>";
		};
		49D6051416D836150006BB95 /* Reconnect */ = {
			isa = PBXGroup;
			children = (
				49D6051516D836150006BB95 /* XMPPReconnect.h */,
				49D6051616D836150006BB95 /* XMPPReconnect.m */,
			);
			path = Reconnect;
			sourceTree = "<group>";
		};
		49D6051716D836150006BB95 /* Roster */ = {
			isa = PBXGroup;
			children = (
				49D6051816D836150006BB95 /* CoreDataStorage */,
				49D6052216D836160006BB95 /* MemoryStorage */,
				49D6052A16D836160006BB95 /* XMPPResource.h */,
				49D6052B16D836160006BB95 /* XMPPRoster.h */,
				49D6052C16D836160006BB95 /* XMPPRoster.m */,
				49D6052D16D836160006BB95 /* XMPPRosterPrivate.h */,
				49D6052E16D836160006BB95 /* XMPPUser.h */,
			);
			path = Roster;
			sourceTree = "<group>";
		};
		49D6051816D836150006BB95 /* CoreDataStorage */ = {
			isa = PBXGroup;
			children = (
				49D6051916D836150006BB95 /* XMPPGroupCoreDataStorageObject.h */,
				49D6051A16D836150006BB95 /* XMPPGroupCoreDataStorageObject.m */,
				49D6051B16D836150006BB95 /* XMPPResourceCoreDataStorageObject.h */,
				49D6051C16D836150006BB95 /* XMPPResourceCoreDataStorageObject.m */,
				49D6051D16D836160006BB95 /* XMPPRoster.xcdatamodel */,
				49D6051E16D836160006BB95 /* XMPPRosterCoreDataStorage.h */,
				49D6051F16D836160006BB95 /* XMPPRosterCoreDataStorage.m */,
				49D6052016D836160006BB95 /* XMPPUserCoreDataStorageObject.h */,
				49D6052116D836160006BB95 /* XMPPUserCoreDataStorageObject.m */,
			);
			path = CoreDataStorage;
			sourceTree = "<group>";
		};
		49D6052216D836160006BB95 /* MemoryStorage */ = {
			isa = PBXGroup;
			children = (
				49D6052316D836160006BB95 /* XMPPResourceMemoryStorageObject.h */,
				49D6052416D836160006BB95 /* XMPPResourceMemoryStorageObject.m */,
				49D6052516D836160006BB95 /* XMPPRosterMemoryStorage.h */,
				49D6052616D836160006BB95 /* XMPPRosterMemoryStorage.m */,
				49D6052716D836160006BB95 /* XMPPRosterMemoryStoragePrivate.h */,
				49D6052816D836160006BB95 /* XMPPUserMemoryStorageObject.h */,
				49D6052916D836160006BB95 /* XMPPUserMemoryStorageObject.m */,
			);
			path = MemoryStorage;
			sourceTree = "<group>";
		};
		49D6057C16D836160006BB95 /* XEP-0065 */ = {
			isa = PBXGroup;
			children = (
				49D6057D16D836160006BB95 /* TURNSocket.h */,
				49D6057E16D836160006BB95 /* TURNSocket.m */,
			);
			path = "XEP-0065";
			sourceTree = "<group>";
		};
		49D6057F16D836160006BB95 /* XEP-0082 */ = {
			isa = PBXGroup;
			children = (
				49D6058016D836160006BB95 /* NSDate+XMPPDateTimeProfiles.h */,
				49D6058116D836160006BB95 /* NSDate+XMPPDateTimeProfiles.m */,
				49D6058216D836160006BB95 /* XMPPDateTimeProfiles.h */,
				49D6058316D836160006BB95 /* XMPPDateTimeProfiles.m */,
			);
			path = "XEP-0082";
			sourceTree = "<group>";
		};
		49D605B116D836160006BB95 /* XEP-0203 */ = {
			isa = PBXGroup;
			children = (
				49D605B216D836160006BB95 /* XMPPElement+Delay.h */,
				49D605B316D836160006BB95 /* XMPPElement+Delay.m */,
			);
			path = "XEP-0203";
			sourceTree = "<group>";
		};
		49D605BB16D836160006BB95 /* Utilities */ = {
			isa = PBXGroup;
			children = (
				49D605BC16D836160006BB95 /* DDList.h */,
				49D605BD16D836160006BB95 /* DDList.m */,
				49D605BE16D836160006BB95 /* GCDMulticastDelegate.h */,
				49D605BF16D836160006BB95 /* GCDMulticastDelegate.m */,
				49D605C016D836160006BB95 /* LibIDN.h */,
				49D605C116D836160006BB95 /* LibIDN.m */,
				49D605C216D836160006BB95 /* RFImageToDataTransformer.h */,
				49D605C316D836160006BB95 /* RFImageToDataTransformer.m */,
				49D605C416D836160006BB95 /* XMPPIDTracker.h */,
				49D605C516D836160006BB95 /* XMPPIDTracker.m */,
				49D605C616D836160006BB95 /* XMPPSRVResolver.h */,
				49D605C716D836160006BB95 /* XMPPSRVResolver.m */,
			);
			path = Utilities;
			sourceTree = "<group>";
		};
		49D605C816D836160006BB95 /* Vendor */ = {
			isa = PBXGroup;
			children = (
				49D605C916D836160006BB95 /* CocoaAsyncSocket */,
				49D605CC16D836160006BB95 /* CocoaLumberjack */,
				49D6062E16D836160006BB95 /* KissXML */,
				49D6063B16D836160006BB95 /* libidn */,
			);
			path = Vendor;
			sourceTree = "<group>";
		};
		49D605C916D836160006BB95 /* CocoaAsyncSocket */ = {
			isa = PBXGroup;
			children = (
				49D605CA16D836160006BB95 /* GCDAsyncSocket.h */,
				49D605CB16D836160006BB95 /* GCDAsyncSocket.m */,
			);
			path = CocoaAsyncSocket;
			sourceTree = "<group>";
		};
		49D605CC16D836160006BB95 /* CocoaLumberjack */ = {
			isa = PBXGroup;
			children = (
				49D605CD16D836160006BB95 /* DDAbstractDatabaseLogger.h */,
				49D605CE16D836160006BB95 /* DDAbstractDatabaseLogger.m */,
				49D605CF16D836160006BB95 /* DDASLLogger.h */,
				49D605D016D836160006BB95 /* DDASLLogger.m */,
				49D605D116D836160006BB95 /* DDFileLogger.h */,
				49D605D216D836160006BB95 /* DDFileLogger.m */,
				49D605D316D836160006BB95 /* DDLog.h */,
				49D605D416D836160006BB95 /* DDLog.m */,
				49D605D516D836160006BB95 /* DDTTYLogger.h */,
				49D605D616D836160006BB95 /* DDTTYLogger.m */,
				49D605D716D836160006BB95 /* Extensions */,
			);
			path = CocoaLumberjack;
			sourceTree = "<group>";
		};
		49D605D716D836160006BB95 /* Extensions */ = {
			isa = PBXGroup;
			children = (
				49D605D816D836160006BB95 /* ContextFilterLogFormatter.h */,
				49D605D916D836160006BB95 /* ContextFilterLogFormatter.m */,
				49D605DA16D836160006BB95 /* DispatchQueueLogFormatter.h */,
				49D605DB16D836160006BB95 /* DispatchQueueLogFormatter.m */,
				49D605DC16D836160006BB95 /* README.txt */,
			);
			path = Extensions;
			sourceTree = "<group>";
		};
		49D6062E16D836160006BB95 /* KissXML */ = {
			isa = PBXGroup;
			children = (
				49D6062F16D836160006BB95 /* Categories */,
				49D6063216D836160006BB95 /* DDXML.h */,
				49D6063316D836160006BB95 /* DDXMLDocument.h */,
				49D6063416D836160006BB95 /* DDXMLDocument.m */,
				49D6063516D836160006BB95 /* DDXMLElement.h */,
				49D6063616D836160006BB95 /* DDXMLElement.m */,
				49D6063716D836160006BB95 /* DDXMLNode.h */,
				49D6063816D836160006BB95 /* DDXMLNode.m */,
				49D6063916D836160006BB95 /* Private */,
			);
			path = KissXML;
			sourceTree = "<group>";
		};
		49D6062F16D836160006BB95 /* Categories */ = {
			isa = PBXGroup;
			children = (
				49D6063016D836160006BB95 /* NSString+DDXML.h */,
				49D6063116D836160006BB95 /* NSString+DDXML.m */,
			);
			path = Categories;
			sourceTree = "<group>";
		};
		49D6063916D836160006BB95 /* Private */ = {
			isa = PBXGroup;
			children = (
				49D6063A16D836160006BB95 /* DDXMLPrivate.h */,
			);
			path = Private;
			sourceTree = "<group>";
		};
		49D6063B16D836160006BB95 /* libidn */ = {
			isa = PBXGroup;
			children = (
				49D6063C16D836160006BB95 /* build-libidn.sh */,
				49D6063D16D836160006BB95 /* idn-int.h */,
				49D6063E16D836160006BB95 /* libidn.a */,
				49D6063F16D836160006BB95 /* stringprep.h */,
			);
			path = libidn;
			sourceTree = "<group>";
		};
		49DAEF3816D8416600178FD8 /* Communication */ = {
			isa = PBXGroup;
			children = (
				49DAEF3916D8416600178FD8 /* CLModuleController.h */,
				49DAEF3A16D8416600178FD8 /* CLModuleController.m */,
				49DAEF3B16D8416600178FD8 /* CLRosterController.h */,
				49DAEF3C16D8416600178FD8 /* CLRosterController.m */,
				49DAEF3D16D8416600178FD8 /* CLXMPPController.h */,
				49DAEF3E16D8416600178FD8 /* CLXMPPController.m */,
			);
			name = Communication;
			path = Sources/Communication;
			sourceTree = "<group>";
		};
		49DAEF3F16D8416600178FD8 /* Interface */ = {
			isa = PBXGroup;
			children = (
				49DAEFF116DD62D700178FD8 /* Utility */,
				49DAEFE716DD502500178FD8 /* SideBar */,
				49DAEF4016D8416600178FD8 /* Comment */,
				49DAEF4716D8416600178FD8 /* ILAddRecipientsViewController.h */,
				49DAEF4816D8416600178FD8 /* ILAddRecipientsViewController.m */,
				49DAEF4916D8416600178FD8 /* ILRecipientsViewController.h */,
				49DAEF4A16D8416600178FD8 /* ILRecipientsViewController.m */,
				49DAEF4B16D8416600178FD8 /* ILSettingsViewController.h */,
				49DAEF4C16D8416600178FD8 /* ILSettingsViewController.m */,
				49DAEF4D16D8416600178FD8 /* ILTimelineViewController.h */,
				49DAEF4E16D8416600178FD8 /* ILTimelineViewController.m */,
				49DAEF4F16D8416600178FD8 /* MainStoryboard.storyboard */,
				49DAEF5016D8416600178FD8 /* Roster */,
			);
			name = Interface;
			path = Sources/Interface;
			sourceTree = "<group>";
		};
		49DAEF4016D8416600178FD8 /* Comment */ = {
			isa = PBXGroup;
			children = (
				49DAEF4116D8416600178FD8 /* ILCommentBodyCell.h */,
				49DAEF4216D8416600178FD8 /* ILCommentBodyCell.m */,
				49DAEF4316D8416600178FD8 /* ILCommentComposeViewController.h */,
				49DAEF4416D8416600178FD8 /* ILCommentComposeViewController.m */,
				49DAEF4516D8416600178FD8 /* ILCommentEventCell.h */,
				49DAEF4616D8416600178FD8 /* ILCommentEventCell.m */,
			);
			path = Comment;
			sourceTree = "<group>";
		};
		49DAEF5016D8416600178FD8 /* Roster */ = {
			isa = PBXGroup;
			children = (
				49DAEF5116D8416600178FD8 /* ILRosterViewController.h */,
				49DAEF5216D8416600178FD8 /* ILRosterViewController.m */,
			);
			path = Roster;
			sourceTree = "<group>";
		};
		49DAEF5316D8416600178FD8 /* Model */ = {
			isa = PBXGroup;
			children = (
				49DAEF5416D8416600178FD8 /* Comment */,
				49DAEF5916D8416600178FD8 /* Image */,
				49DAEF5E16D8416600178FD8 /* MLEvent.xcdatamodeld */,
				49DAEF6016D8416600178FD8 /* MLEventCoreDataStorage.h */,
				49DAEF6116D8416600178FD8 /* MLEventCoreDataStorage.m */,
				49DAEF6216D8416600178FD8 /* MLEventCoreDataStorageObject.h */,
				49DAEF6316D8416600178FD8 /* MLEventCoreDataStorageObject.m */,
				49DAEF6416D8416600178FD8 /* MLModuleDataCoreDataStorageObject.h */,
				49DAEF6516D8416600178FD8 /* MLModuleDataCoreDataStorageObject.m */,
				49DAEF6616D8416600178FD8 /* MLModuleDataProtocol.h */,
				49DAEF6716D8416600178FD8 /* MLUserCoreDataStorageObject.h */,
				49DAEF6816D8416600178FD8 /* MLUserCoreDataStorageObject.m */,
			);
			name = Model;
			path = Sources/Model;
			sourceTree = "<group>";
		};
		49DAEF5416D8416600178FD8 /* Comment */ = {
			isa = PBXGroup;
			children = (
				49DAEF5516D8416600178FD8 /* MLCommentCoreDataStorageObject+Factory.h */,
				49DAEF5616D8416600178FD8 /* MLCommentCoreDataStorageObject+Factory.m */,
				49DAEF5716D8416600178FD8 /* MLCommentCoreDataStorageObject.h */,
				49DAEF5816D8416600178FD8 /* MLCommentCoreDataStorageObject.m */,
			);
			path = Comment;
			sourceTree = "<group>";
		};
		49DAEF5916D8416600178FD8 /* Image */ = {
			isa = PBXGroup;
			children = (
				49DAEF5A16D8416600178FD8 /* MLImageCoreDataStorageObject+Factory.h */,
				49DAEF5B16D8416600178FD8 /* MLImageCoreDataStorageObject+Factory.m */,
				49DAEF5C16D8416600178FD8 /* MLImageCoreDataStorageObject.h */,
				49DAEF5D16D8416600178FD8 /* MLImageCoreDataStorageObject.m */,
			);
			path = Image;
			sourceTree = "<group>";
		};
		49DAEF6916D8416600178FD8 /* Protocol */ = {
			isa = PBXGroup;
			children = (
				49DAEF6A16D8416600178FD8 /* Comment */,
				49DAEF6F16D8416600178FD8 /* PLEvent.h */,
				49DAEF7016D8416600178FD8 /* PLEvent.m */,
				49DAEF7116D8416600178FD8 /* PLModule.h */,
				49DAEF7216D8416600178FD8 /* PLModule.m */,
				49DAEF7916D8416600178FD8 /* XMPPMessage+MLEvent.h */,
				49DAEF7A16D8416600178FD8 /* XMPPMessage+MLEvent.m */,
			);
			name = Protocol;
			path = Sources/Protocol;
			sourceTree = "<group>";
		};
		49DAEF6A16D8416600178FD8 /* Comment */ = {
			isa = PBXGroup;
			children = (
				49DAEF6B16D8416600178FD8 /* PLComment.h */,
				49DAEF6C16D8416600178FD8 /* PLComment.m */,
				49DAEF6D16D8416600178FD8 /* PLCommentModule.h */,
				49DAEF6E16D8416600178FD8 /* PLCommentModule.m */,
			);
			path = Comment;
			sourceTree = "<group>";
		};
		49DAEF7B16D8416600178FD8 /* Supporting Files */ = {
			isa = PBXGroup;
			children = (
				49DAEFB916D842A100178FD8 /* Internationalization */,
				49DAEF7C16D8416600178FD8 /* AppDelegate.h */,
				49DAEF7D16D8416600178FD8 /* AppDelegate.m */,
				49DAEF7E16D8416600178FD8 /* Categories */,
				49DAEF8116D8416600178FD8 /* Helpers */,
				49DAEF9016D8416600178FD8 /* main.m */,
				49DAEF9116D8416600178FD8 /* Social-Info.plist */,
				49DAEF9216D8416600178FD8 /* Social-Prefix.pch */,
				49DAEF9316D8416600178FD8 /* SOLogging.h */,
				49DAEF9416D8416600178FD8 /* XMPPFramework.h */,
			);
			name = "Supporting Files";
			path = "Sources/Supporting Files";
			sourceTree = "<group>";
		};
		49DAEF7E16D8416600178FD8 /* Categories */ = {
			isa = PBXGroup;
			children = (
				49DAEF7F16D8416600178FD8 /* NSString+FirstCapitalized.h */,
				49DAEF8016D8416600178FD8 /* NSString+FirstCapitalized.m */,
			);
			path = Categories;
			sourceTree = "<group>";
		};
		49DAEF8116D8416600178FD8 /* Helpers */ = {
			isa = PBXGroup;
			children = (
				49DAEF8216D8416600178FD8 /* KeychainItemWrapper.h */,
				49DAEF8316D8416600178FD8 /* KeychainItemWrapper.m */,
				49DAEF8416D8416600178FD8 /* PreferencesController.h */,
				49DAEF8516D8416600178FD8 /* PreferencesController.m */,
			);
			path = Helpers;
			sourceTree = "<group>";
		};
		49DAEFB916D842A100178FD8 /* Internationalization */ = {
			isa = PBXGroup;
			children = (
				49DAEFBA16D842A100178FD8 /* InfoPlist.strings */,
				49DAEFBC16D842A100178FD8 /* Localizable.strings */,
				49DAEFBE16D842A100178FD8 /* MainStoryboard.strings */,
			);
			path = Internationalization;
			sourceTree = "<group>";
		};
		49DAEFC616DC096500178FD8 /* SideBar */ = {
			isa = PBXGroup;
			children = (
				49DAEFDF16DC244300178FD8 /* SettingsIcon.png */,
				49DAEFE016DC244300178FD8 /* SettingsIcon@2x.png */,
				49DAEFCB16DC222200178FD8 /* AddIcon.png */,
				49DAEFCC16DC222200178FD8 /* AddIcon@2x.png */,
				49DAEFCD16DC222200178FD8 /* ContactsIcon.png */,
				49DAEFCE16DC222200178FD8 /* ContactsIcon@2x.png */,
				49DAEFCF16DC222200178FD8 /* MessageIcon.png */,
				49DAEFD016DC222200178FD8 /* MessageIcon@2x.png */,
				49DAEFD116DC222200178FD8 /* ProfileIcon.png */,
				49DAEFD216DC222200178FD8 /* ProfileIcon@2x.png */,
				49DAEFD316DC222200178FD8 /* TimeIcon.png */,
				49DAEFD416DC222200178FD8 /* TimeIcon@2x.png */,
				49DAEFC716DC096500178FD8 /* SideBarTitle.png */,
				49DAEFC816DC096500178FD8 /* SideBarTitle@2x.png */,
			);
			path = SideBar;
			sourceTree = "<group>";
		};
		49DAEFE716DD502500178FD8 /* SideBar */ = {
			isa = PBXGroup;
			children = (
				49DAEFEB16DD505C00178FD8 /* ILSideBarContainerViewController.h */,
				49DAEFEC16DD505C00178FD8 /* ILSideBarContainerViewController.m */,
				49DAEFEE16DD518A00178FD8 /* ILSideBarTableViewController.h */,
				49DAEFEF16DD518A00178FD8 /* ILSideBarTableViewController.m */,
			);
			path = SideBar;
			sourceTree = "<group>";
		};
		49DAEFF116DD62D700178FD8 /* Utility */ = {
			isa = PBXGroup;
			children = (
				49DAEFF216DD62FF00178FD8 /* ILAnimationUtil.h */,
				49DAEFF316DD62FF00178FD8 /* ILAnimationUtil.m */,
			);
			path = Utility;
			sourceTree = "<group>";
		};
		49EB2B1B15430EF400BE61F1 = {
			isa = PBXGroup;
			children = (
				49DAEF3816D8416600178FD8 /* Communication */,
				49DAEF3F16D8416600178FD8 /* Interface */,
				49DAEF5316D8416600178FD8 /* Model */,
				49DAEF6916D8416600178FD8 /* Protocol */,
				49DAEF7B16D8416600178FD8 /* Supporting Files */,
				49D6098816D83B7E0006BB95 /* libresolv.dylib */,
				085334E216D80B4300BA3714 /* Resources */,
				08D5524216C1B9AA00A62F6F /* Settings.bundle */,
				08930DC216D81F9300AA0D1A /* Frameworks */,
				49EB2B2715430EF400BE61F1 /* Products */,
			);
			sourceTree = "<group>";
		};
		49EB2B2715430EF400BE61F1 /* Products */ = {
			isa = PBXGroup;
			children = (
				49EB2B2615430EF400BE61F1 /* Social.app */,
			);
			name = Products;
			sourceTree = "<group>";
		};
/* End PBXGroup section */

/* Begin PBXNativeTarget section */
		49EB2B2515430EF400BE61F1 /* Social */ = {
			isa = PBXNativeTarget;
			buildConfigurationList = 49EB2B4415430EF400BE61F1 /* Build configuration list for PBXNativeTarget "Social" */;
			buildPhases = (
				49EB2B2215430EF400BE61F1 /* Sources */,
				49EB2B2315430EF400BE61F1 /* Frameworks */,
				49EB2B2415430EF400BE61F1 /* Resources */,
			);
			buildRules = (
			);
			dependencies = (
			);
			name = Social;
			productName = socialiPhoneApp;
			productReference = 49EB2B2615430EF400BE61F1 /* Social.app */;
			productType = "com.apple.product-type.application";
		};
/* End PBXNativeTarget section */

/* Begin PBXProject section */
		49EB2B1D15430EF400BE61F1 /* Project object */ = {
			isa = PBXProject;
			attributes = {
				LastUpgradeCheck = 0460;
				ORGANIZATIONNAME = "Bastian Lengert";
			};
			buildConfigurationList = 49EB2B2015430EF400BE61F1 /* Build configuration list for PBXProject "Social" */;
			compatibilityVersion = "Xcode 3.2";
			developmentRegion = English;
			hasScannedForEncodings = 0;
			knownRegions = (
				en,
				Base,
				de,
				English,
			);
			mainGroup = 49EB2B1B15430EF400BE61F1;
			productRefGroup = 49EB2B2715430EF400BE61F1 /* Products */;
			projectDirPath = "";
			projectRoot = "";
			targets = (
				49EB2B2515430EF400BE61F1 /* Social */,
				49D604C616D4281D0006BB95 /* Documentation */,
			);
		};
/* End PBXProject section */

/* Begin PBXResourcesBuildPhase section */
		49EB2B2415430EF400BE61F1 /* Resources */ = {
			isa = PBXResourcesBuildPhase;
			buildActionMask = 2147483647;
			files = (
				0853355A16D80B4300BA3714 /* Default-568h@2x.png in Resources */,
				0853355B16D80B4300BA3714 /* Default.png in Resources */,
				0853355C16D80B4300BA3714 /* Default@2x.png in Resources */,
				49D6085E16D8361B0006BB95 /* README.txt in Resources */,
				49D6088816D8361B0006BB95 /* build-libidn.sh in Resources */,
				49DAEF9F16D8416600178FD8 /* MainStoryboard.storyboard in Resources */,
				49DAEFC316D842A100178FD8 /* InfoPlist.strings in Resources */,
				49DAEFC416D842A100178FD8 /* Localizable.strings in Resources */,
				49DAEFC516D842A100178FD8 /* MainStoryboard.strings in Resources */,
				49DAEFC916DC096500178FD8 /* SideBarTitle.png in Resources */,
				49DAEFCA16DC096500178FD8 /* SideBarTitle@2x.png in Resources */,
				49DAEFD516DC222200178FD8 /* AddIcon.png in Resources */,
				49DAEFD616DC222200178FD8 /* AddIcon@2x.png in Resources */,
				49DAEFD716DC222200178FD8 /* ContactsIcon.png in Resources */,
				49DAEFD816DC222200178FD8 /* ContactsIcon@2x.png in Resources */,
				49DAEFD916DC222200178FD8 /* MessageIcon.png in Resources */,
				49DAEFDA16DC222200178FD8 /* MessageIcon@2x.png in Resources */,
				49DAEFDB16DC222200178FD8 /* ProfileIcon.png in Resources */,
				49DAEFDC16DC222200178FD8 /* ProfileIcon@2x.png in Resources */,
				49DAEFDD16DC222200178FD8 /* TimeIcon.png in Resources */,
				49DAEFDE16DC222200178FD8 /* TimeIcon@2x.png in Resources */,
				49DAEFE116DC244300178FD8 /* SettingsIcon.png in Resources */,
				49DAEFE216DC244300178FD8 /* SettingsIcon@2x.png in Resources */,
			);
			runOnlyForDeploymentPostprocessing = 0;
		};
/* End PBXResourcesBuildPhase section */

/* Begin PBXShellScriptBuildPhase section */
		49D604CA16D428270006BB95 /* ShellScript */ = {
			isa = PBXShellScriptBuildPhase;
			buildActionMask = 2147483647;
			files = (
			);
			inputPaths = (
			);
			outputPaths = (
			);
			runOnlyForDeploymentPostprocessing = 0;
			shellPath = /bin/sh;
			shellScript = "/usr/local/bin/appledoc --project-name \"${PROJECT_NAME}\" --project-company \"Social Source\" --company-id \"com.socialsource\" --output \"${PROJECT_NAME}/Documentation\" --logformat xcode \"${PROJECT_DIR}/Sources\"\nexit 0";
		};
/* End PBXShellScriptBuildPhase section */

/* Begin PBXSourcesBuildPhase section */
		49EB2B2215430EF400BE61F1 /* Sources */ = {
			isa = PBXSourcesBuildPhase;
			buildActionMask = 2147483647;
			files = (
				49D607F816D8361A0006BB95 /* XMPPAnonymousAuthentication.m in Sources */,
				49D607F916D8361A0006BB95 /* XMPPDeprecatedDigestAuthentication.m in Sources */,
				49D607FA16D8361A0006BB95 /* XMPPDeprecatedPlainAuthentication.m in Sources */,
				49D607FB16D8361A0006BB95 /* XMPPDigestMD5Authentication.m in Sources */,
				49D607FC16D8361A0006BB95 /* XMPPPlainAuthentication.m in Sources */,
				49D607FD16D8361A0006BB95 /* XMPPXFacebookPlatformAuthentication.m in Sources */,
				49D607FE16D8361A0006BB95 /* NSData+XMPP.m in Sources */,
				49D607FF16D8361A0006BB95 /* NSNumber+XMPP.m in Sources */,
				49D6080016D8361A0006BB95 /* NSXMLElement+XMPP.m in Sources */,
				49D6080216D8361A0006BB95 /* XMPPElement.m in Sources */,
				49D6080316D8361A0006BB95 /* XMPPIQ.m in Sources */,
				49D6080416D8361A0006BB95 /* XMPPJID.m in Sources */,
				49D6080516D8361A0006BB95 /* XMPPMessage.m in Sources */,
				49D6080616D8361A0006BB95 /* XMPPModule.m in Sources */,
				49D6080716D8361A0006BB95 /* XMPPParser.m in Sources */,
				49D6080816D8361A0006BB95 /* XMPPPresence.m in Sources */,
				49D6080916D8361A0006BB95 /* XMPPStream.m in Sources */,
				49D6080B16D8361A0006BB95 /* XMPPCoreDataStorage.m in Sources */,
				49D6080D16D8361B0006BB95 /* XMPPReconnect.m in Sources */,
				49D6080E16D8361B0006BB95 /* XMPPGroupCoreDataStorageObject.m in Sources */,
				49D6080F16D8361B0006BB95 /* XMPPResourceCoreDataStorageObject.m in Sources */,
				49D6081016D8361B0006BB95 /* XMPPRoster.xcdatamodel in Sources */,
				49D6081116D8361B0006BB95 /* XMPPRosterCoreDataStorage.m in Sources */,
				49D6081216D8361B0006BB95 /* XMPPUserCoreDataStorageObject.m in Sources */,
				49D6081316D8361B0006BB95 /* XMPPResourceMemoryStorageObject.m in Sources */,
				49D6081416D8361B0006BB95 /* XMPPRosterMemoryStorage.m in Sources */,
				49D6081516D8361B0006BB95 /* XMPPUserMemoryStorageObject.m in Sources */,
				49D6081616D8361B0006BB95 /* XMPPRoster.m in Sources */,
				49D6083716D8361B0006BB95 /* TURNSocket.m in Sources */,
				49D6083816D8361B0006BB95 /* NSDate+XMPPDateTimeProfiles.m in Sources */,
				49D6083916D8361B0006BB95 /* XMPPDateTimeProfiles.m in Sources */,
				49D6084C16D8361B0006BB95 /* XMPPElement+Delay.m in Sources */,
				49D6085016D8361B0006BB95 /* DDList.m in Sources */,
				49D6085116D8361B0006BB95 /* GCDMulticastDelegate.m in Sources */,
				49D6085216D8361B0006BB95 /* LibIDN.m in Sources */,
				49D6085316D8361B0006BB95 /* RFImageToDataTransformer.m in Sources */,
				49D6085416D8361B0006BB95 /* XMPPIDTracker.m in Sources */,
				49D6085516D8361B0006BB95 /* XMPPSRVResolver.m in Sources */,
				49D6085616D8361B0006BB95 /* GCDAsyncSocket.m in Sources */,
				49D6085716D8361B0006BB95 /* DDAbstractDatabaseLogger.m in Sources */,
				49D6085816D8361B0006BB95 /* DDASLLogger.m in Sources */,
				49D6085916D8361B0006BB95 /* DDFileLogger.m in Sources */,
				49D6085A16D8361B0006BB95 /* DDLog.m in Sources */,
				49D6085B16D8361B0006BB95 /* DDTTYLogger.m in Sources */,
				49D6085C16D8361B0006BB95 /* ContextFilterLogFormatter.m in Sources */,
				49D6085D16D8361B0006BB95 /* DispatchQueueLogFormatter.m in Sources */,
				49D6088416D8361B0006BB95 /* NSString+DDXML.m in Sources */,
				49D6088516D8361B0006BB95 /* DDXMLDocument.m in Sources */,
				49D6088616D8361B0006BB95 /* DDXMLElement.m in Sources */,
				49D6088716D8361B0006BB95 /* DDXMLNode.m in Sources */,
				49DAEF9516D8416600178FD8 /* CLModuleController.m in Sources */,
				49DAEF9616D8416600178FD8 /* CLRosterController.m in Sources */,
				49DAEF9716D8416600178FD8 /* CLXMPPController.m in Sources */,
				49DAEF9816D8416600178FD8 /* ILCommentBodyCell.m in Sources */,
				49DAEF9916D8416600178FD8 /* ILCommentComposeViewController.m in Sources */,
				49DAEF9A16D8416600178FD8 /* ILCommentEventCell.m in Sources */,
				49DAEF9B16D8416600178FD8 /* ILAddRecipientsViewController.m in Sources */,
				49DAEF9C16D8416600178FD8 /* ILRecipientsViewController.m in Sources */,
				49DAEF9D16D8416600178FD8 /* ILSettingsViewController.m in Sources */,
				49DAEF9E16D8416600178FD8 /* ILTimelineViewController.m in Sources */,
				49DAEFA016D8416600178FD8 /* ILRosterViewController.m in Sources */,
				49DAEFA116D8416600178FD8 /* MLCommentCoreDataStorageObject+Factory.m in Sources */,
				49DAEFA216D8416600178FD8 /* MLCommentCoreDataStorageObject.m in Sources */,
				49DAEFA316D8416600178FD8 /* MLImageCoreDataStorageObject+Factory.m in Sources */,
				49DAEFA416D8416600178FD8 /* MLImageCoreDataStorageObject.m in Sources */,
				49DAEFA516D8416600178FD8 /* MLEvent.xcdatamodeld in Sources */,
				49DAEFA616D8416600178FD8 /* MLEventCoreDataStorage.m in Sources */,
				49DAEFA716D8416600178FD8 /* MLEventCoreDataStorageObject.m in Sources */,
				49DAEFA816D8416600178FD8 /* MLModuleDataCoreDataStorageObject.m in Sources */,
				49DAEFA916D8416600178FD8 /* MLUserCoreDataStorageObject.m in Sources */,
				49DAEFAA16D8416600178FD8 /* PLComment.m in Sources */,
				49DAEFAB16D8416600178FD8 /* PLCommentModule.m in Sources */,
				49DAEFAC16D8416600178FD8 /* PLEvent.m in Sources */,
				49DAEFAD16D8416600178FD8 /* PLModule.m in Sources */,
				49DAEFAF16D8416600178FD8 /* XMPPMessage+MLEvent.m in Sources */,
				49DAEFB016D8416600178FD8 /* AppDelegate.m in Sources */,
				49DAEFB116D8416600178FD8 /* NSString+FirstCapitalized.m in Sources */,
				49DAEFB216D8416600178FD8 /* KeychainItemWrapper.m in Sources */,
				49DAEFB316D8416600178FD8 /* PreferencesController.m in Sources */,
				49DAEFB716D8416600178FD8 /* main.m in Sources */,
				0802E4C516DA77B8007ACF38 /* XMPPPubSub.m in Sources */,
				49DAEFED16DD505C00178FD8 /* ILSideBarContainerViewController.m in Sources */,
				49DAEFF016DD518A00178FD8 /* ILSideBarTableViewController.m in Sources */,
				49DAEFF416DD62FF00178FD8 /* ILAnimationUtil.m in Sources */,
			);
			runOnlyForDeploymentPostprocessing = 0;
		};
/* End PBXSourcesBuildPhase section */

/* Begin PBXVariantGroup section */
		49DAEFBA16D842A100178FD8 /* InfoPlist.strings */ = {
			isa = PBXVariantGroup;
			children = (
				49DAEFBB16D842A100178FD8 /* de */,
				49DAEFC016D842A100178FD8 /* en */,
			);
			name = InfoPlist.strings;
			sourceTree = "<group>";
		};
		49DAEFBC16D842A100178FD8 /* Localizable.strings */ = {
			isa = PBXVariantGroup;
			children = (
				49DAEFBD16D842A100178FD8 /* de */,
				49DAEFC116D842A100178FD8 /* en */,
			);
			name = Localizable.strings;
			sourceTree = "<group>";
		};
		49DAEFBE16D842A100178FD8 /* MainStoryboard.strings */ = {
			isa = PBXVariantGroup;
			children = (
				49DAEFBF16D842A100178FD8 /* de */,
				49DAEFC216D842A100178FD8 /* en */,
			);
			name = MainStoryboard.strings;
			sourceTree = "<group>";
		};
/* End PBXVariantGroup section */

/* Begin XCBuildConfiguration section */
		49D604C716D4281D0006BB95 /* Debug */ = {
			isa = XCBuildConfiguration;
			buildSettings = {
				PRODUCT_NAME = "$(TARGET_NAME)";
			};
			name = Debug;
		};
		49D604C816D4281D0006BB95 /* Release */ = {
			isa = XCBuildConfiguration;
			buildSettings = {
				PRODUCT_NAME = "$(TARGET_NAME)";
			};
			name = Release;
		};
		49EB2B4215430EF400BE61F1 /* Debug */ = {
			isa = XCBuildConfiguration;
			buildSettings = {
				ALWAYS_SEARCH_USER_PATHS = NO;
				ARCHS = "$(ARCHS_STANDARD_32_BIT)";
				CLANG_ENABLE_OBJC_ARC = YES;
				CLANG_WARN_CONSTANT_CONVERSION = YES;
				CLANG_WARN_ENUM_CONVERSION = YES;
				CLANG_WARN_INT_CONVERSION = YES;
				CLANG_WARN__DUPLICATE_METHOD_MATCH = YES;
				"CODE_SIGN_IDENTITY[sdk=iphoneos*]" = "iPhone Developer";
				COPY_PHASE_STRIP = NO;
				GCC_C_LANGUAGE_STANDARD = gnu99;
				GCC_DYNAMIC_NO_PIC = NO;
				GCC_OPTIMIZATION_LEVEL = 0;
				GCC_PREPROCESSOR_DEFINITIONS = (
					"DEBUG=1",
					"$(inherited)",
				);
				GCC_SYMBOLS_PRIVATE_EXTERN = NO;
				GCC_VERSION = com.apple.compilers.llvm.clang.1_0;
				GCC_WARN_ABOUT_RETURN_TYPE = YES;
				GCC_WARN_UNINITIALIZED_AUTOS = YES;
				GCC_WARN_UNUSED_VARIABLE = YES;
				HEADER_SEARCH_PATHS = /usr/include/libxml2;
				IPHONEOS_DEPLOYMENT_TARGET = 5.1;
				OTHER_LDFLAGS = "-lxml2";
				SDKROOT = iphoneos;
			};
			name = Debug;
		};
		49EB2B4315430EF400BE61F1 /* Release */ = {
			isa = XCBuildConfiguration;
			buildSettings = {
				ALWAYS_SEARCH_USER_PATHS = NO;
				ARCHS = "$(ARCHS_STANDARD_32_BIT)";
				CLANG_ENABLE_OBJC_ARC = YES;
				CLANG_WARN_CONSTANT_CONVERSION = YES;
				CLANG_WARN_ENUM_CONVERSION = YES;
				CLANG_WARN_INT_CONVERSION = YES;
				CLANG_WARN__DUPLICATE_METHOD_MATCH = YES;
				"CODE_SIGN_IDENTITY[sdk=iphoneos*]" = "iPhone Developer";
				COPY_PHASE_STRIP = YES;
				GCC_C_LANGUAGE_STANDARD = gnu99;
				GCC_VERSION = com.apple.compilers.llvm.clang.1_0;
				GCC_WARN_ABOUT_RETURN_TYPE = YES;
				GCC_WARN_UNINITIALIZED_AUTOS = YES;
				GCC_WARN_UNUSED_VARIABLE = YES;
				HEADER_SEARCH_PATHS = /usr/include/libxml2;
				IPHONEOS_DEPLOYMENT_TARGET = 5.1;
				OTHER_CFLAGS = "-DNS_BLOCK_ASSERTIONS=1";
				OTHER_LDFLAGS = "-lxml2";
				SDKROOT = iphoneos;
				VALIDATE_PRODUCT = YES;
			};
			name = Release;
		};
		49EB2B4515430EF400BE61F1 /* Debug */ = {
			isa = XCBuildConfiguration;
			buildSettings = {
				CODE_SIGN_IDENTITY = "iPhone Developer";
				GCC_PRECOMPILE_PREFIX_HEADER = YES;
				GCC_PREFIX_HEADER = "Sources/Supporting Files/Social-Prefix.pch";
				INFOPLIST_FILE = "Sources/Supporting Files/Social-Info.plist";
				IPHONEOS_DEPLOYMENT_TARGET = 6.0;
				LIBRARY_SEARCH_PATHS = (
					"$(inherited)",
					"\"$(SRCROOT)/Frameworks/XMPPFramework/Vendor/\"/**",
					"\"$(SRCROOT)/Frameworks/XMPPFramework/Vendor/libidn\"",
				);
				OTHER_LDFLAGS = "-lxml2";
				PRODUCT_NAME = "$(TARGET_NAME)";
				PROVISIONING_PROFILE = "";
				TARGETED_DEVICE_FAMILY = "1,2";
				USER_HEADER_SEARCH_PATHS = "";
				WRAPPER_EXTENSION = app;
			};
			name = Debug;
		};
		49EB2B4615430EF400BE61F1 /* Release */ = {
			isa = XCBuildConfiguration;
			buildSettings = {
				CODE_SIGN_IDENTITY = "iPhone Developer";
				GCC_PRECOMPILE_PREFIX_HEADER = YES;
				GCC_PREFIX_HEADER = "Sources/Supporting Files/Social-Prefix.pch";
				INFOPLIST_FILE = "Sources/Supporting Files/Social-Info.plist";
				IPHONEOS_DEPLOYMENT_TARGET = 6.0;
				LIBRARY_SEARCH_PATHS = (
					"$(inherited)",
					"\"$(SRCROOT)/Frameworks/XMPPFramework/Vendor/\"/**",
					"\"$(SRCROOT)/Frameworks/XMPPFramework/Vendor/libidn\"",
				);
				OTHER_LDFLAGS = "-lxml2";
				PRODUCT_NAME = "$(TARGET_NAME)";
				PROVISIONING_PROFILE = "";
				TARGETED_DEVICE_FAMILY = "1,2";
				USER_HEADER_SEARCH_PATHS = "";
				WRAPPER_EXTENSION = app;
			};
			name = Release;
		};
/* End XCBuildConfiguration section */

/* Begin XCConfigurationList section */
		49D604C916D4281D0006BB95 /* Build configuration list for PBXAggregateTarget "Documentation" */ = {
			isa = XCConfigurationList;
			buildConfigurations = (
				49D604C716D4281D0006BB95 /* Debug */,
				49D604C816D4281D0006BB95 /* Release */,
			);
			defaultConfigurationIsVisible = 0;
			defaultConfigurationName = Release;
		};
		49EB2B2015430EF400BE61F1 /* Build configuration list for PBXProject "Social" */ = {
			isa = XCConfigurationList;
			buildConfigurations = (
				49EB2B4215430EF400BE61F1 /* Debug */,
				49EB2B4315430EF400BE61F1 /* Release */,
			);
			defaultConfigurationIsVisible = 0;
			defaultConfigurationName = Release;
		};
		49EB2B4415430EF400BE61F1 /* Build configuration list for PBXNativeTarget "Social" */ = {
			isa = XCConfigurationList;
			buildConfigurations = (
				49EB2B4515430EF400BE61F1 /* Debug */,
				49EB2B4615430EF400BE61F1 /* Release */,
			);
			defaultConfigurationIsVisible = 0;
			defaultConfigurationName = Release;
		};
/* End XCConfigurationList section */

/* Begin XCVersionGroup section */
		49DAEF5E16D8416600178FD8 /* MLEvent.xcdatamodeld */ = {
			isa = XCVersionGroup;
			children = (
				49DAEF5F16D8416600178FD8 /* MLEvent.xcdatamodel */,
			);
			currentVersion = 49DAEF5F16D8416600178FD8 /* MLEvent.xcdatamodel */;
			path = MLEvent.xcdatamodeld;
			sourceTree = "<group>";
			versionGroupType = wrapper.xcdatamodel;
		};
/* End XCVersionGroup section */
	};
	rootObject = 49EB2B1D15430EF400BE61F1 /* Project object */;
}
